{
  "version": 4,
  "terraform_version": "1.7.5",
  "serial": 670,
  "lineage": "62e42371-7988-a05a-d542-aa248a6433fd",
  "outputs": {},
  "resources": [
    {
      "mode": "data",
      "type": "azurerm_client_config",
      "name": "current",
      "provider": "provider[\"registry.terraform.io/hashicorp/azurerm\"]",
      "instances": [
        {
          "schema_version": 0,
          "attributes": {
            "client_id": "04b07795-8ddb-461a-bbee-02f9e1bf7b46",
            "id": "Y2xpZW50Q29uZmlncy9jbGllbnRJZD0wNGIwNzc5NS04ZGRiLTQ2MWEtYmJlZS0wMmY5ZTFiZjdiNDY7b2JqZWN0SWQ9MmNkMTQzNTQtYWM1Ny00MjY4LWI2ZjAtOGMxMzI1YzgwNjExO3N1YnNjcmlwdGlvbklkPTY4NzlmYzFlLTVhYTQtNDlkNi04YmRlLWI5NTc3YmI2ZDU5NDt0ZW5hbnRJZD0xNmIzYzAxMy1kMzAwLTQ2OGQtYWM2NC03ZWRhMDgyMGI2ZDM=",
            "object_id": "2cd14354-ac57-4268-b6f0-8c1325c80611",
            "subscription_id": "6879fc1e-5aa4-49d6-8bde-b9577bb6d594",
            "tenant_id": "16b3c013-d300-468d-ac64-7eda0820b6d3",
            "timeouts": null
          },
          "sensitive_attributes": []
        }
      ]
    },
    {
      "mode": "managed",
      "type": "azurerm_federated_identity_credential",
      "name": "federated_identity_credential",
      "provider": "provider[\"registry.terraform.io/hashicorp/azurerm\"]",
      "instances": [
        {
          "schema_version": 0,
          "attributes": {
            "audience": [
              "api://AzureADTokenExchange"
            ],
            "id": "/subscriptions/6879fc1e-5aa4-49d6-8bde-b9577bb6d594/resourceGroups/jx8magic8ballRG/providers/Microsoft.ManagedIdentity/userAssignedIdentities/jx8magic8ballWorkloadManagedIdentity/federatedIdentityCredentials/Jx8magic8ballFederatedIdentity",
            "issuer": "https://southcentralus.oic.prod-aks.azure.com/16b3c013-d300-468d-ac64-7eda0820b6d3/f7d7be9a-a8f9-43e5-9110-ab410632346c/",
            "name": "Jx8magic8ballFederatedIdentity",
            "parent_id": "/subscriptions/6879fc1e-5aa4-49d6-8bde-b9577bb6d594/resourceGroups/jx8magic8ballRG/providers/Microsoft.ManagedIdentity/userAssignedIdentities/jx8magic8ballWorkloadManagedIdentity",
            "resource_group_name": "jx8magic8ballRG",
            "subject": "system:serviceaccount:jx8magic8ball:jx8magic8ball-sa",
            "timeouts": null
          },
          "sensitive_attributes": [],
          "private": "eyJlMmJmYjczMC1lY2FhLTExZTYtOGY4OC0zNDM2M2JjN2M0YzAiOnsiY3JlYXRlIjoxODAwMDAwMDAwMDAwLCJkZWxldGUiOjE4MDAwMDAwMDAwMDAsInJlYWQiOjMwMDAwMDAwMDAwMH19",
          "dependencies": [
            "azurerm_resource_group.rg",
            "azurerm_user_assigned_identity.aks_workload_identity",
            "data.azurerm_client_config.current",
            "module.aks_cluster.azurerm_kubernetes_cluster.aks_cluster",
            "module.aks_cluster.azurerm_user_assigned_identity.aks_identity",
            "module.container_registry.azurerm_container_registry.acr",
            "module.container_registry.azurerm_monitor_diagnostic_setting.settings",
            "module.container_registry.azurerm_user_assigned_identity.acr_identity",
            "module.log_analytics_workspace.azurerm_log_analytics_workspace.log_analytics_workspace",
            "module.nat_gateway.azurerm_nat_gateway.nat_gateway",
            "module.nat_gateway.azurerm_nat_gateway_public_ip_association.nat_gategay_public_ip_association",
            "module.nat_gateway.azurerm_public_ip.nat_gategay_public_ip",
            "module.nat_gateway.azurerm_subnet_nat_gateway_association.nat-avd-sessionhosts",
            "module.virtual_network.azurerm_subnet.subnet",
            "module.virtual_network.azurerm_virtual_network.vnet",
            "random_string.prefix"
          ]
        }
      ]
    },
    {
      "mode": "managed",
      "type": "azurerm_resource_group",
      "name": "rg",
      "provider": "provider[\"registry.terraform.io/hashicorp/azurerm\"]",
      "instances": [
        {
          "schema_version": 0,
          "attributes": {
            "id": "/subscriptions/6879fc1e-5aa4-49d6-8bde-b9577bb6d594/resourceGroups/jx8magic8ballRG",
            "location": "southcentralus",
            "name": "jx8magic8ballRG",
            "tags": {
              "createdWith": "Terraform"
            },
            "timeouts": null
          },
          "sensitive_attributes": [],
          "private": "eyJlMmJmYjczMC1lY2FhLTExZTYtOGY4OC0zNDM2M2JjN2M0YzAiOnsiY3JlYXRlIjo1NDAwMDAwMDAwMDAwLCJkZWxldGUiOjU0MDAwMDAwMDAwMDAsInJlYWQiOjMwMDAwMDAwMDAwMCwidXBkYXRlIjo1NDAwMDAwMDAwMDAwfX0=",
          "dependencies": [
            "random_string.prefix"
          ]
        }
      ]
    },
    {
      "mode": "managed",
      "type": "azurerm_role_assignment",
      "name": "acr_pull_assignment",
      "provider": "provider[\"registry.terraform.io/hashicorp/azurerm\"]",
      "instances": [
        {
          "schema_version": 0,
          "attributes": {
            "condition": "",
            "condition_version": "",
            "delegated_managed_identity_resource_id": "",
            "description": "",
            "id": "/subscriptions/6879fc1e-5aa4-49d6-8bde-b9577bb6d594/resourceGroups/jx8magic8ballRG/providers/Microsoft.ContainerRegistry/registries/jx8magic8ballAcr/providers/Microsoft.Authorization/roleAssignments/08e54e25-890a-f7db-5490-c92c66d38eaf",
            "name": "08e54e25-890a-f7db-5490-c92c66d38eaf",
            "principal_id": "41e9265f-d2cd-4519-a062-4385d9384a7e",
            "principal_type": "ServicePrincipal",
            "role_definition_id": "/subscriptions/6879fc1e-5aa4-49d6-8bde-b9577bb6d594/providers/Microsoft.Authorization/roleDefinitions/7f951dda-4ed3-4680-a7ca-43fe172d538d",
            "role_definition_name": "AcrPull",
            "scope": "/subscriptions/6879fc1e-5aa4-49d6-8bde-b9577bb6d594/resourceGroups/jx8magic8ballRG/providers/Microsoft.ContainerRegistry/registries/jx8magic8ballAcr",
            "skip_service_principal_aad_check": true,
            "timeouts": null
          },
          "sensitive_attributes": [],
          "private": "eyJlMmJmYjczMC1lY2FhLTExZTYtOGY4OC0zNDM2M2JjN2M0YzAiOnsiY3JlYXRlIjoxODAwMDAwMDAwMDAwLCJkZWxldGUiOjE4MDAwMDAwMDAwMDAsInJlYWQiOjMwMDAwMDAwMDAwMCwidXBkYXRlIjoxODAwMDAwMDAwMDAwfX0=",
          "dependencies": [
            "azurerm_resource_group.rg",
            "data.azurerm_client_config.current",
            "module.aks_cluster.azurerm_kubernetes_cluster.aks_cluster",
            "module.aks_cluster.azurerm_user_assigned_identity.aks_identity",
            "module.container_registry.azurerm_container_registry.acr",
            "module.container_registry.azurerm_monitor_diagnostic_setting.settings",
            "module.container_registry.azurerm_user_assigned_identity.acr_identity",
            "module.log_analytics_workspace.azurerm_log_analytics_workspace.log_analytics_workspace",
            "module.nat_gateway.azurerm_nat_gateway.nat_gateway",
            "module.nat_gateway.azurerm_nat_gateway_public_ip_association.nat_gategay_public_ip_association",
            "module.nat_gateway.azurerm_public_ip.nat_gategay_public_ip",
            "module.nat_gateway.azurerm_subnet_nat_gateway_association.nat-avd-sessionhosts",
            "module.virtual_network.azurerm_subnet.subnet",
            "module.virtual_network.azurerm_virtual_network.vnet",
            "random_string.prefix"
          ]
        }
      ]
    },
    {
      "mode": "managed",
      "type": "azurerm_role_assignment",
      "name": "cognitive_services_user_assignment",
      "provider": "provider[\"registry.terraform.io/hashicorp/azurerm\"]",
      "instances": [
        {
          "schema_version": 0,
          "attributes": {
            "condition": "",
            "condition_version": "",
            "delegated_managed_identity_resource_id": "",
            "description": "",
            "id": "/subscriptions/6879fc1e-5aa4-49d6-8bde-b9577bb6d594/resourceGroups/jx8magic8ballRG/providers/Microsoft.CognitiveServices/accounts/jx8magic8ballOpenAi/providers/Microsoft.Authorization/roleAssignments/b0e44b35-9ff8-33b2-becb-9fea682272fb",
            "name": "b0e44b35-9ff8-33b2-becb-9fea682272fb",
            "principal_id": "ab6b2108-47a5-4c9f-8b4a-3f1b86e2f002",
            "principal_type": "ServicePrincipal",
            "role_definition_id": "/subscriptions/6879fc1e-5aa4-49d6-8bde-b9577bb6d594/providers/Microsoft.Authorization/roleDefinitions/a97b65f3-24c7-4388-baec-2e87135dc908",
            "role_definition_name": "Cognitive Services User",
            "scope": "/subscriptions/6879fc1e-5aa4-49d6-8bde-b9577bb6d594/resourceGroups/jx8magic8ballRG/providers/Microsoft.CognitiveServices/accounts/jx8magic8ballOpenAi",
            "skip_service_principal_aad_check": true,
            "timeouts": null
          },
          "sensitive_attributes": [],
          "private": "eyJlMmJmYjczMC1lY2FhLTExZTYtOGY4OC0zNDM2M2JjN2M0YzAiOnsiY3JlYXRlIjoxODAwMDAwMDAwMDAwLCJkZWxldGUiOjE4MDAwMDAwMDAwMDAsInJlYWQiOjMwMDAwMDAwMDAwMCwidXBkYXRlIjoxODAwMDAwMDAwMDAwfX0=",
          "dependencies": [
            "azurerm_resource_group.rg",
            "azurerm_user_assigned_identity.aks_workload_identity",
            "module.openai.azurerm_cognitive_account.openai",
            "random_string.prefix"
          ]
        }
      ]
    },
    {
      "mode": "managed",
      "type": "azurerm_role_assignment",
      "name": "network_contributor_assignment",
      "provider": "provider[\"registry.terraform.io/hashicorp/azurerm\"]",
      "instances": [
        {
          "schema_version": 0,
          "attributes": {
            "condition": "",
            "condition_version": "",
            "delegated_managed_identity_resource_id": "",
            "description": "",
            "id": "/subscriptions/6879fc1e-5aa4-49d6-8bde-b9577bb6d594/resourceGroups/jx8magic8ballRG/providers/Microsoft.Authorization/roleAssignments/5285eea4-e40b-256f-ab5d-2d6c290ac1e1",
            "name": "5285eea4-e40b-256f-ab5d-2d6c290ac1e1",
            "principal_id": "6a37ef9c-42b0-4216-88e0-9ee6a4dce70f",
            "principal_type": "ServicePrincipal",
            "role_definition_id": "/subscriptions/6879fc1e-5aa4-49d6-8bde-b9577bb6d594/providers/Microsoft.Authorization/roleDefinitions/4d97b98b-1d4f-4787-a291-c67834d212e7",
            "role_definition_name": "Network Contributor",
            "scope": "/subscriptions/6879fc1e-5aa4-49d6-8bde-b9577bb6d594/resourceGroups/jx8magic8ballRG",
            "skip_service_principal_aad_check": true,
            "timeouts": null
          },
          "sensitive_attributes": [],
          "private": "eyJlMmJmYjczMC1lY2FhLTExZTYtOGY4OC0zNDM2M2JjN2M0YzAiOnsiY3JlYXRlIjoxODAwMDAwMDAwMDAwLCJkZWxldGUiOjE4MDAwMDAwMDAwMDAsInJlYWQiOjMwMDAwMDAwMDAwMCwidXBkYXRlIjoxODAwMDAwMDAwMDAwfX0=",
          "dependencies": [
            "azurerm_resource_group.rg",
            "module.aks_cluster.azurerm_user_assigned_identity.aks_identity",
            "module.container_registry.azurerm_container_registry.acr",
            "module.container_registry.azurerm_monitor_diagnostic_setting.settings",
            "module.container_registry.azurerm_user_assigned_identity.acr_identity",
            "module.log_analytics_workspace.azurerm_log_analytics_workspace.log_analytics_workspace",
            "module.nat_gateway.azurerm_nat_gateway.nat_gateway",
            "module.nat_gateway.azurerm_nat_gateway_public_ip_association.nat_gategay_public_ip_association",
            "module.nat_gateway.azurerm_public_ip.nat_gategay_public_ip",
            "module.nat_gateway.azurerm_subnet_nat_gateway_association.nat-avd-sessionhosts",
            "module.virtual_network.azurerm_subnet.subnet",
            "module.virtual_network.azurerm_virtual_network.vnet",
            "random_string.prefix"
          ]
        }
      ]
    },
    {
      "mode": "managed",
      "type": "azurerm_user_assigned_identity",
      "name": "aks_workload_identity",
      "provider": "provider[\"registry.terraform.io/hashicorp/azurerm\"]",
      "instances": [
        {
          "schema_version": 1,
          "attributes": {
            "client_id": "212f7666-0434-4aca-a0d0-1d282b6af671",
            "id": "/subscriptions/6879fc1e-5aa4-49d6-8bde-b9577bb6d594/resourceGroups/jx8magic8ballRG/providers/Microsoft.ManagedIdentity/userAssignedIdentities/jx8magic8ballWorkloadManagedIdentity",
            "location": "southcentralus",
            "name": "jx8magic8ballWorkloadManagedIdentity",
            "principal_id": "ab6b2108-47a5-4c9f-8b4a-3f1b86e2f002",
            "resource_group_name": "jx8magic8ballRG",
            "tags": {
              "createdWith": "Terraform"
            },
            "tenant_id": "16b3c013-d300-468d-ac64-7eda0820b6d3",
            "timeouts": null
          },
          "sensitive_attributes": [],
          "private": "eyJlMmJmYjczMC1lY2FhLTExZTYtOGY4OC0zNDM2M2JjN2M0YzAiOnsiY3JlYXRlIjoxODAwMDAwMDAwMDAwLCJkZWxldGUiOjE4MDAwMDAwMDAwMDAsInJlYWQiOjMwMDAwMDAwMDAwMCwidXBkYXRlIjoxODAwMDAwMDAwMDAwfSwic2NoZW1hX3ZlcnNpb24iOiIxIn0=",
          "dependencies": [
            "azurerm_resource_group.rg",
            "random_string.prefix"
          ]
        }
      ]
    },
    {
      "mode": "managed",
      "type": "random_string",
      "name": "prefix",
      "provider": "provider[\"registry.terraform.io/hashicorp/random\"]",
      "instances": [
        {
          "schema_version": 2,
          "attributes": {
            "id": "rsevgv",
            "keepers": null,
            "length": 6,
            "lower": true,
            "min_lower": 0,
            "min_numeric": 0,
            "min_special": 0,
            "min_upper": 0,
            "number": false,
            "numeric": false,
            "override_special": null,
            "result": "rsevgv",
            "special": false,
            "upper": false
          },
          "sensitive_attributes": []
        }
      ]
    },
    {
      "mode": "managed",
      "type": "random_string",
      "name": "storage_account_suffix",
      "provider": "provider[\"registry.terraform.io/hashicorp/random\"]",
      "instances": [
        {
          "schema_version": 2,
          "attributes": {
            "id": "gvibynzx",
            "keepers": null,
            "length": 8,
            "lower": true,
            "min_lower": 0,
            "min_numeric": 0,
            "min_special": 0,
            "min_upper": 0,
            "number": false,
            "numeric": false,
            "override_special": null,
            "result": "gvibynzx",
            "special": false,
            "upper": false
          },
          "sensitive_attributes": []
        }
      ]
    },
    {
      "module": "module.acr_private_dns_zone",
      "mode": "managed",
      "type": "azurerm_private_dns_zone",
      "name": "private_dns_zone",
      "provider": "provider[\"registry.terraform.io/hashicorp/azurerm\"]",
      "instances": [
        {
          "schema_version": 0,
          "attributes": {
            "id": "/subscriptions/6879fc1e-5aa4-49d6-8bde-b9577bb6d594/resourceGroups/jx8magic8ballRG/providers/Microsoft.Network/privateDnsZones/privatelink.azurecr.io",
            "max_number_of_record_sets": 25000,
            "max_number_of_virtual_network_links": 1000,
            "max_number_of_virtual_network_links_with_registration": 100,
            "name": "privatelink.azurecr.io",
            "number_of_record_sets": 3,
            "resource_group_name": "jx8magic8ballRG",
            "soa_record": [
              {
                "email": "azureprivatedns-host.microsoft.com",
                "expire_time": 2419200,
                "fqdn": "privatelink.azurecr.io.",
                "host_name": "azureprivatedns.net",
                "minimum_ttl": 10,
                "refresh_time": 3600,
                "retry_time": 300,
                "serial_number": 1,
                "tags": {},
                "ttl": 3600
              }
            ],
            "tags": {
              "createdWith": "Terraform"
            },
            "timeouts": null
          },
          "sensitive_attributes": [],
          "private": "eyJlMmJmYjczMC1lY2FhLTExZTYtOGY4OC0zNDM2M2JjN2M0YzAiOnsiY3JlYXRlIjoxODAwMDAwMDAwMDAwLCJkZWxldGUiOjE4MDAwMDAwMDAwMDAsInJlYWQiOjMwMDAwMDAwMDAwMCwidXBkYXRlIjoxODAwMDAwMDAwMDAwfX0=",
          "dependencies": [
            "azurerm_resource_group.rg",
            "random_string.prefix"
          ]
        }
      ]
    },
    {
      "module": "module.acr_private_dns_zone",
      "mode": "managed",
      "type": "azurerm_private_dns_zone_virtual_network_link",
      "name": "link",
      "provider": "provider[\"registry.terraform.io/hashicorp/azurerm\"]",
      "instances": [
        {
          "index_key": "jx8magic8ballAksVNet",
          "schema_version": 0,
          "attributes": {
            "id": "/subscriptions/6879fc1e-5aa4-49d6-8bde-b9577bb6d594/resourceGroups/jx8magic8ballRG/providers/Microsoft.Network/privateDnsZones/privatelink.azurecr.io/virtualNetworkLinks/link_to_jx8magic8ballaksvnet",
            "name": "link_to_jx8magic8ballaksvnet",
            "private_dns_zone_name": "privatelink.azurecr.io",
            "registration_enabled": false,
            "resource_group_name": "jx8magic8ballRG",
            "tags": {},
            "timeouts": null,
            "virtual_network_id": "/subscriptions/6879fc1e-5aa4-49d6-8bde-b9577bb6d594/resourceGroups/jx8magic8ballRG/providers/Microsoft.Network/virtualNetworks/jx8magic8ballAksVNet"
          },
          "sensitive_attributes": [],
          "private": "eyJlMmJmYjczMC1lY2FhLTExZTYtOGY4OC0zNDM2M2JjN2M0YzAiOnsiY3JlYXRlIjoxODAwMDAwMDAwMDAwLCJkZWxldGUiOjE4MDAwMDAwMDAwMDAsInJlYWQiOjMwMDAwMDAwMDAwMCwidXBkYXRlIjoxODAwMDAwMDAwMDAwfX0=",
          "dependencies": [
            "azurerm_resource_group.rg",
            "data.azurerm_client_config.current",
            "module.acr_private_dns_zone.azurerm_private_dns_zone.private_dns_zone",
            "module.virtual_network.azurerm_virtual_network.vnet",
            "random_string.prefix"
          ]
        }
      ]
    },
    {
      "module": "module.acr_private_endpoint",
      "mode": "managed",
      "type": "azurerm_private_endpoint",
      "name": "private_endpoint",
      "provider": "provider[\"registry.terraform.io/hashicorp/azurerm\"]",
      "instances": [
        {
          "schema_version": 0,
          "attributes": {
            "custom_dns_configs": [],
            "custom_network_interface_name": "",
            "id": "/subscriptions/6879fc1e-5aa4-49d6-8bde-b9577bb6d594/resourceGroups/jx8magic8ballRG/providers/Microsoft.Network/privateEndpoints/jx8magic8ballAcrPrivateEndpoint",
            "ip_configuration": [],
            "location": "southcentralus",
            "name": "jx8magic8ballAcrPrivateEndpoint",
            "network_interface": [
              {
                "id": "/subscriptions/6879fc1e-5aa4-49d6-8bde-b9577bb6d594/resourceGroups/jx8magic8ballRG/providers/Microsoft.Network/networkInterfaces/jx8magic8ballAcrPrivateEndpoint.nic.babe875a-d062-4fd4-87cb-841607d6ba84",
                "name": "jx8magic8ballAcrPrivateEndpoint.nic.babe875a-d062-4fd4-87cb-841607d6ba84"
              }
            ],
            "private_dns_zone_configs": [
              {
                "id": "/subscriptions/6879fc1e-5aa4-49d6-8bde-b9577bb6d594/resourceGroups/jx8magic8ballRG/providers/Microsoft.Network/privateEndpoints/jx8magic8ballAcrPrivateEndpoint/privateDnsZoneGroups/AcrPrivateDnsZoneGroup/privateDnsZoneConfigs/privatelink.azurecr.io",
                "name": "privatelink.azurecr.io",
                "private_dns_zone_id": "/subscriptions/6879fc1e-5aa4-49d6-8bde-b9577bb6d594/resourceGroups/jx8magic8ballRG/providers/Microsoft.Network/privateDnsZones/privatelink.azurecr.io",
                "record_sets": [
                  {
                    "fqdn": "jx8magic8ballacr.southcentralus.data.privatelink.azurecr.io",
                    "ip_addresses": [
                      "10.243.1.5"
                    ],
                    "name": "jx8magic8ballacr.southcentralus.data",
                    "ttl": 10,
                    "type": "A"
                  },
                  {
                    "fqdn": "jx8magic8ballacr.privatelink.azurecr.io",
                    "ip_addresses": [
                      "10.243.1.6"
                    ],
                    "name": "jx8magic8ballacr",
                    "ttl": 10,
                    "type": "A"
                  }
                ]
              }
            ],
            "private_dns_zone_group": [
              {
                "id": "/subscriptions/6879fc1e-5aa4-49d6-8bde-b9577bb6d594/resourceGroups/jx8magic8ballRG/providers/Microsoft.Network/privateEndpoints/jx8magic8ballAcrPrivateEndpoint/privateDnsZoneGroups/AcrPrivateDnsZoneGroup",
                "name": "AcrPrivateDnsZoneGroup",
                "private_dns_zone_ids": [
                  "/subscriptions/6879fc1e-5aa4-49d6-8bde-b9577bb6d594/resourceGroups/jx8magic8ballRG/providers/Microsoft.Network/privateDnsZones/privatelink.azurecr.io"
                ]
              }
            ],
            "private_service_connection": [
              {
                "is_manual_connection": false,
                "name": "jx8magic8ballAcrPrivateEndpointConnection",
                "private_connection_resource_alias": "",
                "private_connection_resource_id": "/subscriptions/6879fc1e-5aa4-49d6-8bde-b9577bb6d594/resourceGroups/jx8magic8ballRG/providers/Microsoft.ContainerRegistry/registries/jx8magic8ballAcr",
                "private_ip_address": "10.243.1.5",
                "request_message": "",
                "subresource_names": [
                  "registry"
                ]
              }
            ],
            "resource_group_name": "jx8magic8ballRG",
            "subnet_id": "/subscriptions/6879fc1e-5aa4-49d6-8bde-b9577bb6d594/resourceGroups/jx8magic8ballRG/providers/Microsoft.Network/virtualNetworks/jx8magic8ballAksVNet/subnets/VmSubnet",
            "tags": {
              "createdWith": "Terraform"
            },
            "timeouts": null
          },
          "sensitive_attributes": [],
          "private": "eyJlMmJmYjczMC1lY2FhLTExZTYtOGY4OC0zNDM2M2JjN2M0YzAiOnsiY3JlYXRlIjozNjAwMDAwMDAwMDAwLCJkZWxldGUiOjM2MDAwMDAwMDAwMDAsInJlYWQiOjMwMDAwMDAwMDAwMCwidXBkYXRlIjozNjAwMDAwMDAwMDAwfX0=",
          "dependencies": [
            "azurerm_resource_group.rg",
            "module.acr_private_dns_zone.azurerm_private_dns_zone.private_dns_zone",
            "module.container_registry.azurerm_container_registry.acr",
            "module.container_registry.azurerm_user_assigned_identity.acr_identity",
            "module.virtual_network.azurerm_subnet.subnet",
            "module.virtual_network.azurerm_virtual_network.vnet",
            "random_string.prefix"
          ]
        }
      ]
    },
    {
      "module": "module.aks_cluster",
      "mode": "managed",
      "type": "azurerm_kubernetes_cluster",
      "name": "aks_cluster",
      "provider": "provider[\"registry.terraform.io/hashicorp/azurerm\"]",
      "instances": [
        {
          "schema_version": 2,
          "attributes": {
            "aci_connector_linux": [],
            "api_server_access_profile": [],
            "api_server_authorized_ip_ranges": [],
            "auto_scaler_profile": [
              {
                "balance_similar_node_groups": false,
                "empty_bulk_delete_max": "10",
                "expander": "random",
                "max_graceful_termination_sec": "600",
                "max_node_provisioning_time": "15m",
                "max_unready_nodes": 3,
                "max_unready_percentage": 45,
                "new_pod_scale_up_delay": "0s",
                "scale_down_delay_after_add": "10m",
                "scale_down_delay_after_delete": "10s",
                "scale_down_delay_after_failure": "3m",
                "scale_down_unneeded": "10m",
                "scale_down_unready": "20m",
                "scale_down_utilization_threshold": "0.5",
                "scan_interval": "10s",
                "skip_nodes_with_local_storage": false,
                "skip_nodes_with_system_pods": true
              }
            ],
            "automatic_channel_upgrade": "stable",
            "azure_active_directory_role_based_access_control": [
              {
                "admin_group_object_ids": [
                  "2cd14354-ac57-4268-b6f0-8c1325c80611"
                ],
                "azure_rbac_enabled": true,
                "client_app_id": "",
                "managed": true,
                "server_app_id": "",
                "server_app_secret": "",
                "tenant_id": "16b3c013-d300-468d-ac64-7eda0820b6d3"
              }
            ],
            "azure_policy_enabled": true,
            "confidential_computing": [],
            "default_node_pool": [
              {
                "capacity_reservation_group_id": "",
                "custom_ca_trust_enabled": false,
                "enable_auto_scaling": true,
                "enable_host_encryption": false,
                "enable_node_public_ip": false,
                "fips_enabled": false,
                "host_group_id": "",
                "kubelet_config": [],
                "kubelet_disk_type": "OS",
                "linux_os_config": [],
                "max_count": 10,
                "max_pods": 50,
                "message_of_the_day": "",
                "min_count": 3,
                "name": "system",
                "node_count": 3,
                "node_labels": {},
                "node_network_profile": [],
                "node_public_ip_prefix_id": "",
                "node_taints": [],
                "only_critical_addons_enabled": false,
                "orchestrator_version": "1.27.7",
                "os_disk_size_gb": 128,
                "os_disk_type": "Ephemeral",
                "os_sku": "Ubuntu",
                "pod_subnet_id": "/subscriptions/6879fc1e-5aa4-49d6-8bde-b9577bb6d594/resourceGroups/jx8magic8ballRG/providers/Microsoft.Network/virtualNetworks/jx8magic8ballAksVNet/subnets/PodSubnet",
                "proximity_placement_group_id": "",
                "scale_down_mode": "Delete",
                "tags": {
                  "createdWith": "Terraform"
                },
                "temporary_name_for_rotation": "",
                "type": "VirtualMachineScaleSets",
                "ultra_ssd_enabled": false,
                "upgrade_settings": [],
                "vm_size": "Standard_F8s_v2",
                "vnet_subnet_id": "/subscriptions/6879fc1e-5aa4-49d6-8bde-b9577bb6d594/resourceGroups/jx8magic8ballRG/providers/Microsoft.Network/virtualNetworks/jx8magic8ballAksVNet/subnets/SystemSubnet",
                "workload_runtime": "",
                "zones": []
              }
            ],
            "disk_encryption_set_id": "",
            "dns_prefix": "aks",
            "dns_prefix_private_cluster": "",
            "edge_zone": "",
            "enable_pod_security_policy": false,
            "fqdn": "aks-3obe5mma.hcp.southcentralus.azmk8s.io",
            "http_application_routing_enabled": false,
            "http_application_routing_zone_name": "",
            "http_proxy_config": [],
            "id": "/subscriptions/6879fc1e-5aa4-49d6-8bde-b9577bb6d594/resourceGroups/jx8magic8ballRG/providers/Microsoft.ContainerService/managedClusters/jx8magic8ballAks",
            "identity": [
              {
                "identity_ids": [
                  "/subscriptions/6879fc1e-5aa4-49d6-8bde-b9577bb6d594/resourceGroups/jx8magic8ballRG/providers/Microsoft.ManagedIdentity/userAssignedIdentities/jx8magic8ballAksIdentity"
                ],
                "principal_id": "",
                "tenant_id": "",
                "type": "UserAssigned"
              }
            ],
            "image_cleaner_enabled": true,
            "image_cleaner_interval_hours": 48,
            "ingress_application_gateway": [],
            "key_management_service": [],
            "key_vault_secrets_provider": [],
            "kube_admin_config": [
              {
                "client_certificate": "LS0tLS1CRUdJTiBDRVJUSUZJQ0FURS0tLS0tCk1JSUZIakNDQXdhZ0F3SUJBZ0lSQUlPSjdzWVpjdTA0WDNuQmVlaVRSNFl3RFFZSktvWklodmNOQVFFTEJRQXcKRFRFTE1Ba0dBMVVFQXhNQ1kyRXdIaGNOTWpRd016STJNakEwTlRJMFdoY05Nall3TXpJMk1qQTFOVEkwV2pBdwpNUmN3RlFZRFZRUUtFdzV6ZVhOMFpXMDZiV0Z6ZEdWeWN6RVZNQk1HQTFVRUF4TU1iV0Z6ZEdWeVkyeHBaVzUwCk1JSUNJakFOQmdrcWhraUc5dzBCQVFFRkFBT0NBZzhBTUlJQ0NnS0NBZ0VBczE3WFBrUmwrcnZjdSt5Qm55ZUsKYWJFQXljKzE2Qm42QjRxUkM0ME5kcUV2RkRXTTFhR3ZmbElWdkxMUUZIbEZVb0F6ZGc2bGdpU2FxczhMWmhZbgpaVE94Ry8zRzh1NHAxb245M1ZPOWRldU0zQ01pbi9hSTVEdUZFWjUxb2dpbUxEcUFwRWZ5eFMyc0tXWjlLNW5pCkt2UWwxV1RBVDBZYzlFaDYwQ2srM3EyMGtRenRPUnFDR3E5ZFVoYy9yU0pxV1I3bDhuQ25Od3R4M09FSTR4M2MKem9LN2s1NUhWMURsTVpxNlMxOW9JOTRpdmhORlUzNHV1MXhuelRqUUcwaXdjYWdWbkp5cy9EcG8rOU1GOHZ0MApJRGVvZjRQMjFiZkNNbHd2T3ZmRzlwb1ZEODFJam8wR1BHbHNHQ3pNS0RTMTRVUnpyMDU3ZG5SbnpneFNTSGs1CjR0VkdMbjlpRFErUWZqZForelo0OGZMSHc2WDJ6ZHdmOUZGY3l4a2tRU0RiV2Z3QXhjSHF4V1dOdVVUOVlLbG8Ka2h2RHNlMGhoS3hmclhHWVRBTTdnTGRGbWNJczY2QXJyMmpHUTJZNVNzNk16SFgrYWRZZ1NaSjRNcERsUlh0WQpzOG9VK0ZoekR3R2YwbUNFZ3hlU3dBMVBYdXl6MDlaVVl1ZFZhUGxwSEpnekRTZjdVTnJTZzF6WUpOcHlIVm1MClNhLzZseDFrKzVlZUc1bng4MjRFaW9GVjBRd1NQYTVqZFdwcElSYmFDRXJkMjh0blkvOGdheFh5V3ROOGZ4SkwKTlo3TTE5bEFFN1VHNDRvZ05iR1RBdXFSbXg3VUx2cCtaNnlvZ2wrQjEzTzZLQy91K3RvNkJhVVFwZGtyUmhsNworZXpHQTl4MVpEV0xFTlZFeGhjY0Iva0NBd0VBQWFOV01GUXdEZ1lEVlIwUEFRSC9CQVFEQWdXZ01CTUdBMVVkCkpRUU1NQW9HQ0NzR0FRVUZCd01DTUF3R0ExVWRFd0VCL3dRQ01BQXdId1lEVlIwakJCZ3dGb0FVMTd4L3RMbEUKTkZTVzJlN0U3Wm9nOTJGdGEvb3dEUVlKS29aSWh2Y05BUUVMQlFBRGdnSUJBSDBSTjBxVGJJVWQyb01WRUhNdAo0enJQNkNBNDN3R1NnQjhUS2xUU3BaVTk5VWQyN1VremlZYndBVG1tUFRHOFcxcHVFTktwUVoyd0d0OUcvb2ZFCmNvenkvZE1CWHY4Yi9kZWg2MmdyYnBTei9kaXVjYW8vWUdxQUFqK3FHYit4OWNUSDhSc2RqSFZyb1huUURrU3kKZ1FWNmlzZ3lSOWZQZWNDK1RNQ1AvQ3pyamhKUEpNRStGZVlWanhVMm9XOE1zNkF1SkVQOWtxWFBOYlZYZTViWgpzMVg4WUJHVWVHbGJEQTUyMUtpRzNBNkFBVytZNnYvRzZUMkdld1ArRlNqKzhiWktiOWtPMHA4MnZ2SzVrR0kyCkVHMUpLa2VkVzkrYzdudkJKRGZhTjllb21XREcyVVR0bU43WWVkL1dIeDBVVVptcjU1VWdMM0hXRldubUlWMXAKbkVHWEkvQlArZVNac0pXTzZiRUoyeXhPeGFiQSswZFdIbTZYUXdWM0ZycXFDYjJJZEc1aENxNVMyYXVVSTJJNApXQ0JoanhaVjV3c0F2SE92Y1gxREh2Y0d3Z1llTnVLMkc4UnR2QmdzMDhLbVM1OWphR1VxVlN4Z0ZxaUVKN3NnCm40UktCZzRHcjN5T0xDa0NmZXlLMlZzWTlqbHVyVUs1cUFRTTNmU1VXMy91NmlpWXp6SWlBTlpKRk9xTk1LYlkKaDVsTjlyblpxeGMvTXlPMGVkcFhJVDJsdUw5SlhzKzdFTHF0bzF4U3R3MlNwZ0FJV3dSOGZaV2RPdmoyek8wegozR3ZGejVhbWZySk9jNjVoTDBubFAyRzVFQXBVRDNlempWaFFXYlBSK1JOU0p5YUFhcEdEeGUwdDl4T2dyUXdmCnEwdTMyVnJhQkE2UmpmQ0lwZDAxRzJvYwotLS0tLUVORCBDRVJUSUZJQ0FURS0tLS0tCg==",
                "client_key": "LS0tLS1CRUdJTiBSU0EgUFJJVkFURSBLRVktLS0tLQpNSUlKS1FJQkFBS0NBZ0VBczE3WFBrUmwrcnZjdSt5Qm55ZUthYkVBeWMrMTZCbjZCNHFSQzQwTmRxRXZGRFdNCjFhR3ZmbElWdkxMUUZIbEZVb0F6ZGc2bGdpU2FxczhMWmhZblpUT3hHLzNHOHU0cDFvbjkzVk85ZGV1TTNDTWkKbi9hSTVEdUZFWjUxb2dpbUxEcUFwRWZ5eFMyc0tXWjlLNW5pS3ZRbDFXVEFUMFljOUVoNjBDayszcTIwa1F6dApPUnFDR3E5ZFVoYy9yU0pxV1I3bDhuQ25Od3R4M09FSTR4M2N6b0s3azU1SFYxRGxNWnE2UzE5b0k5NGl2aE5GClUzNHV1MXhuelRqUUcwaXdjYWdWbkp5cy9EcG8rOU1GOHZ0MElEZW9mNFAyMWJmQ01sd3ZPdmZHOXBvVkQ4MUkKam8wR1BHbHNHQ3pNS0RTMTRVUnpyMDU3ZG5SbnpneFNTSGs1NHRWR0xuOWlEUStRZmpkWit6WjQ4ZkxIdzZYMgp6ZHdmOUZGY3l4a2tRU0RiV2Z3QXhjSHF4V1dOdVVUOVlLbG9raHZEc2UwaGhLeGZyWEdZVEFNN2dMZEZtY0lzCjY2QXJyMmpHUTJZNVNzNk16SFgrYWRZZ1NaSjRNcERsUlh0WXM4b1UrRmh6RHdHZjBtQ0VneGVTd0ExUFh1eXoKMDlaVVl1ZFZhUGxwSEpnekRTZjdVTnJTZzF6WUpOcHlIVm1MU2EvNmx4MWsrNWVlRzVueDgyNEVpb0ZWMFF3UwpQYTVqZFdwcElSYmFDRXJkMjh0blkvOGdheFh5V3ROOGZ4SkxOWjdNMTlsQUU3VUc0NG9nTmJHVEF1cVJteDdVCkx2cCtaNnlvZ2wrQjEzTzZLQy91K3RvNkJhVVFwZGtyUmhsNytlekdBOXgxWkRXTEVOVkV4aGNjQi9rQ0F3RUEKQVFLQ0FnQVpvTzk0UWlXZ0ViK1VTbEtxL3VkVCtxcDJLMnQrWWxmTFJBMDliVVlETVR5YzBwbnczRTFLNjBlWAowcVRRaUJOVG1tVy85SS9KYkpsODFtQjJrYXZIVmY5MFZHcGN3NUxPeUtDeFF3bkxFNERvNDB4TE50cVFZY0M5CnA3cC9FR1ZONUg0RSt4TEJBYW1ic0wwcHdhOERIQ2RidWkyUUppQjA5dlkxVCs5ZnVjb1cvNVhWbHVnSUVBNXgKY0VqMDMvbjZDZVFwSTllQWtlNE85VWhqeXh5RmxVQmY4em1XVEVTek5ieHdrSTA4c3J5Y0UvelAxVE93S1ovYgpQc2JkWHlGMjIrRmFvemhFUWNSR1Z2eCtuMWNVVTErTCtMc0lCbDJFL0k3ekNmd3Z1QXhTV2E2SVQ3WVlZNmZDClBJUmZLa2ppaXZsTWp4WXM4cXp5VCtoaDJwQmVqNEUzam5uc0w4RWhjWVdmMFNuVzZlbTlUWnRySGl3a21STDgKRU4xTE1obDdmc2tscnloRDVBQlJqek95MEFHeld1dWtIbUFxcEhPaTFrdmc3RWkxMWREYWk0cklwWnBZREtmdQpQRDJueHAxQnBFdzVrY0Q1dU9ndzlmcHoycVpUUGpNOGdFb2ttczd3cEtRN0llTGVKMkszUlpsRlkxc2hmNFNXCnV0a1ZIb0ZaN3MwakVjWG4wdTJHT3lrdzhIOHFjWlhhb1UzeXlDM1JuTTJxQy91TTNKRWRSSndyQmdzZlVDQmYKbk5mRXpCVG4rSzJIL0QydHB4RlhKQmRjWU5qM2p0VGdOVHd5bDNiRmc0ZjU2MVFNY0czbG1xTDhiZ0kvdS9qKwpKTEJTdXJ3elUyK2Zwa3lHQ2NaUnVwLzBJMnpHNDJwdEtLc29Fdk9SMkhBK0w1NmgwUUtDQVFFQTI4QmljaE9YCjVmUG1rWVhyS1IxYkNOcE5wc1VQdDB1SzJIaGQyRzBkd0xJUWc3MUJ3UGNqbldGcjBsblY4Sm13VDRtTW1kSC8KZE0yTnMzdktqSE1XeWZCU1lrVzMrUTNGcm1Rc05ycUxIbm5PVExXWTUzQzF3ZlZ0WGZReHpZUWxBSkRYZXdCUAo1cG5xajRUTFh4RUFVYUYrRGlTZm14YWJDMHhlWnlZcVdaOElUa1dBdUw0cXlKb0x1b05qTXI4dHZPWEFjMlJoCnNoRE8xRHlYL2c1eVdMRlRIRGNzcUx3aUEwMDhqZTJpY2Y0V0o4R0I4T2xFKzlDQ0UwUjNxbDdEVkMxTDNYb1QKN3JsSUhubWNSOXpBQUsyZTZDOTRnMHY3cUc2c2FNaUVWZi94Yk8rdlU2N0ZnSVNWRExsWnJyVkxmWkNBQTgzcAp6dStQeWdzakZQdUtPd0tDQVFFQTBQVkJaZlB5dy93aXlMenp3eXQ0b1JSTnFhaXpmakZsdUl4ZFpvUFpXK0M5CnRQQXNudXFVM3VuRnBGeG45SUI5OEk5NERWRE9COVJwblI4S3p6VFdBcFYxMXZSUnR3QTdqWXhVOTJZa3VYTlQKMm1OeW5VR1VvMHQrdHc3OWN5Z05uK1M1YloxNjE1QkJLNzFZYWlkcnI5aFlSc0tFNnhIbjcvMS9ZTHFVM2RkQwpvYjd5bkJmTlBQREFvMGlkUEZaYzRzZUV4N3NvaS9sTEsyMm0yT1gvQVFDRXgzYm9TQlV3d2YzVHhUSG5HOXkxCmFWSVpWemdVemJoNk9xREhOWGxrMktuYU9WUkdVVjJMMUVORDZwWnlDRlkwb0VPaGpUYWpuaEdKQ284aEtxa1oKSXU0bXVzK1dsR2hSOHNoWkJnai9JaFB0Wmdxa2plQW9QMVNUWDlKZld3S0NBUUVBcjNKMkp1WUZ6STVpYzZVYwpENE5rZnpqcjdrNC9NZlNhTWlKSHF0ZlRmVm10WGNEb2tvdStYNVM4WlFGY2tlL2ltRjRWWjJvR0x0YytYeUppCm9LZnlkZC90cHBCTFJnajgzek1US2M3ZDY4TU1OcXAySGJJYkszUXJrV3U1cDMvdG12b0pVQ2I3by8wWERPYlYKQ0YybWg0WU1BbmF6Qnp1UkpnQWZEdk9sdEZBSWJaV0lJL2VRYVFDMGhJRUozaVpNK2hmbEF6d04xQUVmWU12UAovZ0xDd0pVeTZjQVRZOVJ3dzNvUzhxM2JtRzlvZU8xQ05YbkluZFBuUmtMUDE3STQrU2dBL2g3TmN6ZHlvUUl2CkNDRHpHcGVEMjVTcS93alhMNjdNOEF2SHZISFA2MDJpQ1luc0hhTzg3SisvUG9GNGVCTzZZVTh4Y1FwTEh1Q3QKYmI4MnFRS0NBUUFrc1N4T3JzdU9ScFFGRThqcUdKUVNGUEtlUEJWb3IxdmhVQ1NHZjlpSEhhdXlQZ3BYelhGZQp3MFlGV29TV2xvbUcyR3FJVEF3aHE5YnYxQ2Vkd3ZWaGRzVStmYUJydGdxL0RFbFBPQXh5MUNHQlU3MG9oLytGCnZSZi9KUTYwVGZBMmgzOVlGRE1oN3g3Q2cza25DczBLRDc5UWpZK3hoMjltNE9paEg2Sk1ZaVE5S3I2SFVsYWoKd05MUzJVbGk4dmRVaXh4eHhoZVVuSzNxYmxMQis0RVB0L3VZMnZSbTAvRy8zc1owOWhKUy9pcU0xL0hETXdIVQpMZlNvbnRyY05QalVZdDhDK2gxdTVESk5qNUk1ZXptQzVVQlFkQS9HTURZQzU2bGN4VTFacEYvWmxtQU9wYTBYCldrb3BpNnkyTnBZMmNiRmFIYnhQZlhFVHpkSWpIVm5KQW9JQkFRQ0hOK0h3NUZLYzNsNlYveUdNYUpJMFBkMTYKNzhvUWxlOXRISnhFbnk1czBSWVByUDc1Vm1CZTlDMm9tVERRL0hPajRFaERoRk5WZXhkSE5WZklQaGZ6MkxDNQpLcFRqbnhkTEFsSjhnWGNFV1FrNkpPWFFzbTdMeFprc1ozbzk1TmprNzRzU255NkQzd21IQ3dzSEQreVIzOXNmCkFXSXpCZkRKZStra2w4S3lEUmFrUUsvUFZBNHp5bjZHeFozQTh2YnJXVU44eDRjR0tNRjg4Tm1JMmhUdU95SEkKbyt0UVZpTlRkci9kVEQ2UlNPRTg3aUxuamJSbWM0QzZMNEVNWE50MFMxVGNLZmZKVEgwdmpxVE54YWMrNCtmagpQWlJFeUhESWQ1OFFaejJiSzNLcFJMUGl4cmFxRU4ySlpteTZMbm04TVgzMFh2SFJ5S2FqSkVTdXV3a2IKLS0tLS1FTkQgUlNBIFBSSVZBVEUgS0VZLS0tLS0K",
                "cluster_ca_certificate": "LS0tLS1CRUdJTiBDRVJUSUZJQ0FURS0tLS0tCk1JSUU2VENDQXRHZ0F3SUJBZ0lSQU9oU3pOY0RGQjVEUnNENDN6MkJ3a1l3RFFZSktvWklodmNOQVFFTEJRQXcKRFRFTE1Ba0dBMVVFQXhNQ1kyRXdJQmNOTWpRd016STJNakEwTlRJMFdoZ1BNakExTkRBek1qWXlNRFUxTWpSYQpNQTB4Q3pBSkJnTlZCQU1UQW1OaE1JSUNJakFOQmdrcWhraUc5dzBCQVFFRkFBT0NBZzhBTUlJQ0NnS0NBZ0VBCjBrVE9Uc1Y1SS9EMytLbHlHMkRITjdQaHVySXJCSDcrUnJ4OFdQUmo3a1NZRElBQlFXTzVVRllERFFEOVNsUDkKR252TU9wRWQvVFVaSTlQMG90VUgrUVlaOHZXNGxLYkI5K01tZEJ3NFhJdVpkLzc4UWNqM2NoaFlvcFZKMm03dQpkS3Bhby9YcjJGOG9xNHNJVDNPbEFjMThES2JBcjJ1eHljWm5EaGxPZWFwdDhBWWRic1FNYTgvcHkxbzBpM2JCCnpGZ2pERTBTalNNTHdJc1liU1UvaDJRNUlEQkM1ZWVTLzFxcmwzTnc1SVhZbEtqczgzbVJzZGRBOStjdVA4SzUKQ3d0V1FtQWdVWkxaVFBia1lHcHlxVmlZMDRKRmlOdkR2Q204OS9QMTlTQWY1aHBmTllrdCtIeDdxZHliRWJYNQoxMkVrSk9qUlVsdnlxUmowUUtGQ0dOQkFRc1FhMWk5aHdkU09Wc1MvSzAxWjluREorN3lyTWRBcU9XMU5rWnZ3CmJydFBsc1NxQ0h1RlBjbmcwdlFJbzViRE9xZ2ozTWFmT1VoT1dNVG9nTEZZK0h6OUVzQldGbUlrOU5MQitFUGcKamZ3V1pkL1IrOUhLSVNmRFdyVU9iN2tMQ2U4NUdSdlFOa3NYcHJNMEtoSkZWWmNLNHdONzB6bEpLMkpPQkZBawovaXBiRjdiMytTb2hMKzBTeDR0N0Q2VmRYM3FMa2syWHZ4a2traUR0aWY0NUNBUEg5QzBNcnMzVXRScUc0UTN2CnpnbUpVMXJuc0hSeXZDQjFvMy9LL3pRWS9Ib05CdnB4RHJieXNzT1ZicmNLUzgwODZEdW5BMlpvUFV1Y25kc2UKVG52c2puUk4rakNTRXBIVTVqN2RJSnBZdmREeGNvQXB6VmxKTDIzeEFWY0NBd0VBQWFOQ01FQXdEZ1lEVlIwUApBUUgvQkFRREFnS2tNQThHQTFVZEV3RUIvd1FGTUFNQkFmOHdIUVlEVlIwT0JCWUVGTmU4ZjdTNVJEUlVsdG51CnhPMmFJUGRoYld2Nk1BMEdDU3FHU0liM0RRRUJDd1VBQTRJQ0FRQ1cvaFZQTUVHSTZySCs3MWNwYzZ6dlZCVHAKejdnc0NQcUIrS1U1SE50RytMWFJzYWJKR3UxRmlPWkozUitSRVZONUVMTUtRbFBrc2NXazMzK0Uydks1TUhxWQpqa0MrcG5sbVNkbGZ3RFBXaGp1TTBNRUlFdHFVUzNneHJCL0lhWjV5T09BOVlFbklmR3VTd3BBeWNldkJVSUhoCmRvd0JhUmtPbzMwbHRoS3JmbEwyQjNuclVLM3Z2Vy9KRE10S0w2cUQxT2gxa2tRNTJYMU9mY1o5SW9IbWRPYWsKN2FZanA2Z3dxTGZuU1ErTkc0Zk9ZbFFxa29VeDcrdlBCcWMyRG1ocndzaUNyZEcxWmcvZjl3SHhnZExwN1puVApKcFJQeGthS2E3WGkvMDlnK0tjcnN4cFBwMVRUYkJZWjBzUXBieDJqZ0JGWlJzR1BaNFlYRDU3QWNjaEVLNUswCnhZQzFOc1JkWURsdFdDYm9jb0xnem1KUHBSZHlWTzlVNXM2RFdrYnJlbVh1dEhrTjgvUkE1TUpqUTJpMS9RMC8KNEtkSTV4M0R6MjFLUzRnZHp3NHZmVWVxZEJQK0tuVG1ldmpLNzFGNWFkaDFjMWRxNnlCMmwwVUVXaTVmN0s2Mgp0T0pKYWZxb1VxaXdiZW1VU3ZnYmJYNXgrM0FXL1l3OEJmc2l1ZkN6ekhYRERtalNGS0VFT0kxWUdkTHdkUWhvCnBGUG5qSFV5RXJaRVdyRVZxVzd3VGtiWDYrSnRlVVBJOHA1RmM1bllWMVk0RlBjVE5pcmlVWXRzK2JrZHhESW0KbW5XZWdlNDI4bmk5Z0ZONnZpS3A0VS80eUJYbGszRU1aTWdFQ2xnSmZoMTdkN3hNc2dQMzJVdlZ1cXJpZ0w3aAorRGJUZ3pQZmZuRFRyN0FMY3c9PQotLS0tLUVORCBDRVJUSUZJQ0FURS0tLS0tCg==",
                "host": "https://aks-3obe5mma.hcp.southcentralus.azmk8s.io:443",
                "password": "o7ep46bpt0al6bfgplbdodispm9pe45cxqm3r27k4xctp1o16fe1qvd34zqywupfzu2vx3n45euedvkdxnc27mjf4l4etn07nh8dfhlkxpl7kvvjhip76w1chj4yk6z7",
                "username": "clusterAdmin_jx8magic8ballRG_jx8magic8ballAks"
              }
            ],
            "kube_admin_config_raw": "apiVersion: v1\nclusters:\n- cluster:\n    certificate-authority-data: LS0tLS1CRUdJTiBDRVJUSUZJQ0FURS0tLS0tCk1JSUU2VENDQXRHZ0F3SUJBZ0lSQU9oU3pOY0RGQjVEUnNENDN6MkJ3a1l3RFFZSktvWklodmNOQVFFTEJRQXcKRFRFTE1Ba0dBMVVFQXhNQ1kyRXdJQmNOTWpRd016STJNakEwTlRJMFdoZ1BNakExTkRBek1qWXlNRFUxTWpSYQpNQTB4Q3pBSkJnTlZCQU1UQW1OaE1JSUNJakFOQmdrcWhraUc5dzBCQVFFRkFBT0NBZzhBTUlJQ0NnS0NBZ0VBCjBrVE9Uc1Y1SS9EMytLbHlHMkRITjdQaHVySXJCSDcrUnJ4OFdQUmo3a1NZRElBQlFXTzVVRllERFFEOVNsUDkKR252TU9wRWQvVFVaSTlQMG90VUgrUVlaOHZXNGxLYkI5K01tZEJ3NFhJdVpkLzc4UWNqM2NoaFlvcFZKMm03dQpkS3Bhby9YcjJGOG9xNHNJVDNPbEFjMThES2JBcjJ1eHljWm5EaGxPZWFwdDhBWWRic1FNYTgvcHkxbzBpM2JCCnpGZ2pERTBTalNNTHdJc1liU1UvaDJRNUlEQkM1ZWVTLzFxcmwzTnc1SVhZbEtqczgzbVJzZGRBOStjdVA4SzUKQ3d0V1FtQWdVWkxaVFBia1lHcHlxVmlZMDRKRmlOdkR2Q204OS9QMTlTQWY1aHBmTllrdCtIeDdxZHliRWJYNQoxMkVrSk9qUlVsdnlxUmowUUtGQ0dOQkFRc1FhMWk5aHdkU09Wc1MvSzAxWjluREorN3lyTWRBcU9XMU5rWnZ3CmJydFBsc1NxQ0h1RlBjbmcwdlFJbzViRE9xZ2ozTWFmT1VoT1dNVG9nTEZZK0h6OUVzQldGbUlrOU5MQitFUGcKamZ3V1pkL1IrOUhLSVNmRFdyVU9iN2tMQ2U4NUdSdlFOa3NYcHJNMEtoSkZWWmNLNHdONzB6bEpLMkpPQkZBawovaXBiRjdiMytTb2hMKzBTeDR0N0Q2VmRYM3FMa2syWHZ4a2traUR0aWY0NUNBUEg5QzBNcnMzVXRScUc0UTN2CnpnbUpVMXJuc0hSeXZDQjFvMy9LL3pRWS9Ib05CdnB4RHJieXNzT1ZicmNLUzgwODZEdW5BMlpvUFV1Y25kc2UKVG52c2puUk4rakNTRXBIVTVqN2RJSnBZdmREeGNvQXB6VmxKTDIzeEFWY0NBd0VBQWFOQ01FQXdEZ1lEVlIwUApBUUgvQkFRREFnS2tNQThHQTFVZEV3RUIvd1FGTUFNQkFmOHdIUVlEVlIwT0JCWUVGTmU4ZjdTNVJEUlVsdG51CnhPMmFJUGRoYld2Nk1BMEdDU3FHU0liM0RRRUJDd1VBQTRJQ0FRQ1cvaFZQTUVHSTZySCs3MWNwYzZ6dlZCVHAKejdnc0NQcUIrS1U1SE50RytMWFJzYWJKR3UxRmlPWkozUitSRVZONUVMTUtRbFBrc2NXazMzK0Uydks1TUhxWQpqa0MrcG5sbVNkbGZ3RFBXaGp1TTBNRUlFdHFVUzNneHJCL0lhWjV5T09BOVlFbklmR3VTd3BBeWNldkJVSUhoCmRvd0JhUmtPbzMwbHRoS3JmbEwyQjNuclVLM3Z2Vy9KRE10S0w2cUQxT2gxa2tRNTJYMU9mY1o5SW9IbWRPYWsKN2FZanA2Z3dxTGZuU1ErTkc0Zk9ZbFFxa29VeDcrdlBCcWMyRG1ocndzaUNyZEcxWmcvZjl3SHhnZExwN1puVApKcFJQeGthS2E3WGkvMDlnK0tjcnN4cFBwMVRUYkJZWjBzUXBieDJqZ0JGWlJzR1BaNFlYRDU3QWNjaEVLNUswCnhZQzFOc1JkWURsdFdDYm9jb0xnem1KUHBSZHlWTzlVNXM2RFdrYnJlbVh1dEhrTjgvUkE1TUpqUTJpMS9RMC8KNEtkSTV4M0R6MjFLUzRnZHp3NHZmVWVxZEJQK0tuVG1ldmpLNzFGNWFkaDFjMWRxNnlCMmwwVUVXaTVmN0s2Mgp0T0pKYWZxb1VxaXdiZW1VU3ZnYmJYNXgrM0FXL1l3OEJmc2l1ZkN6ekhYRERtalNGS0VFT0kxWUdkTHdkUWhvCnBGUG5qSFV5RXJaRVdyRVZxVzd3VGtiWDYrSnRlVVBJOHA1RmM1bllWMVk0RlBjVE5pcmlVWXRzK2JrZHhESW0KbW5XZWdlNDI4bmk5Z0ZONnZpS3A0VS80eUJYbGszRU1aTWdFQ2xnSmZoMTdkN3hNc2dQMzJVdlZ1cXJpZ0w3aAorRGJUZ3pQZmZuRFRyN0FMY3c9PQotLS0tLUVORCBDRVJUSUZJQ0FURS0tLS0tCg==\n    server: https://aks-3obe5mma.hcp.southcentralus.azmk8s.io:443\n  name: jx8magic8ballAks\ncontexts:\n- context:\n    cluster: jx8magic8ballAks\n    user: clusterAdmin_jx8magic8ballRG_jx8magic8ballAks\n  name: jx8magic8ballAks\ncurrent-context: jx8magic8ballAks\nkind: Config\npreferences: {}\nusers:\n- name: clusterAdmin_jx8magic8ballRG_jx8magic8ballAks\n  user:\n    client-certificate-data: LS0tLS1CRUdJTiBDRVJUSUZJQ0FURS0tLS0tCk1JSUZIakNDQXdhZ0F3SUJBZ0lSQUlPSjdzWVpjdTA0WDNuQmVlaVRSNFl3RFFZSktvWklodmNOQVFFTEJRQXcKRFRFTE1Ba0dBMVVFQXhNQ1kyRXdIaGNOTWpRd016STJNakEwTlRJMFdoY05Nall3TXpJMk1qQTFOVEkwV2pBdwpNUmN3RlFZRFZRUUtFdzV6ZVhOMFpXMDZiV0Z6ZEdWeWN6RVZNQk1HQTFVRUF4TU1iV0Z6ZEdWeVkyeHBaVzUwCk1JSUNJakFOQmdrcWhraUc5dzBCQVFFRkFBT0NBZzhBTUlJQ0NnS0NBZ0VBczE3WFBrUmwrcnZjdSt5Qm55ZUsKYWJFQXljKzE2Qm42QjRxUkM0ME5kcUV2RkRXTTFhR3ZmbElWdkxMUUZIbEZVb0F6ZGc2bGdpU2FxczhMWmhZbgpaVE94Ry8zRzh1NHAxb245M1ZPOWRldU0zQ01pbi9hSTVEdUZFWjUxb2dpbUxEcUFwRWZ5eFMyc0tXWjlLNW5pCkt2UWwxV1RBVDBZYzlFaDYwQ2srM3EyMGtRenRPUnFDR3E5ZFVoYy9yU0pxV1I3bDhuQ25Od3R4M09FSTR4M2MKem9LN2s1NUhWMURsTVpxNlMxOW9JOTRpdmhORlUzNHV1MXhuelRqUUcwaXdjYWdWbkp5cy9EcG8rOU1GOHZ0MApJRGVvZjRQMjFiZkNNbHd2T3ZmRzlwb1ZEODFJam8wR1BHbHNHQ3pNS0RTMTRVUnpyMDU3ZG5SbnpneFNTSGs1CjR0VkdMbjlpRFErUWZqZForelo0OGZMSHc2WDJ6ZHdmOUZGY3l4a2tRU0RiV2Z3QXhjSHF4V1dOdVVUOVlLbG8Ka2h2RHNlMGhoS3hmclhHWVRBTTdnTGRGbWNJczY2QXJyMmpHUTJZNVNzNk16SFgrYWRZZ1NaSjRNcERsUlh0WQpzOG9VK0ZoekR3R2YwbUNFZ3hlU3dBMVBYdXl6MDlaVVl1ZFZhUGxwSEpnekRTZjdVTnJTZzF6WUpOcHlIVm1MClNhLzZseDFrKzVlZUc1bng4MjRFaW9GVjBRd1NQYTVqZFdwcElSYmFDRXJkMjh0blkvOGdheFh5V3ROOGZ4SkwKTlo3TTE5bEFFN1VHNDRvZ05iR1RBdXFSbXg3VUx2cCtaNnlvZ2wrQjEzTzZLQy91K3RvNkJhVVFwZGtyUmhsNworZXpHQTl4MVpEV0xFTlZFeGhjY0Iva0NBd0VBQWFOV01GUXdEZ1lEVlIwUEFRSC9CQVFEQWdXZ01CTUdBMVVkCkpRUU1NQW9HQ0NzR0FRVUZCd01DTUF3R0ExVWRFd0VCL3dRQ01BQXdId1lEVlIwakJCZ3dGb0FVMTd4L3RMbEUKTkZTVzJlN0U3Wm9nOTJGdGEvb3dEUVlKS29aSWh2Y05BUUVMQlFBRGdnSUJBSDBSTjBxVGJJVWQyb01WRUhNdAo0enJQNkNBNDN3R1NnQjhUS2xUU3BaVTk5VWQyN1VremlZYndBVG1tUFRHOFcxcHVFTktwUVoyd0d0OUcvb2ZFCmNvenkvZE1CWHY4Yi9kZWg2MmdyYnBTei9kaXVjYW8vWUdxQUFqK3FHYit4OWNUSDhSc2RqSFZyb1huUURrU3kKZ1FWNmlzZ3lSOWZQZWNDK1RNQ1AvQ3pyamhKUEpNRStGZVlWanhVMm9XOE1zNkF1SkVQOWtxWFBOYlZYZTViWgpzMVg4WUJHVWVHbGJEQTUyMUtpRzNBNkFBVytZNnYvRzZUMkdld1ArRlNqKzhiWktiOWtPMHA4MnZ2SzVrR0kyCkVHMUpLa2VkVzkrYzdudkJKRGZhTjllb21XREcyVVR0bU43WWVkL1dIeDBVVVptcjU1VWdMM0hXRldubUlWMXAKbkVHWEkvQlArZVNac0pXTzZiRUoyeXhPeGFiQSswZFdIbTZYUXdWM0ZycXFDYjJJZEc1aENxNVMyYXVVSTJJNApXQ0JoanhaVjV3c0F2SE92Y1gxREh2Y0d3Z1llTnVLMkc4UnR2QmdzMDhLbVM1OWphR1VxVlN4Z0ZxaUVKN3NnCm40UktCZzRHcjN5T0xDa0NmZXlLMlZzWTlqbHVyVUs1cUFRTTNmU1VXMy91NmlpWXp6SWlBTlpKRk9xTk1LYlkKaDVsTjlyblpxeGMvTXlPMGVkcFhJVDJsdUw5SlhzKzdFTHF0bzF4U3R3MlNwZ0FJV3dSOGZaV2RPdmoyek8wegozR3ZGejVhbWZySk9jNjVoTDBubFAyRzVFQXBVRDNlempWaFFXYlBSK1JOU0p5YUFhcEdEeGUwdDl4T2dyUXdmCnEwdTMyVnJhQkE2UmpmQ0lwZDAxRzJvYwotLS0tLUVORCBDRVJUSUZJQ0FURS0tLS0tCg==\n    client-key-data: LS0tLS1CRUdJTiBSU0EgUFJJVkFURSBLRVktLS0tLQpNSUlKS1FJQkFBS0NBZ0VBczE3WFBrUmwrcnZjdSt5Qm55ZUthYkVBeWMrMTZCbjZCNHFSQzQwTmRxRXZGRFdNCjFhR3ZmbElWdkxMUUZIbEZVb0F6ZGc2bGdpU2FxczhMWmhZblpUT3hHLzNHOHU0cDFvbjkzVk85ZGV1TTNDTWkKbi9hSTVEdUZFWjUxb2dpbUxEcUFwRWZ5eFMyc0tXWjlLNW5pS3ZRbDFXVEFUMFljOUVoNjBDayszcTIwa1F6dApPUnFDR3E5ZFVoYy9yU0pxV1I3bDhuQ25Od3R4M09FSTR4M2N6b0s3azU1SFYxRGxNWnE2UzE5b0k5NGl2aE5GClUzNHV1MXhuelRqUUcwaXdjYWdWbkp5cy9EcG8rOU1GOHZ0MElEZW9mNFAyMWJmQ01sd3ZPdmZHOXBvVkQ4MUkKam8wR1BHbHNHQ3pNS0RTMTRVUnpyMDU3ZG5SbnpneFNTSGs1NHRWR0xuOWlEUStRZmpkWit6WjQ4ZkxIdzZYMgp6ZHdmOUZGY3l4a2tRU0RiV2Z3QXhjSHF4V1dOdVVUOVlLbG9raHZEc2UwaGhLeGZyWEdZVEFNN2dMZEZtY0lzCjY2QXJyMmpHUTJZNVNzNk16SFgrYWRZZ1NaSjRNcERsUlh0WXM4b1UrRmh6RHdHZjBtQ0VneGVTd0ExUFh1eXoKMDlaVVl1ZFZhUGxwSEpnekRTZjdVTnJTZzF6WUpOcHlIVm1MU2EvNmx4MWsrNWVlRzVueDgyNEVpb0ZWMFF3UwpQYTVqZFdwcElSYmFDRXJkMjh0blkvOGdheFh5V3ROOGZ4SkxOWjdNMTlsQUU3VUc0NG9nTmJHVEF1cVJteDdVCkx2cCtaNnlvZ2wrQjEzTzZLQy91K3RvNkJhVVFwZGtyUmhsNytlekdBOXgxWkRXTEVOVkV4aGNjQi9rQ0F3RUEKQVFLQ0FnQVpvTzk0UWlXZ0ViK1VTbEtxL3VkVCtxcDJLMnQrWWxmTFJBMDliVVlETVR5YzBwbnczRTFLNjBlWAowcVRRaUJOVG1tVy85SS9KYkpsODFtQjJrYXZIVmY5MFZHcGN3NUxPeUtDeFF3bkxFNERvNDB4TE50cVFZY0M5CnA3cC9FR1ZONUg0RSt4TEJBYW1ic0wwcHdhOERIQ2RidWkyUUppQjA5dlkxVCs5ZnVjb1cvNVhWbHVnSUVBNXgKY0VqMDMvbjZDZVFwSTllQWtlNE85VWhqeXh5RmxVQmY4em1XVEVTek5ieHdrSTA4c3J5Y0UvelAxVE93S1ovYgpQc2JkWHlGMjIrRmFvemhFUWNSR1Z2eCtuMWNVVTErTCtMc0lCbDJFL0k3ekNmd3Z1QXhTV2E2SVQ3WVlZNmZDClBJUmZLa2ppaXZsTWp4WXM4cXp5VCtoaDJwQmVqNEUzam5uc0w4RWhjWVdmMFNuVzZlbTlUWnRySGl3a21STDgKRU4xTE1obDdmc2tscnloRDVBQlJqek95MEFHeld1dWtIbUFxcEhPaTFrdmc3RWkxMWREYWk0cklwWnBZREtmdQpQRDJueHAxQnBFdzVrY0Q1dU9ndzlmcHoycVpUUGpNOGdFb2ttczd3cEtRN0llTGVKMkszUlpsRlkxc2hmNFNXCnV0a1ZIb0ZaN3MwakVjWG4wdTJHT3lrdzhIOHFjWlhhb1UzeXlDM1JuTTJxQy91TTNKRWRSSndyQmdzZlVDQmYKbk5mRXpCVG4rSzJIL0QydHB4RlhKQmRjWU5qM2p0VGdOVHd5bDNiRmc0ZjU2MVFNY0czbG1xTDhiZ0kvdS9qKwpKTEJTdXJ3elUyK2Zwa3lHQ2NaUnVwLzBJMnpHNDJwdEtLc29Fdk9SMkhBK0w1NmgwUUtDQVFFQTI4QmljaE9YCjVmUG1rWVhyS1IxYkNOcE5wc1VQdDB1SzJIaGQyRzBkd0xJUWc3MUJ3UGNqbldGcjBsblY4Sm13VDRtTW1kSC8KZE0yTnMzdktqSE1XeWZCU1lrVzMrUTNGcm1Rc05ycUxIbm5PVExXWTUzQzF3ZlZ0WGZReHpZUWxBSkRYZXdCUAo1cG5xajRUTFh4RUFVYUYrRGlTZm14YWJDMHhlWnlZcVdaOElUa1dBdUw0cXlKb0x1b05qTXI4dHZPWEFjMlJoCnNoRE8xRHlYL2c1eVdMRlRIRGNzcUx3aUEwMDhqZTJpY2Y0V0o4R0I4T2xFKzlDQ0UwUjNxbDdEVkMxTDNYb1QKN3JsSUhubWNSOXpBQUsyZTZDOTRnMHY3cUc2c2FNaUVWZi94Yk8rdlU2N0ZnSVNWRExsWnJyVkxmWkNBQTgzcAp6dStQeWdzakZQdUtPd0tDQVFFQTBQVkJaZlB5dy93aXlMenp3eXQ0b1JSTnFhaXpmakZsdUl4ZFpvUFpXK0M5CnRQQXNudXFVM3VuRnBGeG45SUI5OEk5NERWRE9COVJwblI4S3p6VFdBcFYxMXZSUnR3QTdqWXhVOTJZa3VYTlQKMm1OeW5VR1VvMHQrdHc3OWN5Z05uK1M1YloxNjE1QkJLNzFZYWlkcnI5aFlSc0tFNnhIbjcvMS9ZTHFVM2RkQwpvYjd5bkJmTlBQREFvMGlkUEZaYzRzZUV4N3NvaS9sTEsyMm0yT1gvQVFDRXgzYm9TQlV3d2YzVHhUSG5HOXkxCmFWSVpWemdVemJoNk9xREhOWGxrMktuYU9WUkdVVjJMMUVORDZwWnlDRlkwb0VPaGpUYWpuaEdKQ284aEtxa1oKSXU0bXVzK1dsR2hSOHNoWkJnai9JaFB0Wmdxa2plQW9QMVNUWDlKZld3S0NBUUVBcjNKMkp1WUZ6STVpYzZVYwpENE5rZnpqcjdrNC9NZlNhTWlKSHF0ZlRmVm10WGNEb2tvdStYNVM4WlFGY2tlL2ltRjRWWjJvR0x0YytYeUppCm9LZnlkZC90cHBCTFJnajgzek1US2M3ZDY4TU1OcXAySGJJYkszUXJrV3U1cDMvdG12b0pVQ2I3by8wWERPYlYKQ0YybWg0WU1BbmF6Qnp1UkpnQWZEdk9sdEZBSWJaV0lJL2VRYVFDMGhJRUozaVpNK2hmbEF6d04xQUVmWU12UAovZ0xDd0pVeTZjQVRZOVJ3dzNvUzhxM2JtRzlvZU8xQ05YbkluZFBuUmtMUDE3STQrU2dBL2g3TmN6ZHlvUUl2CkNDRHpHcGVEMjVTcS93alhMNjdNOEF2SHZISFA2MDJpQ1luc0hhTzg3SisvUG9GNGVCTzZZVTh4Y1FwTEh1Q3QKYmI4MnFRS0NBUUFrc1N4T3JzdU9ScFFGRThqcUdKUVNGUEtlUEJWb3IxdmhVQ1NHZjlpSEhhdXlQZ3BYelhGZQp3MFlGV29TV2xvbUcyR3FJVEF3aHE5YnYxQ2Vkd3ZWaGRzVStmYUJydGdxL0RFbFBPQXh5MUNHQlU3MG9oLytGCnZSZi9KUTYwVGZBMmgzOVlGRE1oN3g3Q2cza25DczBLRDc5UWpZK3hoMjltNE9paEg2Sk1ZaVE5S3I2SFVsYWoKd05MUzJVbGk4dmRVaXh4eHhoZVVuSzNxYmxMQis0RVB0L3VZMnZSbTAvRy8zc1owOWhKUy9pcU0xL0hETXdIVQpMZlNvbnRyY05QalVZdDhDK2gxdTVESk5qNUk1ZXptQzVVQlFkQS9HTURZQzU2bGN4VTFacEYvWmxtQU9wYTBYCldrb3BpNnkyTnBZMmNiRmFIYnhQZlhFVHpkSWpIVm5KQW9JQkFRQ0hOK0h3NUZLYzNsNlYveUdNYUpJMFBkMTYKNzhvUWxlOXRISnhFbnk1czBSWVByUDc1Vm1CZTlDMm9tVERRL0hPajRFaERoRk5WZXhkSE5WZklQaGZ6MkxDNQpLcFRqbnhkTEFsSjhnWGNFV1FrNkpPWFFzbTdMeFprc1ozbzk1TmprNzRzU255NkQzd21IQ3dzSEQreVIzOXNmCkFXSXpCZkRKZStra2w4S3lEUmFrUUsvUFZBNHp5bjZHeFozQTh2YnJXVU44eDRjR0tNRjg4Tm1JMmhUdU95SEkKbyt0UVZpTlRkci9kVEQ2UlNPRTg3aUxuamJSbWM0QzZMNEVNWE50MFMxVGNLZmZKVEgwdmpxVE54YWMrNCtmagpQWlJFeUhESWQ1OFFaejJiSzNLcFJMUGl4cmFxRU4ySlpteTZMbm04TVgzMFh2SFJ5S2FqSkVTdXV3a2IKLS0tLS1FTkQgUlNBIFBSSVZBVEUgS0VZLS0tLS0K\n    token: o7ep46bpt0al6bfgplbdodispm9pe45cxqm3r27k4xctp1o16fe1qvd34zqywupfzu2vx3n45euedvkdxnc27mjf4l4etn07nh8dfhlkxpl7kvvjhip76w1chj4yk6z7\n",
            "kube_config": [
              {
                "client_certificate": "",
                "client_key": "",
                "cluster_ca_certificate": "LS0tLS1CRUdJTiBDRVJUSUZJQ0FURS0tLS0tCk1JSUU2VENDQXRHZ0F3SUJBZ0lSQU9oU3pOY0RGQjVEUnNENDN6MkJ3a1l3RFFZSktvWklodmNOQVFFTEJRQXcKRFRFTE1Ba0dBMVVFQXhNQ1kyRXdJQmNOTWpRd016STJNakEwTlRJMFdoZ1BNakExTkRBek1qWXlNRFUxTWpSYQpNQTB4Q3pBSkJnTlZCQU1UQW1OaE1JSUNJakFOQmdrcWhraUc5dzBCQVFFRkFBT0NBZzhBTUlJQ0NnS0NBZ0VBCjBrVE9Uc1Y1SS9EMytLbHlHMkRITjdQaHVySXJCSDcrUnJ4OFdQUmo3a1NZRElBQlFXTzVVRllERFFEOVNsUDkKR252TU9wRWQvVFVaSTlQMG90VUgrUVlaOHZXNGxLYkI5K01tZEJ3NFhJdVpkLzc4UWNqM2NoaFlvcFZKMm03dQpkS3Bhby9YcjJGOG9xNHNJVDNPbEFjMThES2JBcjJ1eHljWm5EaGxPZWFwdDhBWWRic1FNYTgvcHkxbzBpM2JCCnpGZ2pERTBTalNNTHdJc1liU1UvaDJRNUlEQkM1ZWVTLzFxcmwzTnc1SVhZbEtqczgzbVJzZGRBOStjdVA4SzUKQ3d0V1FtQWdVWkxaVFBia1lHcHlxVmlZMDRKRmlOdkR2Q204OS9QMTlTQWY1aHBmTllrdCtIeDdxZHliRWJYNQoxMkVrSk9qUlVsdnlxUmowUUtGQ0dOQkFRc1FhMWk5aHdkU09Wc1MvSzAxWjluREorN3lyTWRBcU9XMU5rWnZ3CmJydFBsc1NxQ0h1RlBjbmcwdlFJbzViRE9xZ2ozTWFmT1VoT1dNVG9nTEZZK0h6OUVzQldGbUlrOU5MQitFUGcKamZ3V1pkL1IrOUhLSVNmRFdyVU9iN2tMQ2U4NUdSdlFOa3NYcHJNMEtoSkZWWmNLNHdONzB6bEpLMkpPQkZBawovaXBiRjdiMytTb2hMKzBTeDR0N0Q2VmRYM3FMa2syWHZ4a2traUR0aWY0NUNBUEg5QzBNcnMzVXRScUc0UTN2CnpnbUpVMXJuc0hSeXZDQjFvMy9LL3pRWS9Ib05CdnB4RHJieXNzT1ZicmNLUzgwODZEdW5BMlpvUFV1Y25kc2UKVG52c2puUk4rakNTRXBIVTVqN2RJSnBZdmREeGNvQXB6VmxKTDIzeEFWY0NBd0VBQWFOQ01FQXdEZ1lEVlIwUApBUUgvQkFRREFnS2tNQThHQTFVZEV3RUIvd1FGTUFNQkFmOHdIUVlEVlIwT0JCWUVGTmU4ZjdTNVJEUlVsdG51CnhPMmFJUGRoYld2Nk1BMEdDU3FHU0liM0RRRUJDd1VBQTRJQ0FRQ1cvaFZQTUVHSTZySCs3MWNwYzZ6dlZCVHAKejdnc0NQcUIrS1U1SE50RytMWFJzYWJKR3UxRmlPWkozUitSRVZONUVMTUtRbFBrc2NXazMzK0Uydks1TUhxWQpqa0MrcG5sbVNkbGZ3RFBXaGp1TTBNRUlFdHFVUzNneHJCL0lhWjV5T09BOVlFbklmR3VTd3BBeWNldkJVSUhoCmRvd0JhUmtPbzMwbHRoS3JmbEwyQjNuclVLM3Z2Vy9KRE10S0w2cUQxT2gxa2tRNTJYMU9mY1o5SW9IbWRPYWsKN2FZanA2Z3dxTGZuU1ErTkc0Zk9ZbFFxa29VeDcrdlBCcWMyRG1ocndzaUNyZEcxWmcvZjl3SHhnZExwN1puVApKcFJQeGthS2E3WGkvMDlnK0tjcnN4cFBwMVRUYkJZWjBzUXBieDJqZ0JGWlJzR1BaNFlYRDU3QWNjaEVLNUswCnhZQzFOc1JkWURsdFdDYm9jb0xnem1KUHBSZHlWTzlVNXM2RFdrYnJlbVh1dEhrTjgvUkE1TUpqUTJpMS9RMC8KNEtkSTV4M0R6MjFLUzRnZHp3NHZmVWVxZEJQK0tuVG1ldmpLNzFGNWFkaDFjMWRxNnlCMmwwVUVXaTVmN0s2Mgp0T0pKYWZxb1VxaXdiZW1VU3ZnYmJYNXgrM0FXL1l3OEJmc2l1ZkN6ekhYRERtalNGS0VFT0kxWUdkTHdkUWhvCnBGUG5qSFV5RXJaRVdyRVZxVzd3VGtiWDYrSnRlVVBJOHA1RmM1bllWMVk0RlBjVE5pcmlVWXRzK2JrZHhESW0KbW5XZWdlNDI4bmk5Z0ZONnZpS3A0VS80eUJYbGszRU1aTWdFQ2xnSmZoMTdkN3hNc2dQMzJVdlZ1cXJpZ0w3aAorRGJUZ3pQZmZuRFRyN0FMY3c9PQotLS0tLUVORCBDRVJUSUZJQ0FURS0tLS0tCg==",
                "host": "https://aks-3obe5mma.hcp.southcentralus.azmk8s.io:443",
                "password": "",
                "username": "clusterUser_jx8magic8ballRG_jx8magic8ballAks"
              }
            ],
            "kube_config_raw": "apiVersion: v1\nclusters:\n- cluster:\n    certificate-authority-data: LS0tLS1CRUdJTiBDRVJUSUZJQ0FURS0tLS0tCk1JSUU2VENDQXRHZ0F3SUJBZ0lSQU9oU3pOY0RGQjVEUnNENDN6MkJ3a1l3RFFZSktvWklodmNOQVFFTEJRQXcKRFRFTE1Ba0dBMVVFQXhNQ1kyRXdJQmNOTWpRd016STJNakEwTlRJMFdoZ1BNakExTkRBek1qWXlNRFUxTWpSYQpNQTB4Q3pBSkJnTlZCQU1UQW1OaE1JSUNJakFOQmdrcWhraUc5dzBCQVFFRkFBT0NBZzhBTUlJQ0NnS0NBZ0VBCjBrVE9Uc1Y1SS9EMytLbHlHMkRITjdQaHVySXJCSDcrUnJ4OFdQUmo3a1NZRElBQlFXTzVVRllERFFEOVNsUDkKR252TU9wRWQvVFVaSTlQMG90VUgrUVlaOHZXNGxLYkI5K01tZEJ3NFhJdVpkLzc4UWNqM2NoaFlvcFZKMm03dQpkS3Bhby9YcjJGOG9xNHNJVDNPbEFjMThES2JBcjJ1eHljWm5EaGxPZWFwdDhBWWRic1FNYTgvcHkxbzBpM2JCCnpGZ2pERTBTalNNTHdJc1liU1UvaDJRNUlEQkM1ZWVTLzFxcmwzTnc1SVhZbEtqczgzbVJzZGRBOStjdVA4SzUKQ3d0V1FtQWdVWkxaVFBia1lHcHlxVmlZMDRKRmlOdkR2Q204OS9QMTlTQWY1aHBmTllrdCtIeDdxZHliRWJYNQoxMkVrSk9qUlVsdnlxUmowUUtGQ0dOQkFRc1FhMWk5aHdkU09Wc1MvSzAxWjluREorN3lyTWRBcU9XMU5rWnZ3CmJydFBsc1NxQ0h1RlBjbmcwdlFJbzViRE9xZ2ozTWFmT1VoT1dNVG9nTEZZK0h6OUVzQldGbUlrOU5MQitFUGcKamZ3V1pkL1IrOUhLSVNmRFdyVU9iN2tMQ2U4NUdSdlFOa3NYcHJNMEtoSkZWWmNLNHdONzB6bEpLMkpPQkZBawovaXBiRjdiMytTb2hMKzBTeDR0N0Q2VmRYM3FMa2syWHZ4a2traUR0aWY0NUNBUEg5QzBNcnMzVXRScUc0UTN2CnpnbUpVMXJuc0hSeXZDQjFvMy9LL3pRWS9Ib05CdnB4RHJieXNzT1ZicmNLUzgwODZEdW5BMlpvUFV1Y25kc2UKVG52c2puUk4rakNTRXBIVTVqN2RJSnBZdmREeGNvQXB6VmxKTDIzeEFWY0NBd0VBQWFOQ01FQXdEZ1lEVlIwUApBUUgvQkFRREFnS2tNQThHQTFVZEV3RUIvd1FGTUFNQkFmOHdIUVlEVlIwT0JCWUVGTmU4ZjdTNVJEUlVsdG51CnhPMmFJUGRoYld2Nk1BMEdDU3FHU0liM0RRRUJDd1VBQTRJQ0FRQ1cvaFZQTUVHSTZySCs3MWNwYzZ6dlZCVHAKejdnc0NQcUIrS1U1SE50RytMWFJzYWJKR3UxRmlPWkozUitSRVZONUVMTUtRbFBrc2NXazMzK0Uydks1TUhxWQpqa0MrcG5sbVNkbGZ3RFBXaGp1TTBNRUlFdHFVUzNneHJCL0lhWjV5T09BOVlFbklmR3VTd3BBeWNldkJVSUhoCmRvd0JhUmtPbzMwbHRoS3JmbEwyQjNuclVLM3Z2Vy9KRE10S0w2cUQxT2gxa2tRNTJYMU9mY1o5SW9IbWRPYWsKN2FZanA2Z3dxTGZuU1ErTkc0Zk9ZbFFxa29VeDcrdlBCcWMyRG1ocndzaUNyZEcxWmcvZjl3SHhnZExwN1puVApKcFJQeGthS2E3WGkvMDlnK0tjcnN4cFBwMVRUYkJZWjBzUXBieDJqZ0JGWlJzR1BaNFlYRDU3QWNjaEVLNUswCnhZQzFOc1JkWURsdFdDYm9jb0xnem1KUHBSZHlWTzlVNXM2RFdrYnJlbVh1dEhrTjgvUkE1TUpqUTJpMS9RMC8KNEtkSTV4M0R6MjFLUzRnZHp3NHZmVWVxZEJQK0tuVG1ldmpLNzFGNWFkaDFjMWRxNnlCMmwwVUVXaTVmN0s2Mgp0T0pKYWZxb1VxaXdiZW1VU3ZnYmJYNXgrM0FXL1l3OEJmc2l1ZkN6ekhYRERtalNGS0VFT0kxWUdkTHdkUWhvCnBGUG5qSFV5RXJaRVdyRVZxVzd3VGtiWDYrSnRlVVBJOHA1RmM1bllWMVk0RlBjVE5pcmlVWXRzK2JrZHhESW0KbW5XZWdlNDI4bmk5Z0ZONnZpS3A0VS80eUJYbGszRU1aTWdFQ2xnSmZoMTdkN3hNc2dQMzJVdlZ1cXJpZ0w3aAorRGJUZ3pQZmZuRFRyN0FMY3c9PQotLS0tLUVORCBDRVJUSUZJQ0FURS0tLS0tCg==\n    server: https://aks-3obe5mma.hcp.southcentralus.azmk8s.io:443\n  name: jx8magic8ballAks\ncontexts:\n- context:\n    cluster: jx8magic8ballAks\n    user: clusterUser_jx8magic8ballRG_jx8magic8ballAks\n  name: jx8magic8ballAks\ncurrent-context: jx8magic8ballAks\nkind: Config\npreferences: {}\nusers:\n- name: clusterUser_jx8magic8ballRG_jx8magic8ballAks\n  user:\n    exec:\n      apiVersion: client.authentication.k8s.io/v1beta1\n      args:\n      - get-token\n      - --environment\n      - AzurePublicCloud\n      - --server-id\n      - 6dae42f8-4368-4678-94ff-3960e28e3630\n      - --client-id\n      - 80faf920-1908-4b52-b5ef-a8e7bedfc67a\n      - --tenant-id\n      - 16b3c013-d300-468d-ac64-7eda0820b6d3\n      - --login\n      - devicecode\n      command: kubelogin\n      env: null\n      installHint: |2\n\n        kubelogin is not installed which is required to connect to AAD enabled cluster.\n\n        To learn more, please go to https://aka.ms/aks/kubelogin\n      provideClusterInfo: false\n",
            "kubelet_identity": [
              {
                "client_id": "2e438335-cf87-422c-ad4d-266f50113afd",
                "object_id": "41e9265f-d2cd-4519-a062-4385d9384a7e",
                "user_assigned_identity_id": "/subscriptions/6879fc1e-5aa4-49d6-8bde-b9577bb6d594/resourceGroups/MC_jx8magic8ballRG_jx8magic8ballAks_southcentralus/providers/Microsoft.ManagedIdentity/userAssignedIdentities/jx8magic8ballAks-agentpool"
              }
            ],
            "kubernetes_version": "1.27.7",
            "linux_profile": [
              {
                "admin_username": "azadmin",
                "ssh_key": [
                  {
                    "key_data": "ssh-rsa AAAAB3NzaC1yc2EAAAADAQABAAABAQDCxuxl0q6GCPhTrxZipoEkEw9tWDFmRjOqAemRRHDDi+eenQqDYisstsuVWIrlByXh/BaQSopXL7XRfUfU51sFLDyMIEN22LUASfbioPTpa3x6jgBrYE1+xK0xDFW3XaL1P6KgWt5HWPvkVGnvgxQ+JdYpTFELzAiPZg5HCJ2uEjHm7DRPPvsvLcnw+Vb4ce+nlg7X7vrVyPyGI8RJLaSL1/9rLT5uscsuFBh0fk8eVlrTCZMkvkuh68GZYfkrKL/1eNOtAuUe6L0JcAW49GYJTVkRLDjvRpbJz4w4BNUnXtAFO4IwyRGmMzV+oCCi2zCB6iZLtHq9qON+K/TVOvA9"
                  }
                ]
              }
            ],
            "local_account_disabled": false,
            "location": "southcentralus",
            "maintenance_window": [],
            "microsoft_defender": [],
            "monitor_metrics": [],
            "name": "jx8magic8ballAks",
            "network_profile": [
              {
                "dns_service_ip": "10.2.0.10",
                "docker_bridge_cidr": "172.17.0.1/16",
                "ebpf_data_plane": "",
                "ip_versions": [
                  "IPv4"
                ],
                "load_balancer_profile": [
                  {
                    "effective_outbound_ips": [],
                    "idle_timeout_in_minutes": 0,
                    "managed_outbound_ip_count": 0,
                    "managed_outbound_ipv6_count": 0,
                    "outbound_ip_address_ids": [],
                    "outbound_ip_prefix_ids": [],
                    "outbound_ports_allocated": 0
                  }
                ],
                "load_balancer_sku": "standard",
                "nat_gateway_profile": [],
                "network_mode": "",
                "network_plugin": "azure",
                "network_plugin_mode": "",
                "network_policy": "",
                "outbound_type": "userAssignedNATGateway",
                "pod_cidr": "",
                "pod_cidrs": [],
                "service_cidr": "10.2.0.0/24",
                "service_cidrs": [
                  "10.2.0.0/24"
                ]
              }
            ],
            "node_resource_group": "MC_jx8magic8ballRG_jx8magic8ballAks_southcentralus",
            "node_resource_group_id": "/subscriptions/6879fc1e-5aa4-49d6-8bde-b9577bb6d594/resourceGroups/MC_jx8magic8ballRG_jx8magic8ballAks_southcentralus",
            "oidc_issuer_enabled": true,
            "oidc_issuer_url": "https://southcentralus.oic.prod-aks.azure.com/16b3c013-d300-468d-ac64-7eda0820b6d3/f7d7be9a-a8f9-43e5-9110-ab410632346c/",
            "oms_agent": [
              {
                "log_analytics_workspace_id": "/subscriptions/6879fc1e-5aa4-49d6-8bde-b9577bb6d594/resourceGroups/jx8magic8ballRG/providers/Microsoft.OperationalInsights/workspaces/jx8magic8ballWorkspace",
                "msi_auth_for_monitoring_enabled": true,
                "oms_agent_identity": []
              }
            ],
            "open_service_mesh_enabled": true,
            "portal_fqdn": "aks-3obe5mma.portal.hcp.southcentralus.azmk8s.io",
            "private_cluster_enabled": false,
            "private_cluster_public_fqdn_enabled": false,
            "private_dns_zone_id": null,
            "private_fqdn": "",
            "public_network_access_enabled": true,
            "resource_group_name": "jx8magic8ballRG",
            "role_based_access_control_enabled": true,
            "run_command_enabled": true,
            "service_mesh_profile": [],
            "service_principal": [],
            "sku_tier": "Standard",
            "storage_profile": [],
            "tags": {},
            "timeouts": null,
            "web_app_routing": [],
            "windows_profile": [
              {
                "admin_password": "",
                "admin_username": "azureuser",
                "gmsa": [],
                "license": ""
              }
            ],
            "workload_autoscaler_profile": [
              {
                "keda_enabled": true,
                "vertical_pod_autoscaler_controlled_values": "RequestsAndLimits",
                "vertical_pod_autoscaler_enabled": true,
                "vertical_pod_autoscaler_update_mode": "Off"
              }
            ],
            "workload_identity_enabled": true
          },
          "sensitive_attributes": [],
          "private": "eyJlMmJmYjczMC1lY2FhLTExZTYtOGY4OC0zNDM2M2JjN2M0YzAiOnsiY3JlYXRlIjo1NDAwMDAwMDAwMDAwLCJkZWxldGUiOjU0MDAwMDAwMDAwMDAsInJlYWQiOjMwMDAwMDAwMDAwMCwidXBkYXRlIjo1NDAwMDAwMDAwMDAwfSwic2NoZW1hX3ZlcnNpb24iOiIyIn0=",
          "dependencies": [
            "azurerm_resource_group.rg",
            "data.azurerm_client_config.current",
            "module.aks_cluster.azurerm_user_assigned_identity.aks_identity",
            "module.container_registry.azurerm_container_registry.acr",
            "module.container_registry.azurerm_monitor_diagnostic_setting.settings",
            "module.container_registry.azurerm_user_assigned_identity.acr_identity",
            "module.log_analytics_workspace.azurerm_log_analytics_workspace.log_analytics_workspace",
            "module.nat_gateway.azurerm_nat_gateway.nat_gateway",
            "module.nat_gateway.azurerm_nat_gateway_public_ip_association.nat_gategay_public_ip_association",
            "module.nat_gateway.azurerm_public_ip.nat_gategay_public_ip",
            "module.nat_gateway.azurerm_subnet_nat_gateway_association.nat-avd-sessionhosts",
            "module.virtual_network.azurerm_subnet.subnet",
            "module.virtual_network.azurerm_virtual_network.vnet",
            "random_string.prefix"
          ]
        }
      ]
    },
    {
      "module": "module.aks_cluster",
      "mode": "managed",
      "type": "azurerm_monitor_diagnostic_setting",
      "name": "settings",
      "provider": "provider[\"registry.terraform.io/hashicorp/azurerm\"]",
      "instances": [
        {
          "schema_version": 0,
          "attributes": {
            "enabled_log": [
              {
                "category": "cluster-autoscaler",
                "category_group": "",
                "retention_policy": [
                  {
                    "days": 0,
                    "enabled": false
                  }
                ]
              },
              {
                "category": "guard",
                "category_group": "",
                "retention_policy": [
                  {
                    "days": 0,
                    "enabled": false
                  }
                ]
              },
              {
                "category": "kube-apiserver",
                "category_group": "",
                "retention_policy": [
                  {
                    "days": 0,
                    "enabled": false
                  }
                ]
              },
              {
                "category": "kube-audit",
                "category_group": "",
                "retention_policy": [
                  {
                    "days": 0,
                    "enabled": false
                  }
                ]
              },
              {
                "category": "kube-audit-admin",
                "category_group": "",
                "retention_policy": [
                  {
                    "days": 0,
                    "enabled": false
                  }
                ]
              },
              {
                "category": "kube-controller-manager",
                "category_group": "",
                "retention_policy": [
                  {
                    "days": 0,
                    "enabled": false
                  }
                ]
              },
              {
                "category": "kube-scheduler",
                "category_group": "",
                "retention_policy": [
                  {
                    "days": 0,
                    "enabled": false
                  }
                ]
              }
            ],
            "eventhub_authorization_rule_id": "",
            "eventhub_name": "",
            "id": "/subscriptions/6879fc1e-5aa4-49d6-8bde-b9577bb6d594/resourceGroups/jx8magic8ballRG/providers/Microsoft.ContainerService/managedClusters/jx8magic8ballAks|DiagnosticsSettings",
            "log": [
              {
                "category": "cloud-controller-manager",
                "category_group": "",
                "enabled": false,
                "retention_policy": [
                  {
                    "days": 0,
                    "enabled": false
                  }
                ]
              },
              {
                "category": "cluster-autoscaler",
                "category_group": "",
                "enabled": true,
                "retention_policy": [
                  {
                    "days": 0,
                    "enabled": false
                  }
                ]
              },
              {
                "category": "csi-azuredisk-controller",
                "category_group": "",
                "enabled": false,
                "retention_policy": [
                  {
                    "days": 0,
                    "enabled": false
                  }
                ]
              },
              {
                "category": "csi-azurefile-controller",
                "category_group": "",
                "enabled": false,
                "retention_policy": [
                  {
                    "days": 0,
                    "enabled": false
                  }
                ]
              },
              {
                "category": "csi-snapshot-controller",
                "category_group": "",
                "enabled": false,
                "retention_policy": [
                  {
                    "days": 0,
                    "enabled": false
                  }
                ]
              },
              {
                "category": "guard",
                "category_group": "",
                "enabled": true,
                "retention_policy": [
                  {
                    "days": 0,
                    "enabled": false
                  }
                ]
              },
              {
                "category": "kube-apiserver",
                "category_group": "",
                "enabled": true,
                "retention_policy": [
                  {
                    "days": 0,
                    "enabled": false
                  }
                ]
              },
              {
                "category": "kube-audit",
                "category_group": "",
                "enabled": true,
                "retention_policy": [
                  {
                    "days": 0,
                    "enabled": false
                  }
                ]
              },
              {
                "category": "kube-audit-admin",
                "category_group": "",
                "enabled": true,
                "retention_policy": [
                  {
                    "days": 0,
                    "enabled": false
                  }
                ]
              },
              {
                "category": "kube-controller-manager",
                "category_group": "",
                "enabled": true,
                "retention_policy": [
                  {
                    "days": 0,
                    "enabled": false
                  }
                ]
              },
              {
                "category": "kube-scheduler",
                "category_group": "",
                "enabled": true,
                "retention_policy": [
                  {
                    "days": 0,
                    "enabled": false
                  }
                ]
              }
            ],
            "log_analytics_destination_type": "AzureDiagnostics",
            "log_analytics_workspace_id": "/subscriptions/6879fc1e-5aa4-49d6-8bde-b9577bb6d594/resourceGroups/jx8magic8ballRG/providers/Microsoft.OperationalInsights/workspaces/jx8magic8ballWorkspace",
            "metric": [
              {
                "category": "AllMetrics",
                "enabled": true,
                "retention_policy": [
                  {
                    "days": 0,
                    "enabled": false
                  }
                ]
              }
            ],
            "name": "DiagnosticsSettings",
            "partner_solution_id": null,
            "storage_account_id": null,
            "target_resource_id": "/subscriptions/6879fc1e-5aa4-49d6-8bde-b9577bb6d594/resourceGroups/jx8magic8ballRG/providers/Microsoft.ContainerService/managedClusters/jx8magic8ballAks",
            "timeouts": null
          },
          "sensitive_attributes": [],
          "private": "eyJlMmJmYjczMC1lY2FhLTExZTYtOGY4OC0zNDM2M2JjN2M0YzAiOnsiY3JlYXRlIjoxODAwMDAwMDAwMDAwLCJkZWxldGUiOjM2MDAwMDAwMDAwMDAsInJlYWQiOjMwMDAwMDAwMDAwMCwidXBkYXRlIjoxODAwMDAwMDAwMDAwfX0=",
          "dependencies": [
            "azurerm_resource_group.rg",
            "data.azurerm_client_config.current",
            "module.aks_cluster.azurerm_kubernetes_cluster.aks_cluster",
            "module.aks_cluster.azurerm_user_assigned_identity.aks_identity",
            "module.container_registry.azurerm_container_registry.acr",
            "module.container_registry.azurerm_monitor_diagnostic_setting.settings",
            "module.container_registry.azurerm_user_assigned_identity.acr_identity",
            "module.log_analytics_workspace.azurerm_log_analytics_workspace.log_analytics_workspace",
            "module.nat_gateway.azurerm_nat_gateway.nat_gateway",
            "module.nat_gateway.azurerm_nat_gateway_public_ip_association.nat_gategay_public_ip_association",
            "module.nat_gateway.azurerm_public_ip.nat_gategay_public_ip",
            "module.nat_gateway.azurerm_subnet_nat_gateway_association.nat-avd-sessionhosts",
            "module.virtual_network.azurerm_subnet.subnet",
            "module.virtual_network.azurerm_virtual_network.vnet",
            "random_string.prefix"
          ]
        }
      ]
    },
    {
      "module": "module.aks_cluster",
      "mode": "managed",
      "type": "azurerm_user_assigned_identity",
      "name": "aks_identity",
      "provider": "provider[\"registry.terraform.io/hashicorp/azurerm\"]",
      "instances": [
        {
          "schema_version": 1,
          "attributes": {
            "client_id": "08f1d900-61d8-4afd-9c29-4aae6907a729",
            "id": "/subscriptions/6879fc1e-5aa4-49d6-8bde-b9577bb6d594/resourceGroups/jx8magic8ballRG/providers/Microsoft.ManagedIdentity/userAssignedIdentities/jx8magic8ballAksIdentity",
            "location": "southcentralus",
            "name": "jx8magic8ballAksIdentity",
            "principal_id": "6a37ef9c-42b0-4216-88e0-9ee6a4dce70f",
            "resource_group_name": "jx8magic8ballRG",
            "tags": {
              "createdWith": "Terraform"
            },
            "tenant_id": "16b3c013-d300-468d-ac64-7eda0820b6d3",
            "timeouts": null
          },
          "sensitive_attributes": [],
          "private": "eyJlMmJmYjczMC1lY2FhLTExZTYtOGY4OC0zNDM2M2JjN2M0YzAiOnsiY3JlYXRlIjoxODAwMDAwMDAwMDAwLCJkZWxldGUiOjE4MDAwMDAwMDAwMDAsInJlYWQiOjMwMDAwMDAwMDAwMCwidXBkYXRlIjoxODAwMDAwMDAwMDAwfSwic2NoZW1hX3ZlcnNpb24iOiIxIn0=",
          "dependencies": [
            "azurerm_resource_group.rg",
            "module.container_registry.azurerm_container_registry.acr",
            "module.container_registry.azurerm_monitor_diagnostic_setting.settings",
            "module.container_registry.azurerm_user_assigned_identity.acr_identity",
            "module.log_analytics_workspace.azurerm_log_analytics_workspace.log_analytics_workspace",
            "module.nat_gateway.azurerm_nat_gateway.nat_gateway",
            "module.nat_gateway.azurerm_nat_gateway_public_ip_association.nat_gategay_public_ip_association",
            "module.nat_gateway.azurerm_public_ip.nat_gategay_public_ip",
            "module.nat_gateway.azurerm_subnet_nat_gateway_association.nat-avd-sessionhosts",
            "module.virtual_network.azurerm_subnet.subnet",
            "module.virtual_network.azurerm_virtual_network.vnet",
            "random_string.prefix"
          ]
        }
      ]
    },
    {
      "module": "module.bastion_host",
      "mode": "managed",
      "type": "azurerm_bastion_host",
      "name": "bastion_host",
      "provider": "provider[\"registry.terraform.io/hashicorp/azurerm\"]",
      "instances": [
        {
          "schema_version": 0,
          "attributes": {
            "copy_paste_enabled": true,
            "dns_name": "bst-33614342-9b15-4da4-b30b-c93796e5a754.bastion.azure.com",
            "file_copy_enabled": false,
            "id": "/subscriptions/6879fc1e-5aa4-49d6-8bde-b9577bb6d594/resourceGroups/jx8magic8ballRG/providers/Microsoft.Network/bastionHosts/jx8magic8ballBastionHost",
            "ip_configuration": [
              {
                "name": "configuration",
                "public_ip_address_id": "/subscriptions/6879fc1e-5aa4-49d6-8bde-b9577bb6d594/resourceGroups/jx8magic8ballRG/providers/Microsoft.Network/publicIPAddresses/jx8magic8ballBastionHostPublicIp",
                "subnet_id": "/subscriptions/6879fc1e-5aa4-49d6-8bde-b9577bb6d594/resourceGroups/jx8magic8ballRG/providers/Microsoft.Network/virtualNetworks/jx8magic8ballAksVNet/subnets/AzureBastionSubnet"
              }
            ],
            "ip_connect_enabled": false,
            "location": "southcentralus",
            "name": "jx8magic8ballBastionHost",
            "resource_group_name": "jx8magic8ballRG",
            "scale_units": 2,
            "shareable_link_enabled": false,
            "sku": "Basic",
            "tags": {
              "createdWith": "Terraform"
            },
            "timeouts": null,
            "tunneling_enabled": false
          },
          "sensitive_attributes": [],
          "private": "eyJlMmJmYjczMC1lY2FhLTExZTYtOGY4OC0zNDM2M2JjN2M0YzAiOnsiY3JlYXRlIjoxODAwMDAwMDAwMDAwLCJkZWxldGUiOjE4MDAwMDAwMDAwMDAsInJlYWQiOjMwMDAwMDAwMDAwMCwidXBkYXRlIjoxODAwMDAwMDAwMDAwfX0=",
          "dependencies": [
            "azurerm_resource_group.rg",
            "module.bastion_host.azurerm_public_ip.public_ip",
            "module.virtual_network.azurerm_subnet.subnet",
            "module.virtual_network.azurerm_virtual_network.vnet",
            "random_string.prefix"
          ]
        }
      ]
    },
    {
      "module": "module.bastion_host",
      "mode": "managed",
      "type": "azurerm_monitor_diagnostic_setting",
      "name": "pip_settings",
      "provider": "provider[\"registry.terraform.io/hashicorp/azurerm\"]",
      "instances": [
        {
          "schema_version": 0,
          "attributes": {
            "enabled_log": [
              {
                "category": "DDoSMitigationFlowLogs",
                "category_group": "",
                "retention_policy": [
                  {
                    "days": 0,
                    "enabled": true
                  }
                ]
              },
              {
                "category": "DDoSMitigationReports",
                "category_group": "",
                "retention_policy": [
                  {
                    "days": 0,
                    "enabled": true
                  }
                ]
              },
              {
                "category": "DDoSProtectionNotifications",
                "category_group": "",
                "retention_policy": [
                  {
                    "days": 0,
                    "enabled": true
                  }
                ]
              }
            ],
            "eventhub_authorization_rule_id": "",
            "eventhub_name": "",
            "id": "/subscriptions/6879fc1e-5aa4-49d6-8bde-b9577bb6d594/resourceGroups/jx8magic8ballRG/providers/Microsoft.Network/publicIPAddresses/jx8magic8ballBastionHostPublicIp|DiagnosticsSettings",
            "log": [
              {
                "category": "DDoSMitigationFlowLogs",
                "category_group": "",
                "enabled": true,
                "retention_policy": [
                  {
                    "days": 0,
                    "enabled": true
                  }
                ]
              },
              {
                "category": "DDoSMitigationReports",
                "category_group": "",
                "enabled": true,
                "retention_policy": [
                  {
                    "days": 0,
                    "enabled": true
                  }
                ]
              },
              {
                "category": "DDoSProtectionNotifications",
                "category_group": "",
                "enabled": true,
                "retention_policy": [
                  {
                    "days": 0,
                    "enabled": true
                  }
                ]
              }
            ],
            "log_analytics_destination_type": "",
            "log_analytics_workspace_id": "/subscriptions/6879fc1e-5aa4-49d6-8bde-b9577bb6d594/resourceGroups/jx8magic8ballRG/providers/Microsoft.OperationalInsights/workspaces/jx8magic8ballWorkspace",
            "metric": [
              {
                "category": "AllMetrics",
                "enabled": true,
                "retention_policy": [
                  {
                    "days": 0,
                    "enabled": true
                  }
                ]
              }
            ],
            "name": "DiagnosticsSettings",
            "partner_solution_id": null,
            "storage_account_id": null,
            "target_resource_id": "/subscriptions/6879fc1e-5aa4-49d6-8bde-b9577bb6d594/resourceGroups/jx8magic8ballRG/providers/Microsoft.Network/publicIPAddresses/jx8magic8ballBastionHostPublicIp",
            "timeouts": null
          },
          "sensitive_attributes": [],
          "private": "eyJlMmJmYjczMC1lY2FhLTExZTYtOGY4OC0zNDM2M2JjN2M0YzAiOnsiY3JlYXRlIjoxODAwMDAwMDAwMDAwLCJkZWxldGUiOjM2MDAwMDAwMDAwMDAsInJlYWQiOjMwMDAwMDAwMDAwMCwidXBkYXRlIjoxODAwMDAwMDAwMDAwfX0=",
          "dependencies": [
            "azurerm_resource_group.rg",
            "module.bastion_host.azurerm_public_ip.public_ip",
            "module.log_analytics_workspace.azurerm_log_analytics_workspace.log_analytics_workspace",
            "random_string.prefix"
          ]
        }
      ]
    },
    {
      "module": "module.bastion_host",
      "mode": "managed",
      "type": "azurerm_monitor_diagnostic_setting",
      "name": "settings",
      "provider": "provider[\"registry.terraform.io/hashicorp/azurerm\"]",
      "instances": [
        {
          "schema_version": 0,
          "attributes": {
            "enabled_log": [
              {
                "category": "BastionAuditLogs",
                "category_group": "",
                "retention_policy": [
                  {
                    "days": 0,
                    "enabled": true
                  }
                ]
              }
            ],
            "eventhub_authorization_rule_id": "",
            "eventhub_name": "",
            "id": "/subscriptions/6879fc1e-5aa4-49d6-8bde-b9577bb6d594/resourceGroups/jx8magic8ballRG/providers/Microsoft.Network/bastionHosts/jx8magic8ballBastionHost|DiagnosticsSettings",
            "log": [
              {
                "category": "BastionAuditLogs",
                "category_group": "",
                "enabled": true,
                "retention_policy": [
                  {
                    "days": 0,
                    "enabled": true
                  }
                ]
              }
            ],
            "log_analytics_destination_type": "",
            "log_analytics_workspace_id": "/subscriptions/6879fc1e-5aa4-49d6-8bde-b9577bb6d594/resourceGroups/jx8magic8ballRG/providers/Microsoft.OperationalInsights/workspaces/jx8magic8ballWorkspace",
            "metric": [
              {
                "category": "AllMetrics",
                "enabled": true,
                "retention_policy": [
                  {
                    "days": 0,
                    "enabled": true
                  }
                ]
              }
            ],
            "name": "DiagnosticsSettings",
            "partner_solution_id": null,
            "storage_account_id": null,
            "target_resource_id": "/subscriptions/6879fc1e-5aa4-49d6-8bde-b9577bb6d594/resourceGroups/jx8magic8ballRG/providers/Microsoft.Network/bastionHosts/jx8magic8ballBastionHost",
            "timeouts": null
          },
          "sensitive_attributes": [],
          "private": "eyJlMmJmYjczMC1lY2FhLTExZTYtOGY4OC0zNDM2M2JjN2M0YzAiOnsiY3JlYXRlIjoxODAwMDAwMDAwMDAwLCJkZWxldGUiOjM2MDAwMDAwMDAwMDAsInJlYWQiOjMwMDAwMDAwMDAwMCwidXBkYXRlIjoxODAwMDAwMDAwMDAwfX0=",
          "dependencies": [
            "azurerm_resource_group.rg",
            "module.bastion_host.azurerm_bastion_host.bastion_host",
            "module.bastion_host.azurerm_public_ip.public_ip",
            "module.log_analytics_workspace.azurerm_log_analytics_workspace.log_analytics_workspace",
            "module.virtual_network.azurerm_subnet.subnet",
            "module.virtual_network.azurerm_virtual_network.vnet",
            "random_string.prefix"
          ]
        }
      ]
    },
    {
      "module": "module.bastion_host",
      "mode": "managed",
      "type": "azurerm_public_ip",
      "name": "public_ip",
      "provider": "provider[\"registry.terraform.io/hashicorp/azurerm\"]",
      "instances": [
        {
          "schema_version": 0,
          "attributes": {
            "allocation_method": "Static",
            "ddos_protection_mode": "VirtualNetworkInherited",
            "ddos_protection_plan_id": null,
            "domain_name_label": null,
            "edge_zone": "",
            "fqdn": null,
            "id": "/subscriptions/6879fc1e-5aa4-49d6-8bde-b9577bb6d594/resourceGroups/jx8magic8ballRG/providers/Microsoft.Network/publicIPAddresses/jx8magic8ballBastionHostPublicIp",
            "idle_timeout_in_minutes": 4,
            "ip_address": "52.171.33.106",
            "ip_tags": {},
            "ip_version": "IPv4",
            "location": "southcentralus",
            "name": "jx8magic8ballBastionHostPublicIp",
            "public_ip_prefix_id": null,
            "resource_group_name": "jx8magic8ballRG",
            "reverse_fqdn": null,
            "sku": "Standard",
            "sku_tier": "Regional",
            "tags": {
              "createdWith": "Terraform"
            },
            "timeouts": null,
            "zones": []
          },
          "sensitive_attributes": [],
          "private": "eyJlMmJmYjczMC1lY2FhLTExZTYtOGY4OC0zNDM2M2JjN2M0YzAiOnsiY3JlYXRlIjoxODAwMDAwMDAwMDAwLCJkZWxldGUiOjE4MDAwMDAwMDAwMDAsInJlYWQiOjMwMDAwMDAwMDAwMCwidXBkYXRlIjoxODAwMDAwMDAwMDAwfX0=",
          "dependencies": [
            "azurerm_resource_group.rg",
            "random_string.prefix"
          ]
        }
      ]
    },
    {
      "module": "module.blob_private_dns_zone",
      "mode": "managed",
      "type": "azurerm_private_dns_zone",
      "name": "private_dns_zone",
      "provider": "provider[\"registry.terraform.io/hashicorp/azurerm\"]",
      "instances": [
        {
          "schema_version": 0,
          "attributes": {
            "id": "/subscriptions/6879fc1e-5aa4-49d6-8bde-b9577bb6d594/resourceGroups/jx8magic8ballRG/providers/Microsoft.Network/privateDnsZones/privatelink.blob.core.windows.net",
            "max_number_of_record_sets": 25000,
            "max_number_of_virtual_network_links": 1000,
            "max_number_of_virtual_network_links_with_registration": 100,
            "name": "privatelink.blob.core.windows.net",
            "number_of_record_sets": 2,
            "resource_group_name": "jx8magic8ballRG",
            "soa_record": [
              {
                "email": "azureprivatedns-host.microsoft.com",
                "expire_time": 2419200,
                "fqdn": "privatelink.blob.core.windows.net.",
                "host_name": "azureprivatedns.net",
                "minimum_ttl": 10,
                "refresh_time": 3600,
                "retry_time": 300,
                "serial_number": 1,
                "tags": {},
                "ttl": 3600
              }
            ],
            "tags": {
              "createdWith": "Terraform"
            },
            "timeouts": null
          },
          "sensitive_attributes": [],
          "private": "eyJlMmJmYjczMC1lY2FhLTExZTYtOGY4OC0zNDM2M2JjN2M0YzAiOnsiY3JlYXRlIjoxODAwMDAwMDAwMDAwLCJkZWxldGUiOjE4MDAwMDAwMDAwMDAsInJlYWQiOjMwMDAwMDAwMDAwMCwidXBkYXRlIjoxODAwMDAwMDAwMDAwfX0=",
          "dependencies": [
            "azurerm_resource_group.rg",
            "random_string.prefix"
          ]
        }
      ]
    },
    {
      "module": "module.blob_private_dns_zone",
      "mode": "managed",
      "type": "azurerm_private_dns_zone_virtual_network_link",
      "name": "link",
      "provider": "provider[\"registry.terraform.io/hashicorp/azurerm\"]",
      "instances": [
        {
          "index_key": "jx8magic8ballAksVNet",
          "schema_version": 0,
          "attributes": {
            "id": "/subscriptions/6879fc1e-5aa4-49d6-8bde-b9577bb6d594/resourceGroups/jx8magic8ballRG/providers/Microsoft.Network/privateDnsZones/privatelink.blob.core.windows.net/virtualNetworkLinks/link_to_jx8magic8ballaksvnet",
            "name": "link_to_jx8magic8ballaksvnet",
            "private_dns_zone_name": "privatelink.blob.core.windows.net",
            "registration_enabled": false,
            "resource_group_name": "jx8magic8ballRG",
            "tags": {},
            "timeouts": null,
            "virtual_network_id": "/subscriptions/6879fc1e-5aa4-49d6-8bde-b9577bb6d594/resourceGroups/jx8magic8ballRG/providers/Microsoft.Network/virtualNetworks/jx8magic8ballAksVNet"
          },
          "sensitive_attributes": [],
          "private": "eyJlMmJmYjczMC1lY2FhLTExZTYtOGY4OC0zNDM2M2JjN2M0YzAiOnsiY3JlYXRlIjoxODAwMDAwMDAwMDAwLCJkZWxldGUiOjE4MDAwMDAwMDAwMDAsInJlYWQiOjMwMDAwMDAwMDAwMCwidXBkYXRlIjoxODAwMDAwMDAwMDAwfX0=",
          "dependencies": [
            "azurerm_resource_group.rg",
            "data.azurerm_client_config.current",
            "module.blob_private_dns_zone.azurerm_private_dns_zone.private_dns_zone",
            "module.virtual_network.azurerm_virtual_network.vnet",
            "random_string.prefix"
          ]
        }
      ]
    },
    {
      "module": "module.blob_private_endpoint",
      "mode": "managed",
      "type": "azurerm_private_endpoint",
      "name": "private_endpoint",
      "provider": "provider[\"registry.terraform.io/hashicorp/azurerm\"]",
      "instances": [
        {
          "schema_version": 0,
          "attributes": {
            "custom_dns_configs": [],
            "custom_network_interface_name": "",
            "id": "/subscriptions/6879fc1e-5aa4-49d6-8bde-b9577bb6d594/resourceGroups/jx8magic8ballRG/providers/Microsoft.Network/privateEndpoints/jx8magic8ballBlobStoragePrivateEndpoint",
            "ip_configuration": [],
            "location": "southcentralus",
            "name": "jx8magic8ballBlobStoragePrivateEndpoint",
            "network_interface": [
              {
                "id": "/subscriptions/6879fc1e-5aa4-49d6-8bde-b9577bb6d594/resourceGroups/jx8magic8ballRG/providers/Microsoft.Network/networkInterfaces/jx8magic8ballBlobStoragePrivateEndpoint.nic.9db25a6e-4684-415a-ab64-b2512f7f723f",
                "name": "jx8magic8ballBlobStoragePrivateEndpoint.nic.9db25a6e-4684-415a-ab64-b2512f7f723f"
              }
            ],
            "private_dns_zone_configs": [
              {
                "id": "/subscriptions/6879fc1e-5aa4-49d6-8bde-b9577bb6d594/resourceGroups/jx8magic8ballRG/providers/Microsoft.Network/privateEndpoints/jx8magic8ballBlobStoragePrivateEndpoint/privateDnsZoneGroups/BlobPrivateDnsZoneGroup/privateDnsZoneConfigs/privatelink.blob.core.windows.net",
                "name": "privatelink.blob.core.windows.net",
                "private_dns_zone_id": "/subscriptions/6879fc1e-5aa4-49d6-8bde-b9577bb6d594/resourceGroups/jx8magic8ballRG/providers/Microsoft.Network/privateDnsZones/privatelink.blob.core.windows.net",
                "record_sets": [
                  {
                    "fqdn": "bootgvibynzx.privatelink.blob.core.windows.net",
                    "ip_addresses": [
                      "10.243.1.8"
                    ],
                    "name": "bootgvibynzx",
                    "ttl": 10,
                    "type": "A"
                  }
                ]
              }
            ],
            "private_dns_zone_group": [
              {
                "id": "/subscriptions/6879fc1e-5aa4-49d6-8bde-b9577bb6d594/resourceGroups/jx8magic8ballRG/providers/Microsoft.Network/privateEndpoints/jx8magic8ballBlobStoragePrivateEndpoint/privateDnsZoneGroups/BlobPrivateDnsZoneGroup",
                "name": "BlobPrivateDnsZoneGroup",
                "private_dns_zone_ids": [
                  "/subscriptions/6879fc1e-5aa4-49d6-8bde-b9577bb6d594/resourceGroups/jx8magic8ballRG/providers/Microsoft.Network/privateDnsZones/privatelink.blob.core.windows.net"
                ]
              }
            ],
            "private_service_connection": [
              {
                "is_manual_connection": false,
                "name": "jx8magic8ballBlobStoragePrivateEndpointConnection",
                "private_connection_resource_alias": "",
                "private_connection_resource_id": "/subscriptions/6879fc1e-5aa4-49d6-8bde-b9577bb6d594/resourceGroups/jx8magic8ballRG/providers/Microsoft.Storage/storageAccounts/bootgvibynzx",
                "private_ip_address": "10.243.1.8",
                "request_message": "",
                "subresource_names": [
                  "blob"
                ]
              }
            ],
            "resource_group_name": "jx8magic8ballRG",
            "subnet_id": "/subscriptions/6879fc1e-5aa4-49d6-8bde-b9577bb6d594/resourceGroups/jx8magic8ballRG/providers/Microsoft.Network/virtualNetworks/jx8magic8ballAksVNet/subnets/VmSubnet",
            "tags": {
              "createdWith": "Terraform"
            },
            "timeouts": null
          },
          "sensitive_attributes": [],
          "private": "eyJlMmJmYjczMC1lY2FhLTExZTYtOGY4OC0zNDM2M2JjN2M0YzAiOnsiY3JlYXRlIjozNjAwMDAwMDAwMDAwLCJkZWxldGUiOjM2MDAwMDAwMDAwMDAsInJlYWQiOjMwMDAwMDAwMDAwMCwidXBkYXRlIjozNjAwMDAwMDAwMDAwfX0=",
          "dependencies": [
            "azurerm_resource_group.rg",
            "module.blob_private_dns_zone.azurerm_private_dns_zone.private_dns_zone",
            "module.storage_account.azurerm_storage_account.storage_account",
            "module.virtual_network.azurerm_subnet.subnet",
            "module.virtual_network.azurerm_virtual_network.vnet",
            "random_string.prefix",
            "random_string.storage_account_suffix"
          ]
        }
      ]
    },
    {
      "module": "module.container_registry",
      "mode": "managed",
      "type": "azurerm_container_registry",
      "name": "acr",
      "provider": "provider[\"registry.terraform.io/hashicorp/azurerm\"]",
      "instances": [
        {
          "schema_version": 2,
          "attributes": {
            "admin_enabled": true,
            "admin_password": "/d6x84GljSqxDm7irgA6vsNKX5VBExIm44YxhdxOIA+ACRDknt/e",
            "admin_username": "jx8magic8ballAcr",
            "anonymous_pull_enabled": false,
            "data_endpoint_enabled": false,
            "encryption": [
              {
                "enabled": false,
                "identity_client_id": "",
                "key_vault_key_id": ""
              }
            ],
            "export_policy_enabled": true,
            "georeplications": [],
            "id": "/subscriptions/6879fc1e-5aa4-49d6-8bde-b9577bb6d594/resourceGroups/jx8magic8ballRG/providers/Microsoft.ContainerRegistry/registries/jx8magic8ballAcr",
            "identity": [
              {
                "identity_ids": [
                  "/subscriptions/6879fc1e-5aa4-49d6-8bde-b9577bb6d594/resourceGroups/jx8magic8ballRG/providers/Microsoft.ManagedIdentity/userAssignedIdentities/jx8magic8ballAcrIdentity"
                ],
                "principal_id": "",
                "tenant_id": "",
                "type": "UserAssigned"
              }
            ],
            "location": "southcentralus",
            "login_server": "jx8magic8ballacr.azurecr.io",
            "name": "jx8magic8ballAcr",
            "network_rule_bypass_option": "AzureServices",
            "network_rule_set": [
              {
                "default_action": "Allow",
                "ip_rule": [],
                "virtual_network": []
              }
            ],
            "public_network_access_enabled": true,
            "quarantine_policy_enabled": false,
            "resource_group_name": "jx8magic8ballRG",
            "retention_policy": [
              {
                "days": 7,
                "enabled": false
              }
            ],
            "sku": "Premium",
            "tags": {
              "createdWith": "Terraform"
            },
            "timeouts": null,
            "trust_policy": [
              {
                "enabled": false
              }
            ],
            "zone_redundancy_enabled": false
          },
          "sensitive_attributes": [],
          "private": "eyJlMmJmYjczMC1lY2FhLTExZTYtOGY4OC0zNDM2M2JjN2M0YzAiOnsiY3JlYXRlIjoxODAwMDAwMDAwMDAwLCJkZWxldGUiOjE4MDAwMDAwMDAwMDAsInJlYWQiOjMwMDAwMDAwMDAwMCwidXBkYXRlIjoxODAwMDAwMDAwMDAwfSwic2NoZW1hX3ZlcnNpb24iOiIyIn0=",
          "dependencies": [
            "azurerm_resource_group.rg",
            "module.container_registry.azurerm_user_assigned_identity.acr_identity",
            "random_string.prefix"
          ]
        }
      ]
    },
    {
      "module": "module.container_registry",
      "mode": "managed",
      "type": "azurerm_monitor_diagnostic_setting",
      "name": "settings",
      "provider": "provider[\"registry.terraform.io/hashicorp/azurerm\"]",
      "instances": [
        {
          "schema_version": 0,
          "attributes": {
            "enabled_log": [
              {
                "category": "ContainerRegistryLoginEvents",
                "category_group": "",
                "retention_policy": [
                  {
                    "days": 0,
                    "enabled": true
                  }
                ]
              },
              {
                "category": "ContainerRegistryRepositoryEvents",
                "category_group": "",
                "retention_policy": [
                  {
                    "days": 0,
                    "enabled": true
                  }
                ]
              }
            ],
            "eventhub_authorization_rule_id": "",
            "eventhub_name": "",
            "id": "/subscriptions/6879fc1e-5aa4-49d6-8bde-b9577bb6d594/resourceGroups/jx8magic8ballRG/providers/Microsoft.ContainerRegistry/registries/jx8magic8ballAcr|DiagnosticsSettings",
            "log": [
              {
                "category": "ContainerRegistryLoginEvents",
                "category_group": "",
                "enabled": true,
                "retention_policy": [
                  {
                    "days": 0,
                    "enabled": true
                  }
                ]
              },
              {
                "category": "ContainerRegistryRepositoryEvents",
                "category_group": "",
                "enabled": true,
                "retention_policy": [
                  {
                    "days": 0,
                    "enabled": true
                  }
                ]
              }
            ],
            "log_analytics_destination_type": "",
            "log_analytics_workspace_id": "/subscriptions/6879fc1e-5aa4-49d6-8bde-b9577bb6d594/resourceGroups/jx8magic8ballRG/providers/Microsoft.OperationalInsights/workspaces/jx8magic8ballWorkspace",
            "metric": [
              {
                "category": "AllMetrics",
                "enabled": true,
                "retention_policy": [
                  {
                    "days": 0,
                    "enabled": true
                  }
                ]
              }
            ],
            "name": "DiagnosticsSettings",
            "partner_solution_id": null,
            "storage_account_id": null,
            "target_resource_id": "/subscriptions/6879fc1e-5aa4-49d6-8bde-b9577bb6d594/resourceGroups/jx8magic8ballRG/providers/Microsoft.ContainerRegistry/registries/jx8magic8ballAcr",
            "timeouts": null
          },
          "sensitive_attributes": [],
          "private": "eyJlMmJmYjczMC1lY2FhLTExZTYtOGY4OC0zNDM2M2JjN2M0YzAiOnsiY3JlYXRlIjoxODAwMDAwMDAwMDAwLCJkZWxldGUiOjM2MDAwMDAwMDAwMDAsInJlYWQiOjMwMDAwMDAwMDAwMCwidXBkYXRlIjoxODAwMDAwMDAwMDAwfX0=",
          "dependencies": [
            "azurerm_resource_group.rg",
            "module.container_registry.azurerm_container_registry.acr",
            "module.container_registry.azurerm_user_assigned_identity.acr_identity",
            "module.log_analytics_workspace.azurerm_log_analytics_workspace.log_analytics_workspace",
            "random_string.prefix"
          ]
        }
      ]
    },
    {
      "module": "module.container_registry",
      "mode": "managed",
      "type": "azurerm_user_assigned_identity",
      "name": "acr_identity",
      "provider": "provider[\"registry.terraform.io/hashicorp/azurerm\"]",
      "instances": [
        {
          "schema_version": 1,
          "attributes": {
            "client_id": "51744762-c94f-47cd-b7c3-7d981facd1ee",
            "id": "/subscriptions/6879fc1e-5aa4-49d6-8bde-b9577bb6d594/resourceGroups/jx8magic8ballRG/providers/Microsoft.ManagedIdentity/userAssignedIdentities/jx8magic8ballAcrIdentity",
            "location": "southcentralus",
            "name": "jx8magic8ballAcrIdentity",
            "principal_id": "0ae20de0-7e0e-4f4c-a684-6750779954a6",
            "resource_group_name": "jx8magic8ballRG",
            "tags": {
              "createdWith": "Terraform"
            },
            "tenant_id": "16b3c013-d300-468d-ac64-7eda0820b6d3",
            "timeouts": null
          },
          "sensitive_attributes": [],
          "private": "eyJlMmJmYjczMC1lY2FhLTExZTYtOGY4OC0zNDM2M2JjN2M0YzAiOnsiY3JlYXRlIjoxODAwMDAwMDAwMDAwLCJkZWxldGUiOjE4MDAwMDAwMDAwMDAsInJlYWQiOjMwMDAwMDAwMDAwMCwidXBkYXRlIjoxODAwMDAwMDAwMDAwfSwic2NoZW1hX3ZlcnNpb24iOiIxIn0=",
          "dependencies": [
            "azurerm_resource_group.rg",
            "random_string.prefix"
          ]
        }
      ]
    },
    {
      "module": "module.deployment_script",
      "mode": "data",
      "type": "azurerm_kubernetes_cluster",
      "name": "aks_cluster",
      "provider": "provider[\"registry.terraform.io/hashicorp/azurerm\"]",
      "instances": [
        {
          "schema_version": 0,
          "attributes": {
            "aci_connector_linux": [],
            "agent_pool_profile": [
              {
                "count": 3,
                "enable_auto_scaling": true,
                "enable_node_public_ip": false,
                "max_count": 10,
                "max_pods": 50,
                "min_count": 3,
                "name": "system",
                "node_labels": {},
                "node_public_ip_prefix_id": "",
                "node_taints": [],
                "orchestrator_version": "1.27.7",
                "os_disk_size_gb": 128,
                "os_type": "Linux",
                "tags": {
                  "createdWith": "Terraform"
                },
                "type": "VirtualMachineScaleSets",
                "upgrade_settings": [],
                "vm_size": "Standard_F8s_v2",
                "vnet_subnet_id": "/subscriptions/6879fc1e-5aa4-49d6-8bde-b9577bb6d594/resourceGroups/jx8magic8ballRG/providers/Microsoft.Network/virtualNetworks/jx8magic8ballAksVNet/subnets/SystemSubnet",
                "zones": []
              }
            ],
            "api_server_authorized_ip_ranges": [],
            "azure_active_directory_role_based_access_control": [
              {
                "admin_group_object_ids": [
                  "2cd14354-ac57-4268-b6f0-8c1325c80611"
                ],
                "azure_rbac_enabled": true,
                "client_app_id": "",
                "managed": true,
                "server_app_id": "",
                "tenant_id": "16b3c013-d300-468d-ac64-7eda0820b6d3"
              }
            ],
            "azure_policy_enabled": true,
            "disk_encryption_set_id": "",
            "dns_prefix": "aks",
            "fqdn": "aks-3obe5mma.hcp.southcentralus.azmk8s.io",
            "http_application_routing_enabled": false,
            "http_application_routing_zone_name": "",
            "id": "/subscriptions/6879fc1e-5aa4-49d6-8bde-b9577bb6d594/resourceGroups/jx8magic8ballRG/providers/Microsoft.ContainerService/managedClusters/jx8magic8ballAks",
            "identity": [
              {
                "identity_ids": [
                  "/subscriptions/6879fc1e-5aa4-49d6-8bde-b9577bb6d594/resourceGroups/jx8magic8ballRG/providers/Microsoft.ManagedIdentity/userAssignedIdentities/jx8magic8ballAksIdentity"
                ],
                "principal_id": "",
                "tenant_id": "",
                "type": "UserAssigned"
              }
            ],
            "ingress_application_gateway": [],
            "key_management_service": [],
            "key_vault_secrets_provider": [],
            "kube_admin_config": [
              {
                "client_certificate": "LS0tLS1CRUdJTiBDRVJUSUZJQ0FURS0tLS0tCk1JSUZIakNDQXdhZ0F3SUJBZ0lSQUlPSjdzWVpjdTA0WDNuQmVlaVRSNFl3RFFZSktvWklodmNOQVFFTEJRQXcKRFRFTE1Ba0dBMVVFQXhNQ1kyRXdIaGNOTWpRd016STJNakEwTlRJMFdoY05Nall3TXpJMk1qQTFOVEkwV2pBdwpNUmN3RlFZRFZRUUtFdzV6ZVhOMFpXMDZiV0Z6ZEdWeWN6RVZNQk1HQTFVRUF4TU1iV0Z6ZEdWeVkyeHBaVzUwCk1JSUNJakFOQmdrcWhraUc5dzBCQVFFRkFBT0NBZzhBTUlJQ0NnS0NBZ0VBczE3WFBrUmwrcnZjdSt5Qm55ZUsKYWJFQXljKzE2Qm42QjRxUkM0ME5kcUV2RkRXTTFhR3ZmbElWdkxMUUZIbEZVb0F6ZGc2bGdpU2FxczhMWmhZbgpaVE94Ry8zRzh1NHAxb245M1ZPOWRldU0zQ01pbi9hSTVEdUZFWjUxb2dpbUxEcUFwRWZ5eFMyc0tXWjlLNW5pCkt2UWwxV1RBVDBZYzlFaDYwQ2srM3EyMGtRenRPUnFDR3E5ZFVoYy9yU0pxV1I3bDhuQ25Od3R4M09FSTR4M2MKem9LN2s1NUhWMURsTVpxNlMxOW9JOTRpdmhORlUzNHV1MXhuelRqUUcwaXdjYWdWbkp5cy9EcG8rOU1GOHZ0MApJRGVvZjRQMjFiZkNNbHd2T3ZmRzlwb1ZEODFJam8wR1BHbHNHQ3pNS0RTMTRVUnpyMDU3ZG5SbnpneFNTSGs1CjR0VkdMbjlpRFErUWZqZForelo0OGZMSHc2WDJ6ZHdmOUZGY3l4a2tRU0RiV2Z3QXhjSHF4V1dOdVVUOVlLbG8Ka2h2RHNlMGhoS3hmclhHWVRBTTdnTGRGbWNJczY2QXJyMmpHUTJZNVNzNk16SFgrYWRZZ1NaSjRNcERsUlh0WQpzOG9VK0ZoekR3R2YwbUNFZ3hlU3dBMVBYdXl6MDlaVVl1ZFZhUGxwSEpnekRTZjdVTnJTZzF6WUpOcHlIVm1MClNhLzZseDFrKzVlZUc1bng4MjRFaW9GVjBRd1NQYTVqZFdwcElSYmFDRXJkMjh0blkvOGdheFh5V3ROOGZ4SkwKTlo3TTE5bEFFN1VHNDRvZ05iR1RBdXFSbXg3VUx2cCtaNnlvZ2wrQjEzTzZLQy91K3RvNkJhVVFwZGtyUmhsNworZXpHQTl4MVpEV0xFTlZFeGhjY0Iva0NBd0VBQWFOV01GUXdEZ1lEVlIwUEFRSC9CQVFEQWdXZ01CTUdBMVVkCkpRUU1NQW9HQ0NzR0FRVUZCd01DTUF3R0ExVWRFd0VCL3dRQ01BQXdId1lEVlIwakJCZ3dGb0FVMTd4L3RMbEUKTkZTVzJlN0U3Wm9nOTJGdGEvb3dEUVlKS29aSWh2Y05BUUVMQlFBRGdnSUJBSDBSTjBxVGJJVWQyb01WRUhNdAo0enJQNkNBNDN3R1NnQjhUS2xUU3BaVTk5VWQyN1VremlZYndBVG1tUFRHOFcxcHVFTktwUVoyd0d0OUcvb2ZFCmNvenkvZE1CWHY4Yi9kZWg2MmdyYnBTei9kaXVjYW8vWUdxQUFqK3FHYit4OWNUSDhSc2RqSFZyb1huUURrU3kKZ1FWNmlzZ3lSOWZQZWNDK1RNQ1AvQ3pyamhKUEpNRStGZVlWanhVMm9XOE1zNkF1SkVQOWtxWFBOYlZYZTViWgpzMVg4WUJHVWVHbGJEQTUyMUtpRzNBNkFBVytZNnYvRzZUMkdld1ArRlNqKzhiWktiOWtPMHA4MnZ2SzVrR0kyCkVHMUpLa2VkVzkrYzdudkJKRGZhTjllb21XREcyVVR0bU43WWVkL1dIeDBVVVptcjU1VWdMM0hXRldubUlWMXAKbkVHWEkvQlArZVNac0pXTzZiRUoyeXhPeGFiQSswZFdIbTZYUXdWM0ZycXFDYjJJZEc1aENxNVMyYXVVSTJJNApXQ0JoanhaVjV3c0F2SE92Y1gxREh2Y0d3Z1llTnVLMkc4UnR2QmdzMDhLbVM1OWphR1VxVlN4Z0ZxaUVKN3NnCm40UktCZzRHcjN5T0xDa0NmZXlLMlZzWTlqbHVyVUs1cUFRTTNmU1VXMy91NmlpWXp6SWlBTlpKRk9xTk1LYlkKaDVsTjlyblpxeGMvTXlPMGVkcFhJVDJsdUw5SlhzKzdFTHF0bzF4U3R3MlNwZ0FJV3dSOGZaV2RPdmoyek8wegozR3ZGejVhbWZySk9jNjVoTDBubFAyRzVFQXBVRDNlempWaFFXYlBSK1JOU0p5YUFhcEdEeGUwdDl4T2dyUXdmCnEwdTMyVnJhQkE2UmpmQ0lwZDAxRzJvYwotLS0tLUVORCBDRVJUSUZJQ0FURS0tLS0tCg==",
                "client_key": "LS0tLS1CRUdJTiBSU0EgUFJJVkFURSBLRVktLS0tLQpNSUlKS1FJQkFBS0NBZ0VBczE3WFBrUmwrcnZjdSt5Qm55ZUthYkVBeWMrMTZCbjZCNHFSQzQwTmRxRXZGRFdNCjFhR3ZmbElWdkxMUUZIbEZVb0F6ZGc2bGdpU2FxczhMWmhZblpUT3hHLzNHOHU0cDFvbjkzVk85ZGV1TTNDTWkKbi9hSTVEdUZFWjUxb2dpbUxEcUFwRWZ5eFMyc0tXWjlLNW5pS3ZRbDFXVEFUMFljOUVoNjBDayszcTIwa1F6dApPUnFDR3E5ZFVoYy9yU0pxV1I3bDhuQ25Od3R4M09FSTR4M2N6b0s3azU1SFYxRGxNWnE2UzE5b0k5NGl2aE5GClUzNHV1MXhuelRqUUcwaXdjYWdWbkp5cy9EcG8rOU1GOHZ0MElEZW9mNFAyMWJmQ01sd3ZPdmZHOXBvVkQ4MUkKam8wR1BHbHNHQ3pNS0RTMTRVUnpyMDU3ZG5SbnpneFNTSGs1NHRWR0xuOWlEUStRZmpkWit6WjQ4ZkxIdzZYMgp6ZHdmOUZGY3l4a2tRU0RiV2Z3QXhjSHF4V1dOdVVUOVlLbG9raHZEc2UwaGhLeGZyWEdZVEFNN2dMZEZtY0lzCjY2QXJyMmpHUTJZNVNzNk16SFgrYWRZZ1NaSjRNcERsUlh0WXM4b1UrRmh6RHdHZjBtQ0VneGVTd0ExUFh1eXoKMDlaVVl1ZFZhUGxwSEpnekRTZjdVTnJTZzF6WUpOcHlIVm1MU2EvNmx4MWsrNWVlRzVueDgyNEVpb0ZWMFF3UwpQYTVqZFdwcElSYmFDRXJkMjh0blkvOGdheFh5V3ROOGZ4SkxOWjdNMTlsQUU3VUc0NG9nTmJHVEF1cVJteDdVCkx2cCtaNnlvZ2wrQjEzTzZLQy91K3RvNkJhVVFwZGtyUmhsNytlekdBOXgxWkRXTEVOVkV4aGNjQi9rQ0F3RUEKQVFLQ0FnQVpvTzk0UWlXZ0ViK1VTbEtxL3VkVCtxcDJLMnQrWWxmTFJBMDliVVlETVR5YzBwbnczRTFLNjBlWAowcVRRaUJOVG1tVy85SS9KYkpsODFtQjJrYXZIVmY5MFZHcGN3NUxPeUtDeFF3bkxFNERvNDB4TE50cVFZY0M5CnA3cC9FR1ZONUg0RSt4TEJBYW1ic0wwcHdhOERIQ2RidWkyUUppQjA5dlkxVCs5ZnVjb1cvNVhWbHVnSUVBNXgKY0VqMDMvbjZDZVFwSTllQWtlNE85VWhqeXh5RmxVQmY4em1XVEVTek5ieHdrSTA4c3J5Y0UvelAxVE93S1ovYgpQc2JkWHlGMjIrRmFvemhFUWNSR1Z2eCtuMWNVVTErTCtMc0lCbDJFL0k3ekNmd3Z1QXhTV2E2SVQ3WVlZNmZDClBJUmZLa2ppaXZsTWp4WXM4cXp5VCtoaDJwQmVqNEUzam5uc0w4RWhjWVdmMFNuVzZlbTlUWnRySGl3a21STDgKRU4xTE1obDdmc2tscnloRDVBQlJqek95MEFHeld1dWtIbUFxcEhPaTFrdmc3RWkxMWREYWk0cklwWnBZREtmdQpQRDJueHAxQnBFdzVrY0Q1dU9ndzlmcHoycVpUUGpNOGdFb2ttczd3cEtRN0llTGVKMkszUlpsRlkxc2hmNFNXCnV0a1ZIb0ZaN3MwakVjWG4wdTJHT3lrdzhIOHFjWlhhb1UzeXlDM1JuTTJxQy91TTNKRWRSSndyQmdzZlVDQmYKbk5mRXpCVG4rSzJIL0QydHB4RlhKQmRjWU5qM2p0VGdOVHd5bDNiRmc0ZjU2MVFNY0czbG1xTDhiZ0kvdS9qKwpKTEJTdXJ3elUyK2Zwa3lHQ2NaUnVwLzBJMnpHNDJwdEtLc29Fdk9SMkhBK0w1NmgwUUtDQVFFQTI4QmljaE9YCjVmUG1rWVhyS1IxYkNOcE5wc1VQdDB1SzJIaGQyRzBkd0xJUWc3MUJ3UGNqbldGcjBsblY4Sm13VDRtTW1kSC8KZE0yTnMzdktqSE1XeWZCU1lrVzMrUTNGcm1Rc05ycUxIbm5PVExXWTUzQzF3ZlZ0WGZReHpZUWxBSkRYZXdCUAo1cG5xajRUTFh4RUFVYUYrRGlTZm14YWJDMHhlWnlZcVdaOElUa1dBdUw0cXlKb0x1b05qTXI4dHZPWEFjMlJoCnNoRE8xRHlYL2c1eVdMRlRIRGNzcUx3aUEwMDhqZTJpY2Y0V0o4R0I4T2xFKzlDQ0UwUjNxbDdEVkMxTDNYb1QKN3JsSUhubWNSOXpBQUsyZTZDOTRnMHY3cUc2c2FNaUVWZi94Yk8rdlU2N0ZnSVNWRExsWnJyVkxmWkNBQTgzcAp6dStQeWdzakZQdUtPd0tDQVFFQTBQVkJaZlB5dy93aXlMenp3eXQ0b1JSTnFhaXpmakZsdUl4ZFpvUFpXK0M5CnRQQXNudXFVM3VuRnBGeG45SUI5OEk5NERWRE9COVJwblI4S3p6VFdBcFYxMXZSUnR3QTdqWXhVOTJZa3VYTlQKMm1OeW5VR1VvMHQrdHc3OWN5Z05uK1M1YloxNjE1QkJLNzFZYWlkcnI5aFlSc0tFNnhIbjcvMS9ZTHFVM2RkQwpvYjd5bkJmTlBQREFvMGlkUEZaYzRzZUV4N3NvaS9sTEsyMm0yT1gvQVFDRXgzYm9TQlV3d2YzVHhUSG5HOXkxCmFWSVpWemdVemJoNk9xREhOWGxrMktuYU9WUkdVVjJMMUVORDZwWnlDRlkwb0VPaGpUYWpuaEdKQ284aEtxa1oKSXU0bXVzK1dsR2hSOHNoWkJnai9JaFB0Wmdxa2plQW9QMVNUWDlKZld3S0NBUUVBcjNKMkp1WUZ6STVpYzZVYwpENE5rZnpqcjdrNC9NZlNhTWlKSHF0ZlRmVm10WGNEb2tvdStYNVM4WlFGY2tlL2ltRjRWWjJvR0x0YytYeUppCm9LZnlkZC90cHBCTFJnajgzek1US2M3ZDY4TU1OcXAySGJJYkszUXJrV3U1cDMvdG12b0pVQ2I3by8wWERPYlYKQ0YybWg0WU1BbmF6Qnp1UkpnQWZEdk9sdEZBSWJaV0lJL2VRYVFDMGhJRUozaVpNK2hmbEF6d04xQUVmWU12UAovZ0xDd0pVeTZjQVRZOVJ3dzNvUzhxM2JtRzlvZU8xQ05YbkluZFBuUmtMUDE3STQrU2dBL2g3TmN6ZHlvUUl2CkNDRHpHcGVEMjVTcS93alhMNjdNOEF2SHZISFA2MDJpQ1luc0hhTzg3SisvUG9GNGVCTzZZVTh4Y1FwTEh1Q3QKYmI4MnFRS0NBUUFrc1N4T3JzdU9ScFFGRThqcUdKUVNGUEtlUEJWb3IxdmhVQ1NHZjlpSEhhdXlQZ3BYelhGZQp3MFlGV29TV2xvbUcyR3FJVEF3aHE5YnYxQ2Vkd3ZWaGRzVStmYUJydGdxL0RFbFBPQXh5MUNHQlU3MG9oLytGCnZSZi9KUTYwVGZBMmgzOVlGRE1oN3g3Q2cza25DczBLRDc5UWpZK3hoMjltNE9paEg2Sk1ZaVE5S3I2SFVsYWoKd05MUzJVbGk4dmRVaXh4eHhoZVVuSzNxYmxMQis0RVB0L3VZMnZSbTAvRy8zc1owOWhKUy9pcU0xL0hETXdIVQpMZlNvbnRyY05QalVZdDhDK2gxdTVESk5qNUk1ZXptQzVVQlFkQS9HTURZQzU2bGN4VTFacEYvWmxtQU9wYTBYCldrb3BpNnkyTnBZMmNiRmFIYnhQZlhFVHpkSWpIVm5KQW9JQkFRQ0hOK0h3NUZLYzNsNlYveUdNYUpJMFBkMTYKNzhvUWxlOXRISnhFbnk1czBSWVByUDc1Vm1CZTlDMm9tVERRL0hPajRFaERoRk5WZXhkSE5WZklQaGZ6MkxDNQpLcFRqbnhkTEFsSjhnWGNFV1FrNkpPWFFzbTdMeFprc1ozbzk1TmprNzRzU255NkQzd21IQ3dzSEQreVIzOXNmCkFXSXpCZkRKZStra2w4S3lEUmFrUUsvUFZBNHp5bjZHeFozQTh2YnJXVU44eDRjR0tNRjg4Tm1JMmhUdU95SEkKbyt0UVZpTlRkci9kVEQ2UlNPRTg3aUxuamJSbWM0QzZMNEVNWE50MFMxVGNLZmZKVEgwdmpxVE54YWMrNCtmagpQWlJFeUhESWQ1OFFaejJiSzNLcFJMUGl4cmFxRU4ySlpteTZMbm04TVgzMFh2SFJ5S2FqSkVTdXV3a2IKLS0tLS1FTkQgUlNBIFBSSVZBVEUgS0VZLS0tLS0K",
                "cluster_ca_certificate": "LS0tLS1CRUdJTiBDRVJUSUZJQ0FURS0tLS0tCk1JSUU2VENDQXRHZ0F3SUJBZ0lSQU9oU3pOY0RGQjVEUnNENDN6MkJ3a1l3RFFZSktvWklodmNOQVFFTEJRQXcKRFRFTE1Ba0dBMVVFQXhNQ1kyRXdJQmNOTWpRd016STJNakEwTlRJMFdoZ1BNakExTkRBek1qWXlNRFUxTWpSYQpNQTB4Q3pBSkJnTlZCQU1UQW1OaE1JSUNJakFOQmdrcWhraUc5dzBCQVFFRkFBT0NBZzhBTUlJQ0NnS0NBZ0VBCjBrVE9Uc1Y1SS9EMytLbHlHMkRITjdQaHVySXJCSDcrUnJ4OFdQUmo3a1NZRElBQlFXTzVVRllERFFEOVNsUDkKR252TU9wRWQvVFVaSTlQMG90VUgrUVlaOHZXNGxLYkI5K01tZEJ3NFhJdVpkLzc4UWNqM2NoaFlvcFZKMm03dQpkS3Bhby9YcjJGOG9xNHNJVDNPbEFjMThES2JBcjJ1eHljWm5EaGxPZWFwdDhBWWRic1FNYTgvcHkxbzBpM2JCCnpGZ2pERTBTalNNTHdJc1liU1UvaDJRNUlEQkM1ZWVTLzFxcmwzTnc1SVhZbEtqczgzbVJzZGRBOStjdVA4SzUKQ3d0V1FtQWdVWkxaVFBia1lHcHlxVmlZMDRKRmlOdkR2Q204OS9QMTlTQWY1aHBmTllrdCtIeDdxZHliRWJYNQoxMkVrSk9qUlVsdnlxUmowUUtGQ0dOQkFRc1FhMWk5aHdkU09Wc1MvSzAxWjluREorN3lyTWRBcU9XMU5rWnZ3CmJydFBsc1NxQ0h1RlBjbmcwdlFJbzViRE9xZ2ozTWFmT1VoT1dNVG9nTEZZK0h6OUVzQldGbUlrOU5MQitFUGcKamZ3V1pkL1IrOUhLSVNmRFdyVU9iN2tMQ2U4NUdSdlFOa3NYcHJNMEtoSkZWWmNLNHdONzB6bEpLMkpPQkZBawovaXBiRjdiMytTb2hMKzBTeDR0N0Q2VmRYM3FMa2syWHZ4a2traUR0aWY0NUNBUEg5QzBNcnMzVXRScUc0UTN2CnpnbUpVMXJuc0hSeXZDQjFvMy9LL3pRWS9Ib05CdnB4RHJieXNzT1ZicmNLUzgwODZEdW5BMlpvUFV1Y25kc2UKVG52c2puUk4rakNTRXBIVTVqN2RJSnBZdmREeGNvQXB6VmxKTDIzeEFWY0NBd0VBQWFOQ01FQXdEZ1lEVlIwUApBUUgvQkFRREFnS2tNQThHQTFVZEV3RUIvd1FGTUFNQkFmOHdIUVlEVlIwT0JCWUVGTmU4ZjdTNVJEUlVsdG51CnhPMmFJUGRoYld2Nk1BMEdDU3FHU0liM0RRRUJDd1VBQTRJQ0FRQ1cvaFZQTUVHSTZySCs3MWNwYzZ6dlZCVHAKejdnc0NQcUIrS1U1SE50RytMWFJzYWJKR3UxRmlPWkozUitSRVZONUVMTUtRbFBrc2NXazMzK0Uydks1TUhxWQpqa0MrcG5sbVNkbGZ3RFBXaGp1TTBNRUlFdHFVUzNneHJCL0lhWjV5T09BOVlFbklmR3VTd3BBeWNldkJVSUhoCmRvd0JhUmtPbzMwbHRoS3JmbEwyQjNuclVLM3Z2Vy9KRE10S0w2cUQxT2gxa2tRNTJYMU9mY1o5SW9IbWRPYWsKN2FZanA2Z3dxTGZuU1ErTkc0Zk9ZbFFxa29VeDcrdlBCcWMyRG1ocndzaUNyZEcxWmcvZjl3SHhnZExwN1puVApKcFJQeGthS2E3WGkvMDlnK0tjcnN4cFBwMVRUYkJZWjBzUXBieDJqZ0JGWlJzR1BaNFlYRDU3QWNjaEVLNUswCnhZQzFOc1JkWURsdFdDYm9jb0xnem1KUHBSZHlWTzlVNXM2RFdrYnJlbVh1dEhrTjgvUkE1TUpqUTJpMS9RMC8KNEtkSTV4M0R6MjFLUzRnZHp3NHZmVWVxZEJQK0tuVG1ldmpLNzFGNWFkaDFjMWRxNnlCMmwwVUVXaTVmN0s2Mgp0T0pKYWZxb1VxaXdiZW1VU3ZnYmJYNXgrM0FXL1l3OEJmc2l1ZkN6ekhYRERtalNGS0VFT0kxWUdkTHdkUWhvCnBGUG5qSFV5RXJaRVdyRVZxVzd3VGtiWDYrSnRlVVBJOHA1RmM1bllWMVk0RlBjVE5pcmlVWXRzK2JrZHhESW0KbW5XZWdlNDI4bmk5Z0ZONnZpS3A0VS80eUJYbGszRU1aTWdFQ2xnSmZoMTdkN3hNc2dQMzJVdlZ1cXJpZ0w3aAorRGJUZ3pQZmZuRFRyN0FMY3c9PQotLS0tLUVORCBDRVJUSUZJQ0FURS0tLS0tCg==",
                "host": "https://aks-3obe5mma.hcp.southcentralus.azmk8s.io:443",
                "password": "o7ep46bpt0al6bfgplbdodispm9pe45cxqm3r27k4xctp1o16fe1qvd34zqywupfzu2vx3n45euedvkdxnc27mjf4l4etn07nh8dfhlkxpl7kvvjhip76w1chj4yk6z7",
                "username": "clusterAdmin_jx8magic8ballRG_jx8magic8ballAks"
              }
            ],
            "kube_admin_config_raw": "apiVersion: v1\nclusters:\n- cluster:\n    certificate-authority-data: LS0tLS1CRUdJTiBDRVJUSUZJQ0FURS0tLS0tCk1JSUU2VENDQXRHZ0F3SUJBZ0lSQU9oU3pOY0RGQjVEUnNENDN6MkJ3a1l3RFFZSktvWklodmNOQVFFTEJRQXcKRFRFTE1Ba0dBMVVFQXhNQ1kyRXdJQmNOTWpRd016STJNakEwTlRJMFdoZ1BNakExTkRBek1qWXlNRFUxTWpSYQpNQTB4Q3pBSkJnTlZCQU1UQW1OaE1JSUNJakFOQmdrcWhraUc5dzBCQVFFRkFBT0NBZzhBTUlJQ0NnS0NBZ0VBCjBrVE9Uc1Y1SS9EMytLbHlHMkRITjdQaHVySXJCSDcrUnJ4OFdQUmo3a1NZRElBQlFXTzVVRllERFFEOVNsUDkKR252TU9wRWQvVFVaSTlQMG90VUgrUVlaOHZXNGxLYkI5K01tZEJ3NFhJdVpkLzc4UWNqM2NoaFlvcFZKMm03dQpkS3Bhby9YcjJGOG9xNHNJVDNPbEFjMThES2JBcjJ1eHljWm5EaGxPZWFwdDhBWWRic1FNYTgvcHkxbzBpM2JCCnpGZ2pERTBTalNNTHdJc1liU1UvaDJRNUlEQkM1ZWVTLzFxcmwzTnc1SVhZbEtqczgzbVJzZGRBOStjdVA4SzUKQ3d0V1FtQWdVWkxaVFBia1lHcHlxVmlZMDRKRmlOdkR2Q204OS9QMTlTQWY1aHBmTllrdCtIeDdxZHliRWJYNQoxMkVrSk9qUlVsdnlxUmowUUtGQ0dOQkFRc1FhMWk5aHdkU09Wc1MvSzAxWjluREorN3lyTWRBcU9XMU5rWnZ3CmJydFBsc1NxQ0h1RlBjbmcwdlFJbzViRE9xZ2ozTWFmT1VoT1dNVG9nTEZZK0h6OUVzQldGbUlrOU5MQitFUGcKamZ3V1pkL1IrOUhLSVNmRFdyVU9iN2tMQ2U4NUdSdlFOa3NYcHJNMEtoSkZWWmNLNHdONzB6bEpLMkpPQkZBawovaXBiRjdiMytTb2hMKzBTeDR0N0Q2VmRYM3FMa2syWHZ4a2traUR0aWY0NUNBUEg5QzBNcnMzVXRScUc0UTN2CnpnbUpVMXJuc0hSeXZDQjFvMy9LL3pRWS9Ib05CdnB4RHJieXNzT1ZicmNLUzgwODZEdW5BMlpvUFV1Y25kc2UKVG52c2puUk4rakNTRXBIVTVqN2RJSnBZdmREeGNvQXB6VmxKTDIzeEFWY0NBd0VBQWFOQ01FQXdEZ1lEVlIwUApBUUgvQkFRREFnS2tNQThHQTFVZEV3RUIvd1FGTUFNQkFmOHdIUVlEVlIwT0JCWUVGTmU4ZjdTNVJEUlVsdG51CnhPMmFJUGRoYld2Nk1BMEdDU3FHU0liM0RRRUJDd1VBQTRJQ0FRQ1cvaFZQTUVHSTZySCs3MWNwYzZ6dlZCVHAKejdnc0NQcUIrS1U1SE50RytMWFJzYWJKR3UxRmlPWkozUitSRVZONUVMTUtRbFBrc2NXazMzK0Uydks1TUhxWQpqa0MrcG5sbVNkbGZ3RFBXaGp1TTBNRUlFdHFVUzNneHJCL0lhWjV5T09BOVlFbklmR3VTd3BBeWNldkJVSUhoCmRvd0JhUmtPbzMwbHRoS3JmbEwyQjNuclVLM3Z2Vy9KRE10S0w2cUQxT2gxa2tRNTJYMU9mY1o5SW9IbWRPYWsKN2FZanA2Z3dxTGZuU1ErTkc0Zk9ZbFFxa29VeDcrdlBCcWMyRG1ocndzaUNyZEcxWmcvZjl3SHhnZExwN1puVApKcFJQeGthS2E3WGkvMDlnK0tjcnN4cFBwMVRUYkJZWjBzUXBieDJqZ0JGWlJzR1BaNFlYRDU3QWNjaEVLNUswCnhZQzFOc1JkWURsdFdDYm9jb0xnem1KUHBSZHlWTzlVNXM2RFdrYnJlbVh1dEhrTjgvUkE1TUpqUTJpMS9RMC8KNEtkSTV4M0R6MjFLUzRnZHp3NHZmVWVxZEJQK0tuVG1ldmpLNzFGNWFkaDFjMWRxNnlCMmwwVUVXaTVmN0s2Mgp0T0pKYWZxb1VxaXdiZW1VU3ZnYmJYNXgrM0FXL1l3OEJmc2l1ZkN6ekhYRERtalNGS0VFT0kxWUdkTHdkUWhvCnBGUG5qSFV5RXJaRVdyRVZxVzd3VGtiWDYrSnRlVVBJOHA1RmM1bllWMVk0RlBjVE5pcmlVWXRzK2JrZHhESW0KbW5XZWdlNDI4bmk5Z0ZONnZpS3A0VS80eUJYbGszRU1aTWdFQ2xnSmZoMTdkN3hNc2dQMzJVdlZ1cXJpZ0w3aAorRGJUZ3pQZmZuRFRyN0FMY3c9PQotLS0tLUVORCBDRVJUSUZJQ0FURS0tLS0tCg==\n    server: https://aks-3obe5mma.hcp.southcentralus.azmk8s.io:443\n  name: jx8magic8ballAks\ncontexts:\n- context:\n    cluster: jx8magic8ballAks\n    user: clusterAdmin_jx8magic8ballRG_jx8magic8ballAks\n  name: jx8magic8ballAks\ncurrent-context: jx8magic8ballAks\nkind: Config\npreferences: {}\nusers:\n- name: clusterAdmin_jx8magic8ballRG_jx8magic8ballAks\n  user:\n    client-certificate-data: LS0tLS1CRUdJTiBDRVJUSUZJQ0FURS0tLS0tCk1JSUZIakNDQXdhZ0F3SUJBZ0lSQUlPSjdzWVpjdTA0WDNuQmVlaVRSNFl3RFFZSktvWklodmNOQVFFTEJRQXcKRFRFTE1Ba0dBMVVFQXhNQ1kyRXdIaGNOTWpRd016STJNakEwTlRJMFdoY05Nall3TXpJMk1qQTFOVEkwV2pBdwpNUmN3RlFZRFZRUUtFdzV6ZVhOMFpXMDZiV0Z6ZEdWeWN6RVZNQk1HQTFVRUF4TU1iV0Z6ZEdWeVkyeHBaVzUwCk1JSUNJakFOQmdrcWhraUc5dzBCQVFFRkFBT0NBZzhBTUlJQ0NnS0NBZ0VBczE3WFBrUmwrcnZjdSt5Qm55ZUsKYWJFQXljKzE2Qm42QjRxUkM0ME5kcUV2RkRXTTFhR3ZmbElWdkxMUUZIbEZVb0F6ZGc2bGdpU2FxczhMWmhZbgpaVE94Ry8zRzh1NHAxb245M1ZPOWRldU0zQ01pbi9hSTVEdUZFWjUxb2dpbUxEcUFwRWZ5eFMyc0tXWjlLNW5pCkt2UWwxV1RBVDBZYzlFaDYwQ2srM3EyMGtRenRPUnFDR3E5ZFVoYy9yU0pxV1I3bDhuQ25Od3R4M09FSTR4M2MKem9LN2s1NUhWMURsTVpxNlMxOW9JOTRpdmhORlUzNHV1MXhuelRqUUcwaXdjYWdWbkp5cy9EcG8rOU1GOHZ0MApJRGVvZjRQMjFiZkNNbHd2T3ZmRzlwb1ZEODFJam8wR1BHbHNHQ3pNS0RTMTRVUnpyMDU3ZG5SbnpneFNTSGs1CjR0VkdMbjlpRFErUWZqZForelo0OGZMSHc2WDJ6ZHdmOUZGY3l4a2tRU0RiV2Z3QXhjSHF4V1dOdVVUOVlLbG8Ka2h2RHNlMGhoS3hmclhHWVRBTTdnTGRGbWNJczY2QXJyMmpHUTJZNVNzNk16SFgrYWRZZ1NaSjRNcERsUlh0WQpzOG9VK0ZoekR3R2YwbUNFZ3hlU3dBMVBYdXl6MDlaVVl1ZFZhUGxwSEpnekRTZjdVTnJTZzF6WUpOcHlIVm1MClNhLzZseDFrKzVlZUc1bng4MjRFaW9GVjBRd1NQYTVqZFdwcElSYmFDRXJkMjh0blkvOGdheFh5V3ROOGZ4SkwKTlo3TTE5bEFFN1VHNDRvZ05iR1RBdXFSbXg3VUx2cCtaNnlvZ2wrQjEzTzZLQy91K3RvNkJhVVFwZGtyUmhsNworZXpHQTl4MVpEV0xFTlZFeGhjY0Iva0NBd0VBQWFOV01GUXdEZ1lEVlIwUEFRSC9CQVFEQWdXZ01CTUdBMVVkCkpRUU1NQW9HQ0NzR0FRVUZCd01DTUF3R0ExVWRFd0VCL3dRQ01BQXdId1lEVlIwakJCZ3dGb0FVMTd4L3RMbEUKTkZTVzJlN0U3Wm9nOTJGdGEvb3dEUVlKS29aSWh2Y05BUUVMQlFBRGdnSUJBSDBSTjBxVGJJVWQyb01WRUhNdAo0enJQNkNBNDN3R1NnQjhUS2xUU3BaVTk5VWQyN1VremlZYndBVG1tUFRHOFcxcHVFTktwUVoyd0d0OUcvb2ZFCmNvenkvZE1CWHY4Yi9kZWg2MmdyYnBTei9kaXVjYW8vWUdxQUFqK3FHYit4OWNUSDhSc2RqSFZyb1huUURrU3kKZ1FWNmlzZ3lSOWZQZWNDK1RNQ1AvQ3pyamhKUEpNRStGZVlWanhVMm9XOE1zNkF1SkVQOWtxWFBOYlZYZTViWgpzMVg4WUJHVWVHbGJEQTUyMUtpRzNBNkFBVytZNnYvRzZUMkdld1ArRlNqKzhiWktiOWtPMHA4MnZ2SzVrR0kyCkVHMUpLa2VkVzkrYzdudkJKRGZhTjllb21XREcyVVR0bU43WWVkL1dIeDBVVVptcjU1VWdMM0hXRldubUlWMXAKbkVHWEkvQlArZVNac0pXTzZiRUoyeXhPeGFiQSswZFdIbTZYUXdWM0ZycXFDYjJJZEc1aENxNVMyYXVVSTJJNApXQ0JoanhaVjV3c0F2SE92Y1gxREh2Y0d3Z1llTnVLMkc4UnR2QmdzMDhLbVM1OWphR1VxVlN4Z0ZxaUVKN3NnCm40UktCZzRHcjN5T0xDa0NmZXlLMlZzWTlqbHVyVUs1cUFRTTNmU1VXMy91NmlpWXp6SWlBTlpKRk9xTk1LYlkKaDVsTjlyblpxeGMvTXlPMGVkcFhJVDJsdUw5SlhzKzdFTHF0bzF4U3R3MlNwZ0FJV3dSOGZaV2RPdmoyek8wegozR3ZGejVhbWZySk9jNjVoTDBubFAyRzVFQXBVRDNlempWaFFXYlBSK1JOU0p5YUFhcEdEeGUwdDl4T2dyUXdmCnEwdTMyVnJhQkE2UmpmQ0lwZDAxRzJvYwotLS0tLUVORCBDRVJUSUZJQ0FURS0tLS0tCg==\n    client-key-data: LS0tLS1CRUdJTiBSU0EgUFJJVkFURSBLRVktLS0tLQpNSUlKS1FJQkFBS0NBZ0VBczE3WFBrUmwrcnZjdSt5Qm55ZUthYkVBeWMrMTZCbjZCNHFSQzQwTmRxRXZGRFdNCjFhR3ZmbElWdkxMUUZIbEZVb0F6ZGc2bGdpU2FxczhMWmhZblpUT3hHLzNHOHU0cDFvbjkzVk85ZGV1TTNDTWkKbi9hSTVEdUZFWjUxb2dpbUxEcUFwRWZ5eFMyc0tXWjlLNW5pS3ZRbDFXVEFUMFljOUVoNjBDayszcTIwa1F6dApPUnFDR3E5ZFVoYy9yU0pxV1I3bDhuQ25Od3R4M09FSTR4M2N6b0s3azU1SFYxRGxNWnE2UzE5b0k5NGl2aE5GClUzNHV1MXhuelRqUUcwaXdjYWdWbkp5cy9EcG8rOU1GOHZ0MElEZW9mNFAyMWJmQ01sd3ZPdmZHOXBvVkQ4MUkKam8wR1BHbHNHQ3pNS0RTMTRVUnpyMDU3ZG5SbnpneFNTSGs1NHRWR0xuOWlEUStRZmpkWit6WjQ4ZkxIdzZYMgp6ZHdmOUZGY3l4a2tRU0RiV2Z3QXhjSHF4V1dOdVVUOVlLbG9raHZEc2UwaGhLeGZyWEdZVEFNN2dMZEZtY0lzCjY2QXJyMmpHUTJZNVNzNk16SFgrYWRZZ1NaSjRNcERsUlh0WXM4b1UrRmh6RHdHZjBtQ0VneGVTd0ExUFh1eXoKMDlaVVl1ZFZhUGxwSEpnekRTZjdVTnJTZzF6WUpOcHlIVm1MU2EvNmx4MWsrNWVlRzVueDgyNEVpb0ZWMFF3UwpQYTVqZFdwcElSYmFDRXJkMjh0blkvOGdheFh5V3ROOGZ4SkxOWjdNMTlsQUU3VUc0NG9nTmJHVEF1cVJteDdVCkx2cCtaNnlvZ2wrQjEzTzZLQy91K3RvNkJhVVFwZGtyUmhsNytlekdBOXgxWkRXTEVOVkV4aGNjQi9rQ0F3RUEKQVFLQ0FnQVpvTzk0UWlXZ0ViK1VTbEtxL3VkVCtxcDJLMnQrWWxmTFJBMDliVVlETVR5YzBwbnczRTFLNjBlWAowcVRRaUJOVG1tVy85SS9KYkpsODFtQjJrYXZIVmY5MFZHcGN3NUxPeUtDeFF3bkxFNERvNDB4TE50cVFZY0M5CnA3cC9FR1ZONUg0RSt4TEJBYW1ic0wwcHdhOERIQ2RidWkyUUppQjA5dlkxVCs5ZnVjb1cvNVhWbHVnSUVBNXgKY0VqMDMvbjZDZVFwSTllQWtlNE85VWhqeXh5RmxVQmY4em1XVEVTek5ieHdrSTA4c3J5Y0UvelAxVE93S1ovYgpQc2JkWHlGMjIrRmFvemhFUWNSR1Z2eCtuMWNVVTErTCtMc0lCbDJFL0k3ekNmd3Z1QXhTV2E2SVQ3WVlZNmZDClBJUmZLa2ppaXZsTWp4WXM4cXp5VCtoaDJwQmVqNEUzam5uc0w4RWhjWVdmMFNuVzZlbTlUWnRySGl3a21STDgKRU4xTE1obDdmc2tscnloRDVBQlJqek95MEFHeld1dWtIbUFxcEhPaTFrdmc3RWkxMWREYWk0cklwWnBZREtmdQpQRDJueHAxQnBFdzVrY0Q1dU9ndzlmcHoycVpUUGpNOGdFb2ttczd3cEtRN0llTGVKMkszUlpsRlkxc2hmNFNXCnV0a1ZIb0ZaN3MwakVjWG4wdTJHT3lrdzhIOHFjWlhhb1UzeXlDM1JuTTJxQy91TTNKRWRSSndyQmdzZlVDQmYKbk5mRXpCVG4rSzJIL0QydHB4RlhKQmRjWU5qM2p0VGdOVHd5bDNiRmc0ZjU2MVFNY0czbG1xTDhiZ0kvdS9qKwpKTEJTdXJ3elUyK2Zwa3lHQ2NaUnVwLzBJMnpHNDJwdEtLc29Fdk9SMkhBK0w1NmgwUUtDQVFFQTI4QmljaE9YCjVmUG1rWVhyS1IxYkNOcE5wc1VQdDB1SzJIaGQyRzBkd0xJUWc3MUJ3UGNqbldGcjBsblY4Sm13VDRtTW1kSC8KZE0yTnMzdktqSE1XeWZCU1lrVzMrUTNGcm1Rc05ycUxIbm5PVExXWTUzQzF3ZlZ0WGZReHpZUWxBSkRYZXdCUAo1cG5xajRUTFh4RUFVYUYrRGlTZm14YWJDMHhlWnlZcVdaOElUa1dBdUw0cXlKb0x1b05qTXI4dHZPWEFjMlJoCnNoRE8xRHlYL2c1eVdMRlRIRGNzcUx3aUEwMDhqZTJpY2Y0V0o4R0I4T2xFKzlDQ0UwUjNxbDdEVkMxTDNYb1QKN3JsSUhubWNSOXpBQUsyZTZDOTRnMHY3cUc2c2FNaUVWZi94Yk8rdlU2N0ZnSVNWRExsWnJyVkxmWkNBQTgzcAp6dStQeWdzakZQdUtPd0tDQVFFQTBQVkJaZlB5dy93aXlMenp3eXQ0b1JSTnFhaXpmakZsdUl4ZFpvUFpXK0M5CnRQQXNudXFVM3VuRnBGeG45SUI5OEk5NERWRE9COVJwblI4S3p6VFdBcFYxMXZSUnR3QTdqWXhVOTJZa3VYTlQKMm1OeW5VR1VvMHQrdHc3OWN5Z05uK1M1YloxNjE1QkJLNzFZYWlkcnI5aFlSc0tFNnhIbjcvMS9ZTHFVM2RkQwpvYjd5bkJmTlBQREFvMGlkUEZaYzRzZUV4N3NvaS9sTEsyMm0yT1gvQVFDRXgzYm9TQlV3d2YzVHhUSG5HOXkxCmFWSVpWemdVemJoNk9xREhOWGxrMktuYU9WUkdVVjJMMUVORDZwWnlDRlkwb0VPaGpUYWpuaEdKQ284aEtxa1oKSXU0bXVzK1dsR2hSOHNoWkJnai9JaFB0Wmdxa2plQW9QMVNUWDlKZld3S0NBUUVBcjNKMkp1WUZ6STVpYzZVYwpENE5rZnpqcjdrNC9NZlNhTWlKSHF0ZlRmVm10WGNEb2tvdStYNVM4WlFGY2tlL2ltRjRWWjJvR0x0YytYeUppCm9LZnlkZC90cHBCTFJnajgzek1US2M3ZDY4TU1OcXAySGJJYkszUXJrV3U1cDMvdG12b0pVQ2I3by8wWERPYlYKQ0YybWg0WU1BbmF6Qnp1UkpnQWZEdk9sdEZBSWJaV0lJL2VRYVFDMGhJRUozaVpNK2hmbEF6d04xQUVmWU12UAovZ0xDd0pVeTZjQVRZOVJ3dzNvUzhxM2JtRzlvZU8xQ05YbkluZFBuUmtMUDE3STQrU2dBL2g3TmN6ZHlvUUl2CkNDRHpHcGVEMjVTcS93alhMNjdNOEF2SHZISFA2MDJpQ1luc0hhTzg3SisvUG9GNGVCTzZZVTh4Y1FwTEh1Q3QKYmI4MnFRS0NBUUFrc1N4T3JzdU9ScFFGRThqcUdKUVNGUEtlUEJWb3IxdmhVQ1NHZjlpSEhhdXlQZ3BYelhGZQp3MFlGV29TV2xvbUcyR3FJVEF3aHE5YnYxQ2Vkd3ZWaGRzVStmYUJydGdxL0RFbFBPQXh5MUNHQlU3MG9oLytGCnZSZi9KUTYwVGZBMmgzOVlGRE1oN3g3Q2cza25DczBLRDc5UWpZK3hoMjltNE9paEg2Sk1ZaVE5S3I2SFVsYWoKd05MUzJVbGk4dmRVaXh4eHhoZVVuSzNxYmxMQis0RVB0L3VZMnZSbTAvRy8zc1owOWhKUy9pcU0xL0hETXdIVQpMZlNvbnRyY05QalVZdDhDK2gxdTVESk5qNUk1ZXptQzVVQlFkQS9HTURZQzU2bGN4VTFacEYvWmxtQU9wYTBYCldrb3BpNnkyTnBZMmNiRmFIYnhQZlhFVHpkSWpIVm5KQW9JQkFRQ0hOK0h3NUZLYzNsNlYveUdNYUpJMFBkMTYKNzhvUWxlOXRISnhFbnk1czBSWVByUDc1Vm1CZTlDMm9tVERRL0hPajRFaERoRk5WZXhkSE5WZklQaGZ6MkxDNQpLcFRqbnhkTEFsSjhnWGNFV1FrNkpPWFFzbTdMeFprc1ozbzk1TmprNzRzU255NkQzd21IQ3dzSEQreVIzOXNmCkFXSXpCZkRKZStra2w4S3lEUmFrUUsvUFZBNHp5bjZHeFozQTh2YnJXVU44eDRjR0tNRjg4Tm1JMmhUdU95SEkKbyt0UVZpTlRkci9kVEQ2UlNPRTg3aUxuamJSbWM0QzZMNEVNWE50MFMxVGNLZmZKVEgwdmpxVE54YWMrNCtmagpQWlJFeUhESWQ1OFFaejJiSzNLcFJMUGl4cmFxRU4ySlpteTZMbm04TVgzMFh2SFJ5S2FqSkVTdXV3a2IKLS0tLS1FTkQgUlNBIFBSSVZBVEUgS0VZLS0tLS0K\n    token: o7ep46bpt0al6bfgplbdodispm9pe45cxqm3r27k4xctp1o16fe1qvd34zqywupfzu2vx3n45euedvkdxnc27mjf4l4etn07nh8dfhlkxpl7kvvjhip76w1chj4yk6z7\n",
            "kube_config": [
              {
                "client_certificate": "",
                "client_key": "",
                "cluster_ca_certificate": "LS0tLS1CRUdJTiBDRVJUSUZJQ0FURS0tLS0tCk1JSUU2VENDQXRHZ0F3SUJBZ0lSQU9oU3pOY0RGQjVEUnNENDN6MkJ3a1l3RFFZSktvWklodmNOQVFFTEJRQXcKRFRFTE1Ba0dBMVVFQXhNQ1kyRXdJQmNOTWpRd016STJNakEwTlRJMFdoZ1BNakExTkRBek1qWXlNRFUxTWpSYQpNQTB4Q3pBSkJnTlZCQU1UQW1OaE1JSUNJakFOQmdrcWhraUc5dzBCQVFFRkFBT0NBZzhBTUlJQ0NnS0NBZ0VBCjBrVE9Uc1Y1SS9EMytLbHlHMkRITjdQaHVySXJCSDcrUnJ4OFdQUmo3a1NZRElBQlFXTzVVRllERFFEOVNsUDkKR252TU9wRWQvVFVaSTlQMG90VUgrUVlaOHZXNGxLYkI5K01tZEJ3NFhJdVpkLzc4UWNqM2NoaFlvcFZKMm03dQpkS3Bhby9YcjJGOG9xNHNJVDNPbEFjMThES2JBcjJ1eHljWm5EaGxPZWFwdDhBWWRic1FNYTgvcHkxbzBpM2JCCnpGZ2pERTBTalNNTHdJc1liU1UvaDJRNUlEQkM1ZWVTLzFxcmwzTnc1SVhZbEtqczgzbVJzZGRBOStjdVA4SzUKQ3d0V1FtQWdVWkxaVFBia1lHcHlxVmlZMDRKRmlOdkR2Q204OS9QMTlTQWY1aHBmTllrdCtIeDdxZHliRWJYNQoxMkVrSk9qUlVsdnlxUmowUUtGQ0dOQkFRc1FhMWk5aHdkU09Wc1MvSzAxWjluREorN3lyTWRBcU9XMU5rWnZ3CmJydFBsc1NxQ0h1RlBjbmcwdlFJbzViRE9xZ2ozTWFmT1VoT1dNVG9nTEZZK0h6OUVzQldGbUlrOU5MQitFUGcKamZ3V1pkL1IrOUhLSVNmRFdyVU9iN2tMQ2U4NUdSdlFOa3NYcHJNMEtoSkZWWmNLNHdONzB6bEpLMkpPQkZBawovaXBiRjdiMytTb2hMKzBTeDR0N0Q2VmRYM3FMa2syWHZ4a2traUR0aWY0NUNBUEg5QzBNcnMzVXRScUc0UTN2CnpnbUpVMXJuc0hSeXZDQjFvMy9LL3pRWS9Ib05CdnB4RHJieXNzT1ZicmNLUzgwODZEdW5BMlpvUFV1Y25kc2UKVG52c2puUk4rakNTRXBIVTVqN2RJSnBZdmREeGNvQXB6VmxKTDIzeEFWY0NBd0VBQWFOQ01FQXdEZ1lEVlIwUApBUUgvQkFRREFnS2tNQThHQTFVZEV3RUIvd1FGTUFNQkFmOHdIUVlEVlIwT0JCWUVGTmU4ZjdTNVJEUlVsdG51CnhPMmFJUGRoYld2Nk1BMEdDU3FHU0liM0RRRUJDd1VBQTRJQ0FRQ1cvaFZQTUVHSTZySCs3MWNwYzZ6dlZCVHAKejdnc0NQcUIrS1U1SE50RytMWFJzYWJKR3UxRmlPWkozUitSRVZONUVMTUtRbFBrc2NXazMzK0Uydks1TUhxWQpqa0MrcG5sbVNkbGZ3RFBXaGp1TTBNRUlFdHFVUzNneHJCL0lhWjV5T09BOVlFbklmR3VTd3BBeWNldkJVSUhoCmRvd0JhUmtPbzMwbHRoS3JmbEwyQjNuclVLM3Z2Vy9KRE10S0w2cUQxT2gxa2tRNTJYMU9mY1o5SW9IbWRPYWsKN2FZanA2Z3dxTGZuU1ErTkc0Zk9ZbFFxa29VeDcrdlBCcWMyRG1ocndzaUNyZEcxWmcvZjl3SHhnZExwN1puVApKcFJQeGthS2E3WGkvMDlnK0tjcnN4cFBwMVRUYkJZWjBzUXBieDJqZ0JGWlJzR1BaNFlYRDU3QWNjaEVLNUswCnhZQzFOc1JkWURsdFdDYm9jb0xnem1KUHBSZHlWTzlVNXM2RFdrYnJlbVh1dEhrTjgvUkE1TUpqUTJpMS9RMC8KNEtkSTV4M0R6MjFLUzRnZHp3NHZmVWVxZEJQK0tuVG1ldmpLNzFGNWFkaDFjMWRxNnlCMmwwVUVXaTVmN0s2Mgp0T0pKYWZxb1VxaXdiZW1VU3ZnYmJYNXgrM0FXL1l3OEJmc2l1ZkN6ekhYRERtalNGS0VFT0kxWUdkTHdkUWhvCnBGUG5qSFV5RXJaRVdyRVZxVzd3VGtiWDYrSnRlVVBJOHA1RmM1bllWMVk0RlBjVE5pcmlVWXRzK2JrZHhESW0KbW5XZWdlNDI4bmk5Z0ZONnZpS3A0VS80eUJYbGszRU1aTWdFQ2xnSmZoMTdkN3hNc2dQMzJVdlZ1cXJpZ0w3aAorRGJUZ3pQZmZuRFRyN0FMY3c9PQotLS0tLUVORCBDRVJUSUZJQ0FURS0tLS0tCg==",
                "host": "https://aks-3obe5mma.hcp.southcentralus.azmk8s.io:443",
                "password": "",
                "username": "clusterUser_jx8magic8ballRG_jx8magic8ballAks"
              }
            ],
            "kube_config_raw": "apiVersion: v1\nclusters:\n- cluster:\n    certificate-authority-data: LS0tLS1CRUdJTiBDRVJUSUZJQ0FURS0tLS0tCk1JSUU2VENDQXRHZ0F3SUJBZ0lSQU9oU3pOY0RGQjVEUnNENDN6MkJ3a1l3RFFZSktvWklodmNOQVFFTEJRQXcKRFRFTE1Ba0dBMVVFQXhNQ1kyRXdJQmNOTWpRd016STJNakEwTlRJMFdoZ1BNakExTkRBek1qWXlNRFUxTWpSYQpNQTB4Q3pBSkJnTlZCQU1UQW1OaE1JSUNJakFOQmdrcWhraUc5dzBCQVFFRkFBT0NBZzhBTUlJQ0NnS0NBZ0VBCjBrVE9Uc1Y1SS9EMytLbHlHMkRITjdQaHVySXJCSDcrUnJ4OFdQUmo3a1NZRElBQlFXTzVVRllERFFEOVNsUDkKR252TU9wRWQvVFVaSTlQMG90VUgrUVlaOHZXNGxLYkI5K01tZEJ3NFhJdVpkLzc4UWNqM2NoaFlvcFZKMm03dQpkS3Bhby9YcjJGOG9xNHNJVDNPbEFjMThES2JBcjJ1eHljWm5EaGxPZWFwdDhBWWRic1FNYTgvcHkxbzBpM2JCCnpGZ2pERTBTalNNTHdJc1liU1UvaDJRNUlEQkM1ZWVTLzFxcmwzTnc1SVhZbEtqczgzbVJzZGRBOStjdVA4SzUKQ3d0V1FtQWdVWkxaVFBia1lHcHlxVmlZMDRKRmlOdkR2Q204OS9QMTlTQWY1aHBmTllrdCtIeDdxZHliRWJYNQoxMkVrSk9qUlVsdnlxUmowUUtGQ0dOQkFRc1FhMWk5aHdkU09Wc1MvSzAxWjluREorN3lyTWRBcU9XMU5rWnZ3CmJydFBsc1NxQ0h1RlBjbmcwdlFJbzViRE9xZ2ozTWFmT1VoT1dNVG9nTEZZK0h6OUVzQldGbUlrOU5MQitFUGcKamZ3V1pkL1IrOUhLSVNmRFdyVU9iN2tMQ2U4NUdSdlFOa3NYcHJNMEtoSkZWWmNLNHdONzB6bEpLMkpPQkZBawovaXBiRjdiMytTb2hMKzBTeDR0N0Q2VmRYM3FMa2syWHZ4a2traUR0aWY0NUNBUEg5QzBNcnMzVXRScUc0UTN2CnpnbUpVMXJuc0hSeXZDQjFvMy9LL3pRWS9Ib05CdnB4RHJieXNzT1ZicmNLUzgwODZEdW5BMlpvUFV1Y25kc2UKVG52c2puUk4rakNTRXBIVTVqN2RJSnBZdmREeGNvQXB6VmxKTDIzeEFWY0NBd0VBQWFOQ01FQXdEZ1lEVlIwUApBUUgvQkFRREFnS2tNQThHQTFVZEV3RUIvd1FGTUFNQkFmOHdIUVlEVlIwT0JCWUVGTmU4ZjdTNVJEUlVsdG51CnhPMmFJUGRoYld2Nk1BMEdDU3FHU0liM0RRRUJDd1VBQTRJQ0FRQ1cvaFZQTUVHSTZySCs3MWNwYzZ6dlZCVHAKejdnc0NQcUIrS1U1SE50RytMWFJzYWJKR3UxRmlPWkozUitSRVZONUVMTUtRbFBrc2NXazMzK0Uydks1TUhxWQpqa0MrcG5sbVNkbGZ3RFBXaGp1TTBNRUlFdHFVUzNneHJCL0lhWjV5T09BOVlFbklmR3VTd3BBeWNldkJVSUhoCmRvd0JhUmtPbzMwbHRoS3JmbEwyQjNuclVLM3Z2Vy9KRE10S0w2cUQxT2gxa2tRNTJYMU9mY1o5SW9IbWRPYWsKN2FZanA2Z3dxTGZuU1ErTkc0Zk9ZbFFxa29VeDcrdlBCcWMyRG1ocndzaUNyZEcxWmcvZjl3SHhnZExwN1puVApKcFJQeGthS2E3WGkvMDlnK0tjcnN4cFBwMVRUYkJZWjBzUXBieDJqZ0JGWlJzR1BaNFlYRDU3QWNjaEVLNUswCnhZQzFOc1JkWURsdFdDYm9jb0xnem1KUHBSZHlWTzlVNXM2RFdrYnJlbVh1dEhrTjgvUkE1TUpqUTJpMS9RMC8KNEtkSTV4M0R6MjFLUzRnZHp3NHZmVWVxZEJQK0tuVG1ldmpLNzFGNWFkaDFjMWRxNnlCMmwwVUVXaTVmN0s2Mgp0T0pKYWZxb1VxaXdiZW1VU3ZnYmJYNXgrM0FXL1l3OEJmc2l1ZkN6ekhYRERtalNGS0VFT0kxWUdkTHdkUWhvCnBGUG5qSFV5RXJaRVdyRVZxVzd3VGtiWDYrSnRlVVBJOHA1RmM1bllWMVk0RlBjVE5pcmlVWXRzK2JrZHhESW0KbW5XZWdlNDI4bmk5Z0ZONnZpS3A0VS80eUJYbGszRU1aTWdFQ2xnSmZoMTdkN3hNc2dQMzJVdlZ1cXJpZ0w3aAorRGJUZ3pQZmZuRFRyN0FMY3c9PQotLS0tLUVORCBDRVJUSUZJQ0FURS0tLS0tCg==\n    server: https://aks-3obe5mma.hcp.southcentralus.azmk8s.io:443\n  name: jx8magic8ballAks\ncontexts:\n- context:\n    cluster: jx8magic8ballAks\n    user: clusterUser_jx8magic8ballRG_jx8magic8ballAks\n  name: jx8magic8ballAks\ncurrent-context: jx8magic8ballAks\nkind: Config\npreferences: {}\nusers:\n- name: clusterUser_jx8magic8ballRG_jx8magic8ballAks\n  user:\n    exec:\n      apiVersion: client.authentication.k8s.io/v1beta1\n      args:\n      - get-token\n      - --environment\n      - AzurePublicCloud\n      - --server-id\n      - 6dae42f8-4368-4678-94ff-3960e28e3630\n      - --client-id\n      - 80faf920-1908-4b52-b5ef-a8e7bedfc67a\n      - --tenant-id\n      - 16b3c013-d300-468d-ac64-7eda0820b6d3\n      - --login\n      - devicecode\n      command: kubelogin\n      env: null\n      installHint: |2\n\n        kubelogin is not installed which is required to connect to AAD enabled cluster.\n\n        To learn more, please go to https://aka.ms/aks/kubelogin\n      provideClusterInfo: false\n",
            "kubelet_identity": [
              {
                "client_id": "2e438335-cf87-422c-ad4d-266f50113afd",
                "object_id": "41e9265f-d2cd-4519-a062-4385d9384a7e",
                "user_assigned_identity_id": "/subscriptions/6879fc1e-5aa4-49d6-8bde-b9577bb6d594/resourceGroups/MC_jx8magic8ballRG_jx8magic8ballAks_southcentralus/providers/Microsoft.ManagedIdentity/userAssignedIdentities/jx8magic8ballAks-agentpool"
              }
            ],
            "kubernetes_version": "1.27.7",
            "linux_profile": [
              {
                "admin_username": "azadmin",
                "ssh_key": [
                  {
                    "key_data": "ssh-rsa AAAAB3NzaC1yc2EAAAADAQABAAABAQDCxuxl0q6GCPhTrxZipoEkEw9tWDFmRjOqAemRRHDDi+eenQqDYisstsuVWIrlByXh/BaQSopXL7XRfUfU51sFLDyMIEN22LUASfbioPTpa3x6jgBrYE1+xK0xDFW3XaL1P6KgWt5HWPvkVGnvgxQ+JdYpTFELzAiPZg5HCJ2uEjHm7DRPPvsvLcnw+Vb4ce+nlg7X7vrVyPyGI8RJLaSL1/9rLT5uscsuFBh0fk8eVlrTCZMkvkuh68GZYfkrKL/1eNOtAuUe6L0JcAW49GYJTVkRLDjvRpbJz4w4BNUnXtAFO4IwyRGmMzV+oCCi2zCB6iZLtHq9qON+K/TVOvA9"
                  }
                ]
              }
            ],
            "location": "southcentralus",
            "microsoft_defender": [],
            "name": "jx8magic8ballAks",
            "network_profile": [
              {
                "dns_service_ip": "10.2.0.10",
                "docker_bridge_cidr": "172.17.0.1/16",
                "load_balancer_sku": "Standard",
                "network_plugin": "azure",
                "network_policy": "",
                "pod_cidr": "",
                "service_cidr": "10.2.0.0/24"
              }
            ],
            "node_resource_group": "MC_jx8magic8ballRG_jx8magic8ballAks_southcentralus",
            "node_resource_group_id": "/subscriptions/6879fc1e-5aa4-49d6-8bde-b9577bb6d594/resourceGroups/MC_jx8magic8ballRG_jx8magic8ballAks_southcentralus",
            "oidc_issuer_enabled": true,
            "oidc_issuer_url": "https://southcentralus.oic.prod-aks.azure.com/16b3c013-d300-468d-ac64-7eda0820b6d3/f7d7be9a-a8f9-43e5-9110-ab410632346c/",
            "oms_agent": [
              {
                "log_analytics_workspace_id": "/subscriptions/6879fc1e-5aa4-49d6-8bde-b9577bb6d594/resourceGroups/jx8magic8ballRG/providers/Microsoft.OperationalInsights/workspaces/jx8magic8ballWorkspace",
                "msi_auth_for_monitoring_enabled": true,
                "oms_agent_identity": []
              }
            ],
            "open_service_mesh_enabled": true,
            "private_cluster_enabled": null,
            "private_fqdn": "",
            "resource_group_name": "jx8magic8ballRG",
            "role_based_access_control_enabled": true,
            "service_principal": [
              {
                "client_id": "msi"
              }
            ],
            "storage_profile": [
              {
                "blob_driver_enabled": false,
                "disk_driver_enabled": true,
                "disk_driver_version": "v1",
                "file_driver_enabled": true,
                "snapshot_controller_enabled": true
              }
            ],
            "tags": {},
            "timeouts": null,
            "windows_profile": [
              {
                "admin_username": "azureuser"
              }
            ]
          },
          "sensitive_attributes": []
        }
      ]
    },
    {
      "module": "module.deployment_script",
      "mode": "managed",
      "type": "azurerm_resource_deployment_script_azure_cli",
      "name": "script",
      "provider": "provider[\"registry.terraform.io/hashicorp/azurerm\"]",
      "instances": [
        {
          "schema_version": 0,
          "attributes": {
            "cleanup_preference": "OnSuccess",
            "command_line": "'foo' 'bar'",
            "container": [],
            "environment_variable": [
              {
                "name": "applicationGatewayEnabled",
                "secure_value": "",
                "value": "false"
              },
              {
                "name": "clusterName",
                "secure_value": "",
                "value": "jx8magic8ballAks"
              },
              {
                "name": "email",
                "secure_value": "",
                "value": "paolos@microsoft.com"
              },
              {
                "name": "hostName",
                "secure_value": "",
                "value": "jx8magic.microsoft.com"
              },
              {
                "name": "namespace",
                "secure_value": "",
                "value": "jx8magic8ball"
              },
              {
                "name": "resourceGroupName",
                "secure_value": "",
                "value": "jx8magic8ballRG"
              },
              {
                "name": "serviceAccountName",
                "secure_value": "",
                "value": "jx8magic8ball-sa"
              },
              {
                "name": "subscriptionId",
                "secure_value": "",
                "value": "6879fc1e-5aa4-49d6-8bde-b9577bb6d594"
              },
              {
                "name": "tenantId",
                "secure_value": "",
                "value": "16b3c013-d300-468d-ac64-7eda0820b6d3"
              },
              {
                "name": "workloadManagedIdentityClientId",
                "secure_value": "",
                "value": "212f7666-0434-4aca-a0d0-1d282b6af671"
              }
            ],
            "force_update_tag": "1",
            "id": "/subscriptions/6879fc1e-5aa4-49d6-8bde-b9577bb6d594/resourceGroups/jx8magic8ballRG/providers/Microsoft.Resources/deploymentScripts/jx8magic8ballBashScript",
            "identity": [
              {
                "identity_ids": [
                  "/subscriptions/6879fc1e-5aa4-49d6-8bde-b9577bb6d594/resourceGroups/jx8magic8ballRG/providers/Microsoft.ManagedIdentity/userAssignedIdentities/jx8magic8ballScriptManagedIdentity"
                ],
                "type": "UserAssigned"
              }
            ],
            "location": "southcentralus",
            "name": "jx8magic8ballBashScript",
            "outputs": "{\"certManager\":\"cert-manager\",\"namespace\":\"jx8magic8ball\",\"nginxIngressController\":\"ingress-basic\",\"prometheus\":\"prometheus\",\"serviceAccountName\":\"jx8magic8ball-sa\"}",
            "primary_script_uri": "https://paolosalvatori.blob.core.windows.net/scripts/install-nginx-via-helm-and-create-sa.sh",
            "resource_group_name": "jx8magic8ballRG",
            "retention_interval": "P1D",
            "script_content": "",
            "storage_account": [],
            "supporting_script_uris": [],
            "tags": {
              "createdWith": "Terraform"
            },
            "timeout": "PT30M",
            "timeouts": null,
            "version": "2.9.1"
          },
          "sensitive_attributes": [],
          "private": "eyJlMmJmYjczMC1lY2FhLTExZTYtOGY4OC0zNDM2M2JjN2M0YzAiOnsiY3JlYXRlIjoxODAwMDAwMDAwMDAwLCJkZWxldGUiOjE4MDAwMDAwMDAwMDAsInJlYWQiOjMwMDAwMDAwMDAwMCwidXBkYXRlIjoxODAwMDAwMDAwMDAwfX0=",
          "dependencies": [
            "azurerm_resource_group.rg",
            "azurerm_user_assigned_identity.aks_workload_identity",
            "data.azurerm_client_config.current",
            "module.aks_cluster.azurerm_kubernetes_cluster.aks_cluster",
            "module.aks_cluster.azurerm_monitor_diagnostic_setting.settings",
            "module.aks_cluster.azurerm_user_assigned_identity.aks_identity",
            "module.container_registry.azurerm_container_registry.acr",
            "module.container_registry.azurerm_monitor_diagnostic_setting.settings",
            "module.container_registry.azurerm_user_assigned_identity.acr_identity",
            "module.deployment_script.azurerm_user_assigned_identity.script_identity",
            "module.log_analytics_workspace.azurerm_log_analytics_workspace.log_analytics_workspace",
            "module.nat_gateway.azurerm_nat_gateway.nat_gateway",
            "module.nat_gateway.azurerm_nat_gateway_public_ip_association.nat_gategay_public_ip_association",
            "module.nat_gateway.azurerm_public_ip.nat_gategay_public_ip",
            "module.nat_gateway.azurerm_subnet_nat_gateway_association.nat-avd-sessionhosts",
            "module.virtual_network.azurerm_subnet.subnet",
            "module.virtual_network.azurerm_virtual_network.vnet",
            "random_string.prefix"
          ]
        }
      ]
    },
    {
      "module": "module.deployment_script",
      "mode": "managed",
      "type": "azurerm_role_assignment",
      "name": "network_contributor_assignment",
      "provider": "provider[\"registry.terraform.io/hashicorp/azurerm\"]",
      "instances": [
        {
          "schema_version": 0,
          "attributes": {
            "condition": "",
            "condition_version": "",
            "delegated_managed_identity_resource_id": "",
            "description": "",
            "id": "/subscriptions/6879fc1e-5aa4-49d6-8bde-b9577bb6d594/resourceGroups/jx8magic8ballRG/providers/Microsoft.ContainerService/managedClusters/jx8magic8ballAks/providers/Microsoft.Authorization/roleAssignments/0dd858e6-1f6f-0601-110a-82ece2a23334",
            "name": "0dd858e6-1f6f-0601-110a-82ece2a23334",
            "principal_id": "5a2b65a1-4ac3-4975-83c6-0c50dd71b531",
            "principal_type": "ServicePrincipal",
            "role_definition_id": "/subscriptions/6879fc1e-5aa4-49d6-8bde-b9577bb6d594/providers/Microsoft.Authorization/roleDefinitions/0ab0b1a8-8aac-4efd-b8c2-3ee1fb270be8",
            "role_definition_name": "Azure Kubernetes Service Cluster Admin Role",
            "scope": "/subscriptions/6879fc1e-5aa4-49d6-8bde-b9577bb6d594/resourceGroups/jx8magic8ballRG/providers/Microsoft.ContainerService/managedClusters/jx8magic8ballAks",
            "skip_service_principal_aad_check": true,
            "timeouts": null
          },
          "sensitive_attributes": [],
          "private": "eyJlMmJmYjczMC1lY2FhLTExZTYtOGY4OC0zNDM2M2JjN2M0YzAiOnsiY3JlYXRlIjoxODAwMDAwMDAwMDAwLCJkZWxldGUiOjE4MDAwMDAwMDAwMDAsInJlYWQiOjMwMDAwMDAwMDAwMCwidXBkYXRlIjoxODAwMDAwMDAwMDAwfX0=",
          "dependencies": [
            "azurerm_resource_group.rg",
            "data.azurerm_client_config.current",
            "module.aks_cluster.azurerm_kubernetes_cluster.aks_cluster",
            "module.aks_cluster.azurerm_monitor_diagnostic_setting.settings",
            "module.aks_cluster.azurerm_user_assigned_identity.aks_identity",
            "module.container_registry.azurerm_container_registry.acr",
            "module.container_registry.azurerm_monitor_diagnostic_setting.settings",
            "module.container_registry.azurerm_user_assigned_identity.acr_identity",
            "module.deployment_script.azurerm_user_assigned_identity.script_identity",
            "module.deployment_script.data.azurerm_kubernetes_cluster.aks_cluster",
            "module.log_analytics_workspace.azurerm_log_analytics_workspace.log_analytics_workspace",
            "module.nat_gateway.azurerm_nat_gateway.nat_gateway",
            "module.nat_gateway.azurerm_nat_gateway_public_ip_association.nat_gategay_public_ip_association",
            "module.nat_gateway.azurerm_public_ip.nat_gategay_public_ip",
            "module.nat_gateway.azurerm_subnet_nat_gateway_association.nat-avd-sessionhosts",
            "module.virtual_network.azurerm_subnet.subnet",
            "module.virtual_network.azurerm_virtual_network.vnet",
            "random_string.prefix"
          ]
        }
      ]
    },
    {
      "module": "module.deployment_script",
      "mode": "managed",
      "type": "azurerm_user_assigned_identity",
      "name": "script_identity",
      "provider": "provider[\"registry.terraform.io/hashicorp/azurerm\"]",
      "instances": [
        {
          "schema_version": 1,
          "attributes": {
            "client_id": "fcc2168b-965e-43c9-8dfe-e2e71a32d049",
            "id": "/subscriptions/6879fc1e-5aa4-49d6-8bde-b9577bb6d594/resourceGroups/jx8magic8ballRG/providers/Microsoft.ManagedIdentity/userAssignedIdentities/jx8magic8ballScriptManagedIdentity",
            "location": "southcentralus",
            "name": "jx8magic8ballScriptManagedIdentity",
            "principal_id": "5a2b65a1-4ac3-4975-83c6-0c50dd71b531",
            "resource_group_name": "jx8magic8ballRG",
            "tags": {
              "createdWith": "Terraform"
            },
            "tenant_id": "16b3c013-d300-468d-ac64-7eda0820b6d3",
            "timeouts": null
          },
          "sensitive_attributes": [],
          "private": "eyJlMmJmYjczMC1lY2FhLTExZTYtOGY4OC0zNDM2M2JjN2M0YzAiOnsiY3JlYXRlIjoxODAwMDAwMDAwMDAwLCJkZWxldGUiOjE4MDAwMDAwMDAwMDAsInJlYWQiOjMwMDAwMDAwMDAwMCwidXBkYXRlIjoxODAwMDAwMDAwMDAwfSwic2NoZW1hX3ZlcnNpb24iOiIxIn0=",
          "dependencies": [
            "azurerm_resource_group.rg",
            "data.azurerm_client_config.current",
            "module.aks_cluster.azurerm_kubernetes_cluster.aks_cluster",
            "module.aks_cluster.azurerm_monitor_diagnostic_setting.settings",
            "module.aks_cluster.azurerm_user_assigned_identity.aks_identity",
            "module.container_registry.azurerm_container_registry.acr",
            "module.container_registry.azurerm_monitor_diagnostic_setting.settings",
            "module.container_registry.azurerm_user_assigned_identity.acr_identity",
            "module.log_analytics_workspace.azurerm_log_analytics_workspace.log_analytics_workspace",
            "module.nat_gateway.azurerm_nat_gateway.nat_gateway",
            "module.nat_gateway.azurerm_nat_gateway_public_ip_association.nat_gategay_public_ip_association",
            "module.nat_gateway.azurerm_public_ip.nat_gategay_public_ip",
            "module.nat_gateway.azurerm_subnet_nat_gateway_association.nat-avd-sessionhosts",
            "module.virtual_network.azurerm_subnet.subnet",
            "module.virtual_network.azurerm_virtual_network.vnet",
            "random_string.prefix"
          ]
        }
      ]
    },
    {
      "module": "module.key_vault",
      "mode": "managed",
      "type": "azurerm_key_vault",
      "name": "key_vault",
      "provider": "provider[\"registry.terraform.io/hashicorp/azurerm\"]",
      "instances": [
        {
          "schema_version": 2,
          "attributes": {
            "access_policy": [],
            "contact": [],
            "enable_rbac_authorization": true,
            "enabled_for_deployment": true,
            "enabled_for_disk_encryption": true,
            "enabled_for_template_deployment": true,
            "id": "/subscriptions/6879fc1e-5aa4-49d6-8bde-b9577bb6d594/resourceGroups/jx8magic8ballRG/providers/Microsoft.KeyVault/vaults/jx8magic8ballKeyVault",
            "location": "southcentralus",
            "name": "jx8magic8ballKeyVault",
            "network_acls": [
              {
                "bypass": "AzureServices",
                "default_action": "Allow",
                "ip_rules": [],
                "virtual_network_subnet_ids": []
              }
            ],
            "public_network_access_enabled": true,
            "purge_protection_enabled": false,
            "resource_group_name": "jx8magic8ballRG",
            "sku_name": "standard",
            "soft_delete_retention_days": 30,
            "tags": {
              "createdWith": "Terraform"
            },
            "tenant_id": "16b3c013-d300-468d-ac64-7eda0820b6d3",
            "timeouts": {
              "create": null,
              "delete": "60m",
              "read": null,
              "update": null
            },
            "vault_uri": "https://jx8magic8ballkeyvault.vault.azure.net/"
          },
          "sensitive_attributes": [],
          "private": "eyJlMmJmYjczMC1lY2FhLTExZTYtOGY4OC0zNDM2M2JjN2M0YzAiOnsiY3JlYXRlIjoxODAwMDAwMDAwMDAwLCJkZWxldGUiOjM2MDAwMDAwMDAwMDAsInJlYWQiOjMwMDAwMDAwMDAwMCwidXBkYXRlIjoxODAwMDAwMDAwMDAwfSwic2NoZW1hX3ZlcnNpb24iOiIyIn0=",
          "dependencies": [
            "azurerm_resource_group.rg",
            "data.azurerm_client_config.current",
            "random_string.prefix"
          ]
        }
      ]
    },
    {
      "module": "module.key_vault",
      "mode": "managed",
      "type": "azurerm_monitor_diagnostic_setting",
      "name": "settings",
      "provider": "provider[\"registry.terraform.io/hashicorp/azurerm\"]",
      "instances": [
        {
          "schema_version": 0,
          "attributes": {
            "enabled_log": [
              {
                "category": "AuditEvent",
                "category_group": "",
                "retention_policy": [
                  {
                    "days": 0,
                    "enabled": true
                  }
                ]
              },
              {
                "category": "AzurePolicyEvaluationDetails",
                "category_group": "",
                "retention_policy": [
                  {
                    "days": 0,
                    "enabled": true
                  }
                ]
              }
            ],
            "eventhub_authorization_rule_id": "",
            "eventhub_name": "",
            "id": "/subscriptions/6879fc1e-5aa4-49d6-8bde-b9577bb6d594/resourceGroups/jx8magic8ballRG/providers/Microsoft.KeyVault/vaults/jx8magic8ballKeyVault|DiagnosticsSettings",
            "log": [
              {
                "category": "AuditEvent",
                "category_group": "",
                "enabled": true,
                "retention_policy": [
                  {
                    "days": 0,
                    "enabled": true
                  }
                ]
              },
              {
                "category": "AzurePolicyEvaluationDetails",
                "category_group": "",
                "enabled": true,
                "retention_policy": [
                  {
                    "days": 0,
                    "enabled": true
                  }
                ]
              }
            ],
            "log_analytics_destination_type": "AzureDiagnostics",
            "log_analytics_workspace_id": "/subscriptions/6879fc1e-5aa4-49d6-8bde-b9577bb6d594/resourceGroups/jx8magic8ballRG/providers/Microsoft.OperationalInsights/workspaces/jx8magic8ballWorkspace",
            "metric": [
              {
                "category": "AllMetrics",
                "enabled": true,
                "retention_policy": [
                  {
                    "days": 0,
                    "enabled": true
                  }
                ]
              }
            ],
            "name": "DiagnosticsSettings",
            "partner_solution_id": null,
            "storage_account_id": null,
            "target_resource_id": "/subscriptions/6879fc1e-5aa4-49d6-8bde-b9577bb6d594/resourceGroups/jx8magic8ballRG/providers/Microsoft.KeyVault/vaults/jx8magic8ballKeyVault",
            "timeouts": null
          },
          "sensitive_attributes": [],
          "private": "eyJlMmJmYjczMC1lY2FhLTExZTYtOGY4OC0zNDM2M2JjN2M0YzAiOnsiY3JlYXRlIjoxODAwMDAwMDAwMDAwLCJkZWxldGUiOjM2MDAwMDAwMDAwMDAsInJlYWQiOjMwMDAwMDAwMDAwMCwidXBkYXRlIjoxODAwMDAwMDAwMDAwfX0=",
          "dependencies": [
            "azurerm_resource_group.rg",
            "data.azurerm_client_config.current",
            "module.key_vault.azurerm_key_vault.key_vault",
            "module.log_analytics_workspace.azurerm_log_analytics_workspace.log_analytics_workspace",
            "random_string.prefix"
          ]
        }
      ]
    },
    {
      "module": "module.key_vault_private_dns_zone",
      "mode": "managed",
      "type": "azurerm_private_dns_zone",
      "name": "private_dns_zone",
      "provider": "provider[\"registry.terraform.io/hashicorp/azurerm\"]",
      "instances": [
        {
          "schema_version": 0,
          "attributes": {
            "id": "/subscriptions/6879fc1e-5aa4-49d6-8bde-b9577bb6d594/resourceGroups/jx8magic8ballRG/providers/Microsoft.Network/privateDnsZones/privatelink.vaultcore.azure.net",
            "max_number_of_record_sets": 25000,
            "max_number_of_virtual_network_links": 1000,
            "max_number_of_virtual_network_links_with_registration": 100,
            "name": "privatelink.vaultcore.azure.net",
            "number_of_record_sets": 2,
            "resource_group_name": "jx8magic8ballRG",
            "soa_record": [
              {
                "email": "azureprivatedns-host.microsoft.com",
                "expire_time": 2419200,
                "fqdn": "privatelink.vaultcore.azure.net.",
                "host_name": "azureprivatedns.net",
                "minimum_ttl": 10,
                "refresh_time": 3600,
                "retry_time": 300,
                "serial_number": 1,
                "tags": {},
                "ttl": 3600
              }
            ],
            "tags": {
              "createdWith": "Terraform"
            },
            "timeouts": null
          },
          "sensitive_attributes": [],
          "private": "eyJlMmJmYjczMC1lY2FhLTExZTYtOGY4OC0zNDM2M2JjN2M0YzAiOnsiY3JlYXRlIjoxODAwMDAwMDAwMDAwLCJkZWxldGUiOjE4MDAwMDAwMDAwMDAsInJlYWQiOjMwMDAwMDAwMDAwMCwidXBkYXRlIjoxODAwMDAwMDAwMDAwfX0=",
          "dependencies": [
            "azurerm_resource_group.rg",
            "random_string.prefix"
          ]
        }
      ]
    },
    {
      "module": "module.key_vault_private_dns_zone",
      "mode": "managed",
      "type": "azurerm_private_dns_zone_virtual_network_link",
      "name": "link",
      "provider": "provider[\"registry.terraform.io/hashicorp/azurerm\"]",
      "instances": [
        {
          "index_key": "jx8magic8ballAksVNet",
          "schema_version": 0,
          "attributes": {
            "id": "/subscriptions/6879fc1e-5aa4-49d6-8bde-b9577bb6d594/resourceGroups/jx8magic8ballRG/providers/Microsoft.Network/privateDnsZones/privatelink.vaultcore.azure.net/virtualNetworkLinks/link_to_jx8magic8ballaksvnet",
            "name": "link_to_jx8magic8ballaksvnet",
            "private_dns_zone_name": "privatelink.vaultcore.azure.net",
            "registration_enabled": false,
            "resource_group_name": "jx8magic8ballRG",
            "tags": {},
            "timeouts": null,
            "virtual_network_id": "/subscriptions/6879fc1e-5aa4-49d6-8bde-b9577bb6d594/resourceGroups/jx8magic8ballRG/providers/Microsoft.Network/virtualNetworks/jx8magic8ballAksVNet"
          },
          "sensitive_attributes": [],
          "private": "eyJlMmJmYjczMC1lY2FhLTExZTYtOGY4OC0zNDM2M2JjN2M0YzAiOnsiY3JlYXRlIjoxODAwMDAwMDAwMDAwLCJkZWxldGUiOjE4MDAwMDAwMDAwMDAsInJlYWQiOjMwMDAwMDAwMDAwMCwidXBkYXRlIjoxODAwMDAwMDAwMDAwfX0=",
          "dependencies": [
            "azurerm_resource_group.rg",
            "data.azurerm_client_config.current",
            "module.key_vault_private_dns_zone.azurerm_private_dns_zone.private_dns_zone",
            "module.virtual_network.azurerm_virtual_network.vnet",
            "random_string.prefix"
          ]
        }
      ]
    },
    {
      "module": "module.key_vault_private_endpoint",
      "mode": "managed",
      "type": "azurerm_private_endpoint",
      "name": "private_endpoint",
      "provider": "provider[\"registry.terraform.io/hashicorp/azurerm\"]",
      "instances": [
        {
          "schema_version": 0,
          "attributes": {
            "custom_dns_configs": [],
            "custom_network_interface_name": "",
            "id": "/subscriptions/6879fc1e-5aa4-49d6-8bde-b9577bb6d594/resourceGroups/jx8magic8ballRG/providers/Microsoft.Network/privateEndpoints/jx8magic8ballKeyVaultPrivateEndpoint",
            "ip_configuration": [],
            "location": "southcentralus",
            "name": "jx8magic8ballKeyVaultPrivateEndpoint",
            "network_interface": [
              {
                "id": "/subscriptions/6879fc1e-5aa4-49d6-8bde-b9577bb6d594/resourceGroups/jx8magic8ballRG/providers/Microsoft.Network/networkInterfaces/jx8magic8ballKeyVaultPrivateEndpoint.nic.d25de14f-3d12-4456-b1af-da56ff4593a6",
                "name": "jx8magic8ballKeyVaultPrivateEndpoint.nic.d25de14f-3d12-4456-b1af-da56ff4593a6"
              }
            ],
            "private_dns_zone_configs": [
              {
                "id": "/subscriptions/6879fc1e-5aa4-49d6-8bde-b9577bb6d594/resourceGroups/jx8magic8ballRG/providers/Microsoft.Network/privateEndpoints/jx8magic8ballKeyVaultPrivateEndpoint/privateDnsZoneGroups/KeyVaultPrivateDnsZoneGroup/privateDnsZoneConfigs/privatelink.vaultcore.azure.net",
                "name": "privatelink.vaultcore.azure.net",
                "private_dns_zone_id": "/subscriptions/6879fc1e-5aa4-49d6-8bde-b9577bb6d594/resourceGroups/jx8magic8ballRG/providers/Microsoft.Network/privateDnsZones/privatelink.vaultcore.azure.net",
                "record_sets": [
                  {
                    "fqdn": "jx8magic8ballkeyvault.privatelink.vaultcore.azure.net",
                    "ip_addresses": [
                      "10.243.1.9"
                    ],
                    "name": "jx8magic8ballkeyvault",
                    "ttl": 10,
                    "type": "A"
                  }
                ]
              }
            ],
            "private_dns_zone_group": [
              {
                "id": "/subscriptions/6879fc1e-5aa4-49d6-8bde-b9577bb6d594/resourceGroups/jx8magic8ballRG/providers/Microsoft.Network/privateEndpoints/jx8magic8ballKeyVaultPrivateEndpoint/privateDnsZoneGroups/KeyVaultPrivateDnsZoneGroup",
                "name": "KeyVaultPrivateDnsZoneGroup",
                "private_dns_zone_ids": [
                  "/subscriptions/6879fc1e-5aa4-49d6-8bde-b9577bb6d594/resourceGroups/jx8magic8ballRG/providers/Microsoft.Network/privateDnsZones/privatelink.vaultcore.azure.net"
                ]
              }
            ],
            "private_service_connection": [
              {
                "is_manual_connection": false,
                "name": "jx8magic8ballKeyVaultPrivateEndpointConnection",
                "private_connection_resource_alias": "",
                "private_connection_resource_id": "/subscriptions/6879fc1e-5aa4-49d6-8bde-b9577bb6d594/resourceGroups/jx8magic8ballRG/providers/Microsoft.KeyVault/vaults/jx8magic8ballKeyVault",
                "private_ip_address": "10.243.1.9",
                "request_message": "",
                "subresource_names": [
                  "vault"
                ]
              }
            ],
            "resource_group_name": "jx8magic8ballRG",
            "subnet_id": "/subscriptions/6879fc1e-5aa4-49d6-8bde-b9577bb6d594/resourceGroups/jx8magic8ballRG/providers/Microsoft.Network/virtualNetworks/jx8magic8ballAksVNet/subnets/VmSubnet",
            "tags": {
              "createdWith": "Terraform"
            },
            "timeouts": null
          },
          "sensitive_attributes": [],
          "private": "eyJlMmJmYjczMC1lY2FhLTExZTYtOGY4OC0zNDM2M2JjN2M0YzAiOnsiY3JlYXRlIjozNjAwMDAwMDAwMDAwLCJkZWxldGUiOjM2MDAwMDAwMDAwMDAsInJlYWQiOjMwMDAwMDAwMDAwMCwidXBkYXRlIjozNjAwMDAwMDAwMDAwfX0=",
          "dependencies": [
            "azurerm_resource_group.rg",
            "data.azurerm_client_config.current",
            "module.key_vault.azurerm_key_vault.key_vault",
            "module.key_vault_private_dns_zone.azurerm_private_dns_zone.private_dns_zone",
            "module.virtual_network.azurerm_subnet.subnet",
            "module.virtual_network.azurerm_virtual_network.vnet",
            "random_string.prefix"
          ]
        }
      ]
    },
    {
      "module": "module.log_analytics_workspace",
      "mode": "managed",
      "type": "azurerm_log_analytics_solution",
      "name": "la_solution",
      "provider": "provider[\"registry.terraform.io/hashicorp/azurerm\"]",
      "instances": [
        {
          "index_key": "ContainerInsights",
          "schema_version": 1,
          "attributes": {
            "id": "/subscriptions/6879fc1e-5aa4-49d6-8bde-b9577bb6d594/resourceGroups/jx8magic8ballRG/providers/Microsoft.OperationsManagement/solutions/ContainerInsights(jx8magic8ballWorkspace)",
            "location": "southcentralus",
            "plan": [
              {
                "name": "ContainerInsights(jx8magic8ballworkspace)",
                "product": "OMSGallery/ContainerInsights",
                "promotion_code": "",
                "publisher": "Microsoft"
              }
            ],
            "resource_group_name": "jx8magic8ballRG",
            "solution_name": "ContainerInsights",
            "tags": {},
            "timeouts": null,
            "workspace_name": "jx8magic8ballWorkspace",
            "workspace_resource_id": "/subscriptions/6879fc1e-5aa4-49d6-8bde-b9577bb6d594/resourceGroups/jx8magic8ballRG/providers/Microsoft.OperationalInsights/workspaces/jx8magic8ballWorkspace"
          },
          "sensitive_attributes": [],
          "private": "eyJlMmJmYjczMC1lY2FhLTExZTYtOGY4OC0zNDM2M2JjN2M0YzAiOnsiY3JlYXRlIjoxODAwMDAwMDAwMDAwLCJkZWxldGUiOjE4MDAwMDAwMDAwMDAsInJlYWQiOjMwMDAwMDAwMDAwMCwidXBkYXRlIjoxODAwMDAwMDAwMDAwfSwic2NoZW1hX3ZlcnNpb24iOiIxIn0=",
          "dependencies": [
            "azurerm_resource_group.rg",
            "module.log_analytics_workspace.azurerm_log_analytics_workspace.log_analytics_workspace",
            "random_string.prefix"
          ]
        }
      ]
    },
    {
      "module": "module.log_analytics_workspace",
      "mode": "managed",
      "type": "azurerm_log_analytics_workspace",
      "name": "log_analytics_workspace",
      "provider": "provider[\"registry.terraform.io/hashicorp/azurerm\"]",
      "instances": [
        {
          "schema_version": 3,
          "attributes": {
            "allow_resource_only_permissions": true,
            "cmk_for_query_forced": false,
            "daily_quota_gb": -1,
            "id": "/subscriptions/6879fc1e-5aa4-49d6-8bde-b9577bb6d594/resourceGroups/jx8magic8ballRG/providers/Microsoft.OperationalInsights/workspaces/jx8magic8ballWorkspace",
            "internet_ingestion_enabled": true,
            "internet_query_enabled": true,
            "local_authentication_disabled": false,
            "location": "southcentralus",
            "name": "jx8magic8ballWorkspace",
            "primary_shared_key": "5ou9+7ioDBzxPkSqLUAvr0FWsfq7BDu+aazhlgWn08PRXjgvoC/1jugHB501MexvWUcmKMNe2jR/5xGURDFurQ==",
            "reservation_capacity_in_gb_per_day": null,
            "resource_group_name": "jx8magic8ballRG",
            "retention_in_days": 30,
            "secondary_shared_key": "ReNQleiaHKmycH47CIsDpyBwyyWrMEnblfjrzUsuuDgYN+k7majv0sFycCL+mQkAhTpwaQqJP6YCtouu5FgTmw==",
            "sku": "PerGB2018",
            "tags": {
              "createdWith": "Terraform"
            },
            "timeouts": null,
            "workspace_id": "ee9a910a-c836-4e22-bfd0-bab41373831e"
          },
          "sensitive_attributes": [],
          "private": "eyJlMmJmYjczMC1lY2FhLTExZTYtOGY4OC0zNDM2M2JjN2M0YzAiOnsiY3JlYXRlIjoxODAwMDAwMDAwMDAwLCJkZWxldGUiOjE4MDAwMDAwMDAwMDAsInJlYWQiOjMwMDAwMDAwMDAwMCwidXBkYXRlIjoxODAwMDAwMDAwMDAwfSwic2NoZW1hX3ZlcnNpb24iOiIzIn0=",
          "dependencies": [
            "azurerm_resource_group.rg",
            "random_string.prefix"
          ]
        }
      ]
    },
    {
      "module": "module.nat_gateway",
      "mode": "managed",
      "type": "azurerm_nat_gateway",
      "name": "nat_gateway",
      "provider": "provider[\"registry.terraform.io/hashicorp/azurerm\"]",
      "instances": [
        {
          "schema_version": 0,
          "attributes": {
            "id": "/subscriptions/6879fc1e-5aa4-49d6-8bde-b9577bb6d594/resourceGroups/jx8magic8ballRG/providers/Microsoft.Network/natGateways/jx8magic8ballNatGateway",
            "idle_timeout_in_minutes": 4,
            "location": "southcentralus",
            "name": "jx8magic8ballNatGateway",
            "resource_group_name": "jx8magic8ballRG",
            "resource_guid": "fb93bcf3-fa87-4f2d-a633-868042a30645",
            "sku_name": "Standard",
            "tags": {
              "createdWith": "Terraform"
            },
            "timeouts": null,
            "zones": [
              "1"
            ]
          },
          "sensitive_attributes": [],
          "private": "eyJlMmJmYjczMC1lY2FhLTExZTYtOGY4OC0zNDM2M2JjN2M0YzAiOnsiY3JlYXRlIjozNjAwMDAwMDAwMDAwLCJkZWxldGUiOjM2MDAwMDAwMDAwMDAsInJlYWQiOjMwMDAwMDAwMDAwMCwidXBkYXRlIjozNjAwMDAwMDAwMDAwfX0=",
          "dependencies": [
            "azurerm_resource_group.rg",
            "random_string.prefix"
          ]
        }
      ]
    },
    {
      "module": "module.nat_gateway",
      "mode": "managed",
      "type": "azurerm_nat_gateway_public_ip_association",
      "name": "nat_gategay_public_ip_association",
      "provider": "provider[\"registry.terraform.io/hashicorp/azurerm\"]",
      "instances": [
        {
          "schema_version": 0,
          "attributes": {
            "id": "/subscriptions/6879fc1e-5aa4-49d6-8bde-b9577bb6d594/resourceGroups/jx8magic8ballRG/providers/Microsoft.Network/natGateways/jx8magic8ballNatGateway|/subscriptions/6879fc1e-5aa4-49d6-8bde-b9577bb6d594/resourceGroups/jx8magic8ballRG/providers/Microsoft.Network/publicIPAddresses/jx8magic8ballNatGatewayPublicIp",
            "nat_gateway_id": "/subscriptions/6879fc1e-5aa4-49d6-8bde-b9577bb6d594/resourceGroups/jx8magic8ballRG/providers/Microsoft.Network/natGateways/jx8magic8ballNatGateway",
            "public_ip_address_id": "/subscriptions/6879fc1e-5aa4-49d6-8bde-b9577bb6d594/resourceGroups/jx8magic8ballRG/providers/Microsoft.Network/publicIPAddresses/jx8magic8ballNatGatewayPublicIp",
            "timeouts": null
          },
          "sensitive_attributes": [],
          "private": "eyJlMmJmYjczMC1lY2FhLTExZTYtOGY4OC0zNDM2M2JjN2M0YzAiOnsiY3JlYXRlIjoxODAwMDAwMDAwMDAwLCJkZWxldGUiOjE4MDAwMDAwMDAwMDAsInJlYWQiOjMwMDAwMDAwMDAwMH19",
          "dependencies": [
            "azurerm_resource_group.rg",
            "module.nat_gateway.azurerm_nat_gateway.nat_gateway",
            "module.nat_gateway.azurerm_public_ip.nat_gategay_public_ip",
            "random_string.prefix"
          ]
        }
      ]
    },
    {
      "module": "module.nat_gateway",
      "mode": "managed",
      "type": "azurerm_public_ip",
      "name": "nat_gategay_public_ip",
      "provider": "provider[\"registry.terraform.io/hashicorp/azurerm\"]",
      "instances": [
        {
          "schema_version": 0,
          "attributes": {
            "allocation_method": "Static",
            "ddos_protection_mode": "VirtualNetworkInherited",
            "ddos_protection_plan_id": null,
            "domain_name_label": null,
            "edge_zone": "",
            "fqdn": null,
            "id": "/subscriptions/6879fc1e-5aa4-49d6-8bde-b9577bb6d594/resourceGroups/jx8magic8ballRG/providers/Microsoft.Network/publicIPAddresses/jx8magic8ballNatGatewayPublicIp",
            "idle_timeout_in_minutes": 4,
            "ip_address": "20.65.217.104",
            "ip_tags": {},
            "ip_version": "IPv4",
            "location": "southcentralus",
            "name": "jx8magic8ballNatGatewayPublicIp",
            "public_ip_prefix_id": null,
            "resource_group_name": "jx8magic8ballRG",
            "reverse_fqdn": null,
            "sku": "Standard",
            "sku_tier": "Regional",
            "tags": {
              "createdWith": "Terraform"
            },
            "timeouts": null,
            "zones": [
              "1"
            ]
          },
          "sensitive_attributes": [],
          "private": "eyJlMmJmYjczMC1lY2FhLTExZTYtOGY4OC0zNDM2M2JjN2M0YzAiOnsiY3JlYXRlIjoxODAwMDAwMDAwMDAwLCJkZWxldGUiOjE4MDAwMDAwMDAwMDAsInJlYWQiOjMwMDAwMDAwMDAwMCwidXBkYXRlIjoxODAwMDAwMDAwMDAwfX0=",
          "dependencies": [
            "azurerm_resource_group.rg",
            "random_string.prefix"
          ]
        }
      ]
    },
    {
      "module": "module.nat_gateway",
      "mode": "managed",
      "type": "azurerm_subnet_nat_gateway_association",
      "name": "nat-avd-sessionhosts",
      "provider": "provider[\"registry.terraform.io/hashicorp/azurerm\"]",
      "instances": [
        {
          "index_key": "AzureBastionSubnet",
          "schema_version": 0,
          "attributes": {
            "id": "/subscriptions/6879fc1e-5aa4-49d6-8bde-b9577bb6d594/resourceGroups/jx8magic8ballRG/providers/Microsoft.Network/virtualNetworks/jx8magic8ballAksVNet/subnets/AzureBastionSubnet",
            "nat_gateway_id": "/subscriptions/6879fc1e-5aa4-49d6-8bde-b9577bb6d594/resourceGroups/jx8magic8ballRG/providers/Microsoft.Network/natGateways/jx8magic8ballNatGateway",
            "subnet_id": "/subscriptions/6879fc1e-5aa4-49d6-8bde-b9577bb6d594/resourceGroups/jx8magic8ballRG/providers/Microsoft.Network/virtualNetworks/jx8magic8ballAksVNet/subnets/AzureBastionSubnet",
            "timeouts": null
          },
          "sensitive_attributes": [],
          "private": "eyJlMmJmYjczMC1lY2FhLTExZTYtOGY4OC0zNDM2M2JjN2M0YzAiOnsiY3JlYXRlIjoxODAwMDAwMDAwMDAwLCJkZWxldGUiOjE4MDAwMDAwMDAwMDAsInJlYWQiOjMwMDAwMDAwMDAwMCwidXBkYXRlIjoxODAwMDAwMDAwMDAwfX0=",
          "dependencies": [
            "azurerm_resource_group.rg",
            "module.nat_gateway.azurerm_nat_gateway.nat_gateway",
            "module.virtual_network.azurerm_subnet.subnet",
            "module.virtual_network.azurerm_virtual_network.vnet",
            "random_string.prefix"
          ]
        },
        {
          "index_key": "PodSubnet",
          "schema_version": 0,
          "attributes": {
            "id": "/subscriptions/6879fc1e-5aa4-49d6-8bde-b9577bb6d594/resourceGroups/jx8magic8ballRG/providers/Microsoft.Network/virtualNetworks/jx8magic8ballAksVNet/subnets/PodSubnet",
            "nat_gateway_id": "/subscriptions/6879fc1e-5aa4-49d6-8bde-b9577bb6d594/resourceGroups/jx8magic8ballRG/providers/Microsoft.Network/natGateways/jx8magic8ballNatGateway",
            "subnet_id": "/subscriptions/6879fc1e-5aa4-49d6-8bde-b9577bb6d594/resourceGroups/jx8magic8ballRG/providers/Microsoft.Network/virtualNetworks/jx8magic8ballAksVNet/subnets/PodSubnet",
            "timeouts": null
          },
          "sensitive_attributes": [],
          "private": "eyJlMmJmYjczMC1lY2FhLTExZTYtOGY4OC0zNDM2M2JjN2M0YzAiOnsiY3JlYXRlIjoxODAwMDAwMDAwMDAwLCJkZWxldGUiOjE4MDAwMDAwMDAwMDAsInJlYWQiOjMwMDAwMDAwMDAwMCwidXBkYXRlIjoxODAwMDAwMDAwMDAwfX0=",
          "dependencies": [
            "azurerm_resource_group.rg",
            "module.nat_gateway.azurerm_nat_gateway.nat_gateway",
            "module.virtual_network.azurerm_subnet.subnet",
            "module.virtual_network.azurerm_virtual_network.vnet",
            "random_string.prefix"
          ]
        },
        {
          "index_key": "SystemSubnet",
          "schema_version": 0,
          "attributes": {
            "id": "/subscriptions/6879fc1e-5aa4-49d6-8bde-b9577bb6d594/resourceGroups/jx8magic8ballRG/providers/Microsoft.Network/virtualNetworks/jx8magic8ballAksVNet/subnets/SystemSubnet",
            "nat_gateway_id": "/subscriptions/6879fc1e-5aa4-49d6-8bde-b9577bb6d594/resourceGroups/jx8magic8ballRG/providers/Microsoft.Network/natGateways/jx8magic8ballNatGateway",
            "subnet_id": "/subscriptions/6879fc1e-5aa4-49d6-8bde-b9577bb6d594/resourceGroups/jx8magic8ballRG/providers/Microsoft.Network/virtualNetworks/jx8magic8ballAksVNet/subnets/SystemSubnet",
            "timeouts": null
          },
          "sensitive_attributes": [],
          "private": "eyJlMmJmYjczMC1lY2FhLTExZTYtOGY4OC0zNDM2M2JjN2M0YzAiOnsiY3JlYXRlIjoxODAwMDAwMDAwMDAwLCJkZWxldGUiOjE4MDAwMDAwMDAwMDAsInJlYWQiOjMwMDAwMDAwMDAwMCwidXBkYXRlIjoxODAwMDAwMDAwMDAwfX0=",
          "dependencies": [
            "azurerm_resource_group.rg",
            "module.nat_gateway.azurerm_nat_gateway.nat_gateway",
            "module.virtual_network.azurerm_subnet.subnet",
            "module.virtual_network.azurerm_virtual_network.vnet",
            "random_string.prefix"
          ]
        },
        {
          "index_key": "UserSubnet",
          "schema_version": 0,
          "attributes": {
            "id": "/subscriptions/6879fc1e-5aa4-49d6-8bde-b9577bb6d594/resourceGroups/jx8magic8ballRG/providers/Microsoft.Network/virtualNetworks/jx8magic8ballAksVNet/subnets/UserSubnet",
            "nat_gateway_id": "/subscriptions/6879fc1e-5aa4-49d6-8bde-b9577bb6d594/resourceGroups/jx8magic8ballRG/providers/Microsoft.Network/natGateways/jx8magic8ballNatGateway",
            "subnet_id": "/subscriptions/6879fc1e-5aa4-49d6-8bde-b9577bb6d594/resourceGroups/jx8magic8ballRG/providers/Microsoft.Network/virtualNetworks/jx8magic8ballAksVNet/subnets/UserSubnet",
            "timeouts": null
          },
          "sensitive_attributes": [],
          "private": "eyJlMmJmYjczMC1lY2FhLTExZTYtOGY4OC0zNDM2M2JjN2M0YzAiOnsiY3JlYXRlIjoxODAwMDAwMDAwMDAwLCJkZWxldGUiOjE4MDAwMDAwMDAwMDAsInJlYWQiOjMwMDAwMDAwMDAwMCwidXBkYXRlIjoxODAwMDAwMDAwMDAwfX0=",
          "dependencies": [
            "azurerm_resource_group.rg",
            "module.nat_gateway.azurerm_nat_gateway.nat_gateway",
            "module.virtual_network.azurerm_subnet.subnet",
            "module.virtual_network.azurerm_virtual_network.vnet",
            "random_string.prefix"
          ]
        },
        {
          "index_key": "VmSubnet",
          "schema_version": 0,
          "attributes": {
            "id": "/subscriptions/6879fc1e-5aa4-49d6-8bde-b9577bb6d594/resourceGroups/jx8magic8ballRG/providers/Microsoft.Network/virtualNetworks/jx8magic8ballAksVNet/subnets/VmSubnet",
            "nat_gateway_id": "/subscriptions/6879fc1e-5aa4-49d6-8bde-b9577bb6d594/resourceGroups/jx8magic8ballRG/providers/Microsoft.Network/natGateways/jx8magic8ballNatGateway",
            "subnet_id": "/subscriptions/6879fc1e-5aa4-49d6-8bde-b9577bb6d594/resourceGroups/jx8magic8ballRG/providers/Microsoft.Network/virtualNetworks/jx8magic8ballAksVNet/subnets/VmSubnet",
            "timeouts": null
          },
          "sensitive_attributes": [],
          "private": "eyJlMmJmYjczMC1lY2FhLTExZTYtOGY4OC0zNDM2M2JjN2M0YzAiOnsiY3JlYXRlIjoxODAwMDAwMDAwMDAwLCJkZWxldGUiOjE4MDAwMDAwMDAwMDAsInJlYWQiOjMwMDAwMDAwMDAwMCwidXBkYXRlIjoxODAwMDAwMDAwMDAwfX0=",
          "dependencies": [
            "azurerm_resource_group.rg",
            "module.nat_gateway.azurerm_nat_gateway.nat_gateway",
            "module.virtual_network.azurerm_subnet.subnet",
            "module.virtual_network.azurerm_virtual_network.vnet",
            "random_string.prefix"
          ]
        }
      ]
    },
    {
      "module": "module.node_pool",
      "mode": "managed",
      "type": "azurerm_kubernetes_cluster_node_pool",
      "name": "node_pool",
      "provider": "provider[\"registry.terraform.io/hashicorp/azurerm\"]",
      "instances": [
        {
          "schema_version": 1,
          "attributes": {
            "capacity_reservation_group_id": "",
            "custom_ca_trust_enabled": false,
            "enable_auto_scaling": true,
            "enable_host_encryption": false,
            "enable_node_public_ip": false,
            "eviction_policy": "",
            "fips_enabled": false,
            "host_group_id": "",
            "id": "/subscriptions/6879fc1e-5aa4-49d6-8bde-b9577bb6d594/resourceGroups/jx8magic8ballRG/providers/Microsoft.ContainerService/managedClusters/jx8magic8ballAks/agentPools/user",
            "kubelet_config": [],
            "kubelet_disk_type": "OS",
            "kubernetes_cluster_id": "/subscriptions/6879fc1e-5aa4-49d6-8bde-b9577bb6d594/resourceGroups/jx8magic8ballRG/providers/Microsoft.ContainerService/managedClusters/jx8magic8ballAks",
            "linux_os_config": [],
            "max_count": 10,
            "max_pods": 50,
            "message_of_the_day": "",
            "min_count": 3,
            "mode": "User",
            "name": "user",
            "node_count": 3,
            "node_labels": {},
            "node_network_profile": [],
            "node_public_ip_prefix_id": "",
            "node_taints": null,
            "orchestrator_version": "1.27.7",
            "os_disk_size_gb": 128,
            "os_disk_type": "Ephemeral",
            "os_sku": "Ubuntu",
            "os_type": "Linux",
            "pod_subnet_id": "/subscriptions/6879fc1e-5aa4-49d6-8bde-b9577bb6d594/resourceGroups/jx8magic8ballRG/providers/Microsoft.Network/virtualNetworks/jx8magic8ballAksVNet/subnets/PodSubnet",
            "priority": "Regular",
            "proximity_placement_group_id": "",
            "scale_down_mode": "Delete",
            "snapshot_id": null,
            "spot_max_price": -1,
            "tags": {
              "createdWith": "Terraform"
            },
            "timeouts": null,
            "ultra_ssd_enabled": false,
            "upgrade_settings": [],
            "vm_size": "Standard_F8s_v2",
            "vnet_subnet_id": "/subscriptions/6879fc1e-5aa4-49d6-8bde-b9577bb6d594/resourceGroups/jx8magic8ballRG/providers/Microsoft.Network/virtualNetworks/jx8magic8ballAksVNet/subnets/UserSubnet",
            "windows_profile": [],
            "workload_runtime": null,
            "zones": null
          },
          "sensitive_attributes": [],
          "private": "eyJlMmJmYjczMC1lY2FhLTExZTYtOGY4OC0zNDM2M2JjN2M0YzAiOnsiY3JlYXRlIjozNjAwMDAwMDAwMDAwLCJkZWxldGUiOjM2MDAwMDAwMDAwMDAsInJlYWQiOjMwMDAwMDAwMDAwMCwidXBkYXRlIjozNjAwMDAwMDAwMDAwfSwic2NoZW1hX3ZlcnNpb24iOiIxIn0=",
          "dependencies": [
            "azurerm_resource_group.rg",
            "data.azurerm_client_config.current",
            "module.aks_cluster.azurerm_kubernetes_cluster.aks_cluster",
            "module.aks_cluster.azurerm_user_assigned_identity.aks_identity",
            "module.container_registry.azurerm_container_registry.acr",
            "module.container_registry.azurerm_monitor_diagnostic_setting.settings",
            "module.container_registry.azurerm_user_assigned_identity.acr_identity",
            "module.log_analytics_workspace.azurerm_log_analytics_workspace.log_analytics_workspace",
            "module.nat_gateway.azurerm_nat_gateway.nat_gateway",
            "module.nat_gateway.azurerm_nat_gateway_public_ip_association.nat_gategay_public_ip_association",
            "module.nat_gateway.azurerm_public_ip.nat_gategay_public_ip",
            "module.nat_gateway.azurerm_subnet_nat_gateway_association.nat-avd-sessionhosts",
            "module.virtual_network.azurerm_subnet.subnet",
            "module.virtual_network.azurerm_virtual_network.vnet",
            "random_string.prefix"
          ]
        }
      ]
    },
    {
      "module": "module.openai",
      "mode": "managed",
      "type": "azurerm_cognitive_account",
      "name": "openai",
      "provider": "provider[\"registry.terraform.io/hashicorp/azurerm\"]",
      "instances": [
        {
          "schema_version": 0,
          "attributes": {
            "custom_question_answering_search_service_id": null,
            "custom_question_answering_search_service_key": null,
            "custom_subdomain_name": "jx8magic8ballopenai",
            "customer_managed_key": [],
            "dynamic_throttling_enabled": false,
            "endpoint": "https://jx8magic8ballopenai.openai.azure.com/",
            "fqdns": [],
            "id": "/subscriptions/6879fc1e-5aa4-49d6-8bde-b9577bb6d594/resourceGroups/jx8magic8ballRG/providers/Microsoft.CognitiveServices/accounts/jx8magic8ballOpenAi",
            "identity": [
              {
                "identity_ids": [],
                "principal_id": "c8d00248-5866-456b-a20a-4ab2501ee06a",
                "tenant_id": "16b3c013-d300-468d-ac64-7eda0820b6d3",
                "type": "SystemAssigned"
              }
            ],
            "kind": "OpenAI",
            "local_auth_enabled": true,
            "location": "southcentralus",
            "metrics_advisor_aad_client_id": null,
            "metrics_advisor_aad_tenant_id": null,
            "metrics_advisor_super_user_name": null,
            "metrics_advisor_website_name": null,
            "name": "jx8magic8ballOpenAi",
            "network_acls": [],
            "outbound_network_access_restricted": false,
            "primary_access_key": "91af6d8980204b4e9ccfd82cc3f8faab",
            "public_network_access_enabled": true,
            "qna_runtime_endpoint": null,
            "resource_group_name": "jx8magic8ballRG",
            "secondary_access_key": "05b9b4bac9144842947157057f50345d",
            "sku_name": "S0",
            "storage": [],
            "tags": {
              "createdWith": "Terraform"
            },
            "timeouts": null
          },
          "sensitive_attributes": [],
          "private": "eyJlMmJmYjczMC1lY2FhLTExZTYtOGY4OC0zNDM2M2JjN2M0YzAiOnsiY3JlYXRlIjoxODAwMDAwMDAwMDAwLCJkZWxldGUiOjE4MDAwMDAwMDAwMDAsInJlYWQiOjMwMDAwMDAwMDAwMCwidXBkYXRlIjoxODAwMDAwMDAwMDAwfX0=",
          "dependencies": [
            "azurerm_resource_group.rg",
            "random_string.prefix"
          ]
        }
      ]
    },
    {
      "module": "module.openai",
      "mode": "managed",
      "type": "azurerm_cognitive_deployment",
      "name": "deployment",
      "provider": "provider[\"registry.terraform.io/hashicorp/azurerm\"]",
      "instances": [
        {
          "index_key": "gpt-35-turbo",
          "schema_version": 0,
          "attributes": {
            "cognitive_account_id": "/subscriptions/6879fc1e-5aa4-49d6-8bde-b9577bb6d594/resourceGroups/jx8magic8ballRG/providers/Microsoft.CognitiveServices/accounts/jx8magic8ballOpenAi",
            "id": "/subscriptions/6879fc1e-5aa4-49d6-8bde-b9577bb6d594/resourceGroups/jx8magic8ballRG/providers/Microsoft.CognitiveServices/accounts/jx8magic8ballOpenAi/deployments/gpt-35-turbo",
            "model": [
              {
                "format": "OpenAI",
                "name": "gpt-35-turbo",
                "version": "0301"
              }
            ],
            "name": "gpt-35-turbo",
            "rai_policy_name": "",
            "scale": [
              {
                "type": "Standard"
              }
            ],
            "timeouts": null
          },
          "sensitive_attributes": [],
          "private": "eyJlMmJmYjczMC1lY2FhLTExZTYtOGY4OC0zNDM2M2JjN2M0YzAiOnsiY3JlYXRlIjoxODAwMDAwMDAwMDAwLCJkZWxldGUiOjE4MDAwMDAwMDAwMDAsInJlYWQiOjMwMDAwMDAwMDAwMH19",
          "dependencies": [
            "azurerm_resource_group.rg",
            "module.openai.azurerm_cognitive_account.openai",
            "random_string.prefix"
          ]
        }
      ]
    },
    {
      "module": "module.openai",
      "mode": "managed",
      "type": "azurerm_monitor_diagnostic_setting",
      "name": "settings",
      "provider": "provider[\"registry.terraform.io/hashicorp/azurerm\"]",
      "instances": [
        {
          "schema_version": 0,
          "attributes": {
            "enabled_log": [
              {
                "category": "Audit",
                "category_group": "",
                "retention_policy": [
                  {
                    "days": 0,
                    "enabled": true
                  }
                ]
              },
              {
                "category": "RequestResponse",
                "category_group": "",
                "retention_policy": [
                  {
                    "days": 0,
                    "enabled": true
                  }
                ]
              },
              {
                "category": "Trace",
                "category_group": "",
                "retention_policy": [
                  {
                    "days": 0,
                    "enabled": true
                  }
                ]
              }
            ],
            "eventhub_authorization_rule_id": "",
            "eventhub_name": "",
            "id": "/subscriptions/6879fc1e-5aa4-49d6-8bde-b9577bb6d594/resourceGroups/jx8magic8ballRG/providers/Microsoft.CognitiveServices/accounts/jx8magic8ballOpenAi|DiagnosticsSettings",
            "log": [
              {
                "category": "Audit",
                "category_group": "",
                "enabled": true,
                "retention_policy": [
                  {
                    "days": 0,
                    "enabled": true
                  }
                ]
              },
              {
                "category": "RequestResponse",
                "category_group": "",
                "enabled": true,
                "retention_policy": [
                  {
                    "days": 0,
                    "enabled": true
                  }
                ]
              },
              {
                "category": "Trace",
                "category_group": "",
                "enabled": true,
                "retention_policy": [
                  {
                    "days": 0,
                    "enabled": true
                  }
                ]
              }
            ],
            "log_analytics_destination_type": "",
            "log_analytics_workspace_id": "/subscriptions/6879fc1e-5aa4-49d6-8bde-b9577bb6d594/resourceGroups/jx8magic8ballRG/providers/Microsoft.OperationalInsights/workspaces/jx8magic8ballWorkspace",
            "metric": [
              {
                "category": "AllMetrics",
                "enabled": true,
                "retention_policy": [
                  {
                    "days": 0,
                    "enabled": true
                  }
                ]
              }
            ],
            "name": "DiagnosticsSettings",
            "partner_solution_id": null,
            "storage_account_id": null,
            "target_resource_id": "/subscriptions/6879fc1e-5aa4-49d6-8bde-b9577bb6d594/resourceGroups/jx8magic8ballRG/providers/Microsoft.CognitiveServices/accounts/jx8magic8ballOpenAi",
            "timeouts": null
          },
          "sensitive_attributes": [],
          "private": "eyJlMmJmYjczMC1lY2FhLTExZTYtOGY4OC0zNDM2M2JjN2M0YzAiOnsiY3JlYXRlIjoxODAwMDAwMDAwMDAwLCJkZWxldGUiOjM2MDAwMDAwMDAwMDAsInJlYWQiOjMwMDAwMDAwMDAwMCwidXBkYXRlIjoxODAwMDAwMDAwMDAwfX0=",
          "dependencies": [
            "azurerm_resource_group.rg",
            "module.log_analytics_workspace.azurerm_log_analytics_workspace.log_analytics_workspace",
            "module.openai.azurerm_cognitive_account.openai",
            "random_string.prefix"
          ]
        }
      ]
    },
    {
      "module": "module.openai_private_dns_zone",
      "mode": "managed",
      "type": "azurerm_private_dns_zone",
      "name": "private_dns_zone",
      "provider": "provider[\"registry.terraform.io/hashicorp/azurerm\"]",
      "instances": [
        {
          "schema_version": 0,
          "attributes": {
            "id": "/subscriptions/6879fc1e-5aa4-49d6-8bde-b9577bb6d594/resourceGroups/jx8magic8ballRG/providers/Microsoft.Network/privateDnsZones/privatelink.openai.azure.com",
            "max_number_of_record_sets": 25000,
            "max_number_of_virtual_network_links": 1000,
            "max_number_of_virtual_network_links_with_registration": 100,
            "name": "privatelink.openai.azure.com",
            "number_of_record_sets": 2,
            "resource_group_name": "jx8magic8ballRG",
            "soa_record": [
              {
                "email": "azureprivatedns-host.microsoft.com",
                "expire_time": 2419200,
                "fqdn": "privatelink.openai.azure.com.",
                "host_name": "azureprivatedns.net",
                "minimum_ttl": 10,
                "refresh_time": 3600,
                "retry_time": 300,
                "serial_number": 1,
                "tags": {},
                "ttl": 3600
              }
            ],
            "tags": {
              "createdWith": "Terraform"
            },
            "timeouts": null
          },
          "sensitive_attributes": [],
          "private": "eyJlMmJmYjczMC1lY2FhLTExZTYtOGY4OC0zNDM2M2JjN2M0YzAiOnsiY3JlYXRlIjoxODAwMDAwMDAwMDAwLCJkZWxldGUiOjE4MDAwMDAwMDAwMDAsInJlYWQiOjMwMDAwMDAwMDAwMCwidXBkYXRlIjoxODAwMDAwMDAwMDAwfX0=",
          "dependencies": [
            "azurerm_resource_group.rg",
            "random_string.prefix"
          ]
        }
      ]
    },
    {
      "module": "module.openai_private_dns_zone",
      "mode": "managed",
      "type": "azurerm_private_dns_zone_virtual_network_link",
      "name": "link",
      "provider": "provider[\"registry.terraform.io/hashicorp/azurerm\"]",
      "instances": [
        {
          "index_key": "jx8magic8ballAksVNet",
          "schema_version": 0,
          "attributes": {
            "id": "/subscriptions/6879fc1e-5aa4-49d6-8bde-b9577bb6d594/resourceGroups/jx8magic8ballRG/providers/Microsoft.Network/privateDnsZones/privatelink.openai.azure.com/virtualNetworkLinks/link_to_jx8magic8ballaksvnet",
            "name": "link_to_jx8magic8ballaksvnet",
            "private_dns_zone_name": "privatelink.openai.azure.com",
            "registration_enabled": false,
            "resource_group_name": "jx8magic8ballRG",
            "tags": {},
            "timeouts": null,
            "virtual_network_id": "/subscriptions/6879fc1e-5aa4-49d6-8bde-b9577bb6d594/resourceGroups/jx8magic8ballRG/providers/Microsoft.Network/virtualNetworks/jx8magic8ballAksVNet"
          },
          "sensitive_attributes": [],
          "private": "eyJlMmJmYjczMC1lY2FhLTExZTYtOGY4OC0zNDM2M2JjN2M0YzAiOnsiY3JlYXRlIjoxODAwMDAwMDAwMDAwLCJkZWxldGUiOjE4MDAwMDAwMDAwMDAsInJlYWQiOjMwMDAwMDAwMDAwMCwidXBkYXRlIjoxODAwMDAwMDAwMDAwfX0=",
          "dependencies": [
            "azurerm_resource_group.rg",
            "data.azurerm_client_config.current",
            "module.openai_private_dns_zone.azurerm_private_dns_zone.private_dns_zone",
            "module.virtual_network.azurerm_virtual_network.vnet",
            "random_string.prefix"
          ]
        }
      ]
    },
    {
      "module": "module.openai_private_endpoint",
      "mode": "managed",
      "type": "azurerm_private_endpoint",
      "name": "private_endpoint",
      "provider": "provider[\"registry.terraform.io/hashicorp/azurerm\"]",
      "instances": [
        {
          "schema_version": 0,
          "attributes": {
            "custom_dns_configs": [],
            "custom_network_interface_name": "",
            "id": "/subscriptions/6879fc1e-5aa4-49d6-8bde-b9577bb6d594/resourceGroups/jx8magic8ballRG/providers/Microsoft.Network/privateEndpoints/jx8magic8ballOpenAiPrivateEndpoint",
            "ip_configuration": [],
            "location": "southcentralus",
            "name": "jx8magic8ballOpenAiPrivateEndpoint",
            "network_interface": [
              {
                "id": "/subscriptions/6879fc1e-5aa4-49d6-8bde-b9577bb6d594/resourceGroups/jx8magic8ballRG/providers/Microsoft.Network/networkInterfaces/jx8magic8ballOpenAiPrivateEndpoint.nic.b0e1e129-dac5-4626-9988-1a18ab7a1cb1",
                "name": "jx8magic8ballOpenAiPrivateEndpoint.nic.b0e1e129-dac5-4626-9988-1a18ab7a1cb1"
              }
            ],
            "private_dns_zone_configs": [
              {
                "id": "/subscriptions/6879fc1e-5aa4-49d6-8bde-b9577bb6d594/resourceGroups/jx8magic8ballRG/providers/Microsoft.Network/privateEndpoints/jx8magic8ballOpenAiPrivateEndpoint/privateDnsZoneGroups/AcrPrivateDnsZoneGroup/privateDnsZoneConfigs/privatelink.openai.azure.com",
                "name": "privatelink.openai.azure.com",
                "private_dns_zone_id": "/subscriptions/6879fc1e-5aa4-49d6-8bde-b9577bb6d594/resourceGroups/jx8magic8ballRG/providers/Microsoft.Network/privateDnsZones/privatelink.openai.azure.com",
                "record_sets": [
                  {
                    "fqdn": "jx8magic8ballopenai.privatelink.openai.azure.com",
                    "ip_addresses": [
                      "10.243.1.7"
                    ],
                    "name": "jx8magic8ballopenai",
                    "ttl": 10,
                    "type": "A"
                  }
                ]
              }
            ],
            "private_dns_zone_group": [
              {
                "id": "/subscriptions/6879fc1e-5aa4-49d6-8bde-b9577bb6d594/resourceGroups/jx8magic8ballRG/providers/Microsoft.Network/privateEndpoints/jx8magic8ballOpenAiPrivateEndpoint/privateDnsZoneGroups/AcrPrivateDnsZoneGroup",
                "name": "AcrPrivateDnsZoneGroup",
                "private_dns_zone_ids": [
                  "/subscriptions/6879fc1e-5aa4-49d6-8bde-b9577bb6d594/resourceGroups/jx8magic8ballRG/providers/Microsoft.Network/privateDnsZones/privatelink.openai.azure.com"
                ]
              }
            ],
            "private_service_connection": [
              {
                "is_manual_connection": false,
                "name": "jx8magic8ballOpenAiPrivateEndpointConnection",
                "private_connection_resource_alias": "",
                "private_connection_resource_id": "/subscriptions/6879fc1e-5aa4-49d6-8bde-b9577bb6d594/resourceGroups/jx8magic8ballRG/providers/Microsoft.CognitiveServices/accounts/jx8magic8ballOpenAi",
                "private_ip_address": "10.243.1.7",
                "request_message": "",
                "subresource_names": [
                  "account"
                ]
              }
            ],
            "resource_group_name": "jx8magic8ballRG",
            "subnet_id": "/subscriptions/6879fc1e-5aa4-49d6-8bde-b9577bb6d594/resourceGroups/jx8magic8ballRG/providers/Microsoft.Network/virtualNetworks/jx8magic8ballAksVNet/subnets/VmSubnet",
            "tags": {
              "createdWith": "Terraform"
            },
            "timeouts": null
          },
          "sensitive_attributes": [],
          "private": "eyJlMmJmYjczMC1lY2FhLTExZTYtOGY4OC0zNDM2M2JjN2M0YzAiOnsiY3JlYXRlIjozNjAwMDAwMDAwMDAwLCJkZWxldGUiOjM2MDAwMDAwMDAwMDAsInJlYWQiOjMwMDAwMDAwMDAwMCwidXBkYXRlIjozNjAwMDAwMDAwMDAwfX0=",
          "dependencies": [
            "azurerm_resource_group.rg",
            "module.openai.azurerm_cognitive_account.openai",
            "module.openai_private_dns_zone.azurerm_private_dns_zone.private_dns_zone",
            "module.virtual_network.azurerm_subnet.subnet",
            "module.virtual_network.azurerm_virtual_network.vnet",
            "random_string.prefix"
          ]
        }
      ]
    },
    {
      "module": "module.storage_account",
      "mode": "managed",
      "type": "azurerm_storage_account",
      "name": "storage_account",
      "provider": "provider[\"registry.terraform.io/hashicorp/azurerm\"]",
      "instances": [
        {
          "schema_version": 3,
          "attributes": {
            "access_tier": "Hot",
            "account_kind": "StorageV2",
            "account_replication_type": "LRS",
            "account_tier": "Standard",
            "allow_nested_items_to_be_public": true,
            "allowed_copy_scope": "",
            "azure_files_authentication": [],
            "blob_properties": [
              {
                "change_feed_enabled": false,
                "change_feed_retention_in_days": 0,
                "container_delete_retention_policy": [],
                "cors_rule": [],
                "default_service_version": "",
                "delete_retention_policy": [],
                "last_access_time_enabled": false,
                "restore_policy": [],
                "versioning_enabled": false
              }
            ],
            "cross_tenant_replication_enabled": true,
            "custom_domain": [],
            "customer_managed_key": [],
            "default_to_oauth_authentication": false,
            "edge_zone": "",
            "enable_https_traffic_only": true,
            "id": "/subscriptions/6879fc1e-5aa4-49d6-8bde-b9577bb6d594/resourceGroups/jx8magic8ballRG/providers/Microsoft.Storage/storageAccounts/bootgvibynzx",
            "identity": [
              {
                "identity_ids": [],
                "principal_id": "6a890cc3-0249-4c44-8eba-88565af588dc",
                "tenant_id": "16b3c013-d300-468d-ac64-7eda0820b6d3",
                "type": "SystemAssigned"
              }
            ],
            "immutability_policy": [],
            "infrastructure_encryption_enabled": false,
            "is_hns_enabled": false,
            "large_file_share_enabled": null,
            "location": "southcentralus",
            "min_tls_version": "TLS1_2",
            "name": "bootgvibynzx",
            "network_rules": [
              {
                "bypass": [
                  "AzureServices"
                ],
                "default_action": "Allow",
                "ip_rules": [],
                "private_link_access": [],
                "virtual_network_subnet_ids": []
              }
            ],
            "nfsv3_enabled": false,
            "primary_access_key": "9hJ2YwIqMPXIiGz/3o1raAohTBCz77vvnAGGyJcPeLRtmBUtZa/N0+DC3ACSA0Jk810q1zwXbYU5+AStl2CWzw==",
            "primary_blob_connection_string": "DefaultEndpointsProtocol=https;BlobEndpoint=https://bootgvibynzx.blob.core.windows.net/;AccountName=bootgvibynzx;AccountKey=9hJ2YwIqMPXIiGz/3o1raAohTBCz77vvnAGGyJcPeLRtmBUtZa/N0+DC3ACSA0Jk810q1zwXbYU5+AStl2CWzw==",
            "primary_blob_endpoint": "https://bootgvibynzx.blob.core.windows.net/",
            "primary_blob_host": "bootgvibynzx.blob.core.windows.net",
            "primary_connection_string": "DefaultEndpointsProtocol=https;AccountName=bootgvibynzx;AccountKey=9hJ2YwIqMPXIiGz/3o1raAohTBCz77vvnAGGyJcPeLRtmBUtZa/N0+DC3ACSA0Jk810q1zwXbYU5+AStl2CWzw==;EndpointSuffix=core.windows.net",
            "primary_dfs_endpoint": "https://bootgvibynzx.dfs.core.windows.net/",
            "primary_dfs_host": "bootgvibynzx.dfs.core.windows.net",
            "primary_file_endpoint": "https://bootgvibynzx.file.core.windows.net/",
            "primary_file_host": "bootgvibynzx.file.core.windows.net",
            "primary_location": "southcentralus",
            "primary_queue_endpoint": "https://bootgvibynzx.queue.core.windows.net/",
            "primary_queue_host": "bootgvibynzx.queue.core.windows.net",
            "primary_table_endpoint": "https://bootgvibynzx.table.core.windows.net/",
            "primary_table_host": "bootgvibynzx.table.core.windows.net",
            "primary_web_endpoint": "https://bootgvibynzx.z21.web.core.windows.net/",
            "primary_web_host": "bootgvibynzx.z21.web.core.windows.net",
            "public_network_access_enabled": true,
            "queue_encryption_key_type": "Service",
            "queue_properties": [
              {
                "cors_rule": [],
                "hour_metrics": [
                  {
                    "enabled": true,
                    "include_apis": true,
                    "retention_policy_days": 7,
                    "version": "1.0"
                  }
                ],
                "logging": [
                  {
                    "delete": false,
                    "read": false,
                    "retention_policy_days": 0,
                    "version": "1.0",
                    "write": false
                  }
                ],
                "minute_metrics": [
                  {
                    "enabled": false,
                    "include_apis": false,
                    "retention_policy_days": 0,
                    "version": "1.0"
                  }
                ]
              }
            ],
            "resource_group_name": "jx8magic8ballRG",
            "routing": [],
            "sas_policy": [],
            "secondary_access_key": "LOi+t5Cf6eCaxvmCt/XPWyXlVDtRdV8jTd74/kEZE8FbJF2D04tKJ0O8of8UR7fc0uNWqtNzbOUk+ASt0eyA6Q==",
            "secondary_blob_connection_string": "",
            "secondary_blob_endpoint": null,
            "secondary_blob_host": null,
            "secondary_connection_string": "DefaultEndpointsProtocol=https;AccountName=bootgvibynzx;AccountKey=LOi+t5Cf6eCaxvmCt/XPWyXlVDtRdV8jTd74/kEZE8FbJF2D04tKJ0O8of8UR7fc0uNWqtNzbOUk+ASt0eyA6Q==;EndpointSuffix=core.windows.net",
            "secondary_dfs_endpoint": null,
            "secondary_dfs_host": null,
            "secondary_file_endpoint": null,
            "secondary_file_host": null,
            "secondary_location": "",
            "secondary_queue_endpoint": null,
            "secondary_queue_host": null,
            "secondary_table_endpoint": null,
            "secondary_table_host": null,
            "secondary_web_endpoint": null,
            "secondary_web_host": null,
            "sftp_enabled": false,
            "share_properties": [
              {
                "cors_rule": [],
                "retention_policy": [
                  {
                    "days": 7
                  }
                ],
                "smb": []
              }
            ],
            "shared_access_key_enabled": true,
            "static_website": [],
            "table_encryption_key_type": "Service",
            "tags": {
              "createdWith": "Terraform"
            },
            "timeouts": null
          },
          "sensitive_attributes": [],
          "private": "eyJlMmJmYjczMC1lY2FhLTExZTYtOGY4OC0zNDM2M2JjN2M0YzAiOnsiY3JlYXRlIjozNjAwMDAwMDAwMDAwLCJkZWxldGUiOjM2MDAwMDAwMDAwMDAsInJlYWQiOjMwMDAwMDAwMDAwMCwidXBkYXRlIjozNjAwMDAwMDAwMDAwfSwic2NoZW1hX3ZlcnNpb24iOiIzIn0=",
          "dependencies": [
            "azurerm_resource_group.rg",
            "random_string.prefix",
            "random_string.storage_account_suffix"
          ]
        }
      ]
    },
    {
      "module": "module.virtual_machine[0]",
      "mode": "managed",
      "type": "azurerm_linux_virtual_machine",
      "name": "virtual_machine",
      "provider": "provider[\"registry.terraform.io/hashicorp/azurerm\"]",
      "instances": [
        {
          "schema_version": 0,
          "attributes": {
            "additional_capabilities": [],
            "admin_password": null,
            "admin_ssh_key": [
              {
                "public_key": "ssh-rsa AAAAB3NzaC1yc2EAAAADAQABAAABAQDCxuxl0q6GCPhTrxZipoEkEw9tWDFmRjOqAemRRHDDi+eenQqDYisstsuVWIrlByXh/BaQSopXL7XRfUfU51sFLDyMIEN22LUASfbioPTpa3x6jgBrYE1+xK0xDFW3XaL1P6KgWt5HWPvkVGnvgxQ+JdYpTFELzAiPZg5HCJ2uEjHm7DRPPvsvLcnw+Vb4ce+nlg7X7vrVyPyGI8RJLaSL1/9rLT5uscsuFBh0fk8eVlrTCZMkvkuh68GZYfkrKL/1eNOtAuUe6L0JcAW49GYJTVkRLDjvRpbJz4w4BNUnXtAFO4IwyRGmMzV+oCCi2zCB6iZLtHq9qON+K/TVOvA9",
                "username": "azadmin"
              }
            ],
            "admin_username": "azadmin",
            "allow_extension_operations": true,
            "availability_set_id": "",
            "boot_diagnostics": [
              {
                "storage_account_uri": "https://bootgvibynzx.blob.core.windows.net/"
              }
            ],
            "capacity_reservation_group_id": "",
            "computer_name": "jx8magic8ballVm",
            "custom_data": null,
            "dedicated_host_group_id": "",
            "dedicated_host_id": "",
            "disable_password_authentication": true,
            "edge_zone": "",
            "encryption_at_host_enabled": false,
            "eviction_policy": "",
            "extensions_time_budget": "PT1H30M",
            "gallery_application": [],
            "id": "/subscriptions/6879fc1e-5aa4-49d6-8bde-b9577bb6d594/resourceGroups/jx8magic8ballRG/providers/Microsoft.Compute/virtualMachines/jx8magic8ballVm",
            "identity": [],
            "license_type": "",
            "location": "southcentralus",
            "max_bid_price": -1,
            "name": "jx8magic8ballVm",
            "network_interface_ids": [
              "/subscriptions/6879fc1e-5aa4-49d6-8bde-b9577bb6d594/resourceGroups/jx8magic8ballRG/providers/Microsoft.Network/networkInterfaces/jx8magic8ballVmNic"
            ],
            "os_disk": [
              {
                "caching": "ReadWrite",
                "diff_disk_settings": [],
                "disk_encryption_set_id": "",
                "disk_size_gb": 30,
                "name": "jx8magic8ballVmOsDisk",
                "secure_vm_disk_encryption_set_id": "",
                "security_encryption_type": "",
                "storage_account_type": "Premium_LRS",
                "write_accelerator_enabled": false
              }
            ],
            "patch_assessment_mode": "ImageDefault",
            "patch_mode": "ImageDefault",
            "plan": [],
            "platform_fault_domain": -1,
            "priority": "Regular",
            "private_ip_address": "10.243.1.4",
            "private_ip_addresses": [
              "10.243.1.4"
            ],
            "provision_vm_agent": true,
            "proximity_placement_group_id": "",
            "public_ip_address": "",
            "public_ip_addresses": [],
            "resource_group_name": "jx8magic8ballRG",
            "secret": [],
            "secure_boot_enabled": false,
            "size": "Standard_DS1_v2",
            "source_image_id": "",
            "source_image_reference": [
              {
                "offer": "0001-com-ubuntu-server-jammy",
                "publisher": "Canonical",
                "sku": "22_04-lts-gen2",
                "version": "latest"
              }
            ],
            "tags": {
              "createdWith": "Terraform"
            },
            "termination_notification": [],
            "timeouts": null,
            "user_data": "",
            "virtual_machine_id": "33d8bc49-3782-4758-a9bf-039524baaa20",
            "virtual_machine_scale_set_id": "",
            "vtpm_enabled": false,
            "zone": ""
          },
          "sensitive_attributes": [],
          "private": "eyJlMmJmYjczMC1lY2FhLTExZTYtOGY4OC0zNDM2M2JjN2M0YzAiOnsiY3JlYXRlIjoyNzAwMDAwMDAwMDAwLCJkZWxldGUiOjI3MDAwMDAwMDAwMDAsInJlYWQiOjMwMDAwMDAwMDAwMCwidXBkYXRlIjoyNzAwMDAwMDAwMDAwfX0=",
          "dependencies": [
            "azurerm_resource_group.rg",
            "module.storage_account.azurerm_storage_account.storage_account",
            "module.virtual_machine.azurerm_network_interface.nic",
            "module.virtual_machine.azurerm_network_security_group.nsg",
            "module.virtual_machine.azurerm_public_ip.public_ip",
            "module.virtual_network.azurerm_subnet.subnet",
            "module.virtual_network.azurerm_virtual_network.vnet",
            "random_string.prefix",
            "random_string.storage_account_suffix"
          ]
        }
      ]
    },
    {
      "module": "module.virtual_machine[0]",
      "mode": "managed",
      "type": "azurerm_monitor_data_collection_rule",
      "name": "linux",
      "provider": "provider[\"registry.terraform.io/hashicorp/azurerm\"]",
      "instances": [
        {
          "schema_version": 0,
          "attributes": {
            "data_collection_endpoint_id": "",
            "data_flow": [
              {
                "built_in_transform": "",
                "destinations": [
                  "default"
                ],
                "output_stream": "",
                "streams": [
                  "Microsoft-InsightsMetrics",
                  "Microsoft-Syslog",
                  "Microsoft-Perf"
                ],
                "transform_kql": ""
              }
            ],
            "data_sources": [
              {
                "data_import": [],
                "extension": [],
                "iis_log": [],
                "log_file": [],
                "performance_counter": [
                  {
                    "counter_specifiers": [
                      "\\Processor Information(_Total)\\% Processor Time",
                      "\\Processor Information(_Total)\\% Privileged Time",
                      "\\Processor Information(_Total)\\% User Time",
                      "\\Processor Information(_Total)\\Processor Frequency",
                      "\\System\\Processes",
                      "\\Process(_Total)\\Thread Count",
                      "\\Process(_Total)\\Handle Count",
                      "\\System\\System Up Time",
                      "\\System\\Context Switches/sec",
                      "\\System\\Processor Queue Length",
                      "\\Memory\\% Committed Bytes In Use",
                      "\\Memory\\Available Bytes",
                      "\\Memory\\Committed Bytes",
                      "\\Memory\\Cache Bytes",
                      "\\Memory\\Pool Paged Bytes",
                      "\\Memory\\Pool Nonpaged Bytes",
                      "\\Memory\\Pages/sec",
                      "\\Memory\\Page Faults/sec",
                      "\\Process(_Total)\\Working Set",
                      "\\Process(_Total)\\Working Set - Private",
                      "\\LogicalDisk(_Total)\\% Disk Time",
                      "\\LogicalDisk(_Total)\\% Disk Read Time",
                      "\\LogicalDisk(_Total)\\% Disk Write Time",
                      "\\LogicalDisk(_Total)\\% Idle Time",
                      "\\LogicalDisk(_Total)\\Disk Bytes/sec",
                      "\\LogicalDisk(_Total)\\Disk Read Bytes/sec",
                      "\\LogicalDisk(_Total)\\Disk Write Bytes/sec",
                      "\\LogicalDisk(_Total)\\Disk Transfers/sec",
                      "\\LogicalDisk(_Total)\\Disk Reads/sec",
                      "\\LogicalDisk(_Total)\\Disk Writes/sec",
                      "\\LogicalDisk(_Total)\\Avg. Disk sec/Transfer",
                      "\\LogicalDisk(_Total)\\Avg. Disk sec/Read",
                      "\\LogicalDisk(_Total)\\Avg. Disk sec/Write",
                      "\\LogicalDisk(_Total)\\Avg. Disk Queue Length",
                      "\\LogicalDisk(_Total)\\Avg. Disk Read Queue Length",
                      "\\LogicalDisk(_Total)\\Avg. Disk Write Queue Length",
                      "\\LogicalDisk(_Total)\\% Free Space",
                      "\\LogicalDisk(_Total)\\Free Megabytes",
                      "\\Network Interface(*)\\Bytes Total/sec",
                      "\\Network Interface(*)\\Bytes Sent/sec",
                      "\\Network Interface(*)\\Bytes Received/sec",
                      "\\Network Interface(*)\\Packets/sec",
                      "\\Network Interface(*)\\Packets Sent/sec",
                      "\\Network Interface(*)\\Packets Received/sec",
                      "\\Network Interface(*)\\Packets Outbound Errors",
                      "\\Network Interface(*)\\Packets Received Errors"
                    ],
                    "name": "perfcounter",
                    "sampling_frequency_in_seconds": 60,
                    "streams": [
                      "Microsoft-Perf",
                      "Microsoft-InsightsMetrics"
                    ]
                  }
                ],
                "platform_telemetry": [],
                "prometheus_forwarder": [],
                "syslog": [
                  {
                    "facility_names": [
                      "*"
                    ],
                    "log_levels": [
                      "*"
                    ],
                    "name": "syslog",
                    "streams": [
                      "Microsoft-Syslog"
                    ]
                  }
                ],
                "windows_event_log": [],
                "windows_firewall_log": []
              }
            ],
            "description": "",
            "destinations": [
              {
                "azure_monitor_metrics": [],
                "event_hub": [],
                "event_hub_direct": [],
                "log_analytics": [
                  {
                    "name": "default",
                    "workspace_resource_id": "/subscriptions/6879fc1e-5aa4-49d6-8bde-b9577bb6d594/resourceGroups/jx8magic8ballRG/providers/Microsoft.OperationalInsights/workspaces/jx8magic8ballWorkspace"
                  }
                ],
                "monitor_account": [],
                "storage_blob": [],
                "storage_blob_direct": [],
                "storage_table_direct": []
              }
            ],
            "id": "/subscriptions/6879fc1e-5aa4-49d6-8bde-b9577bb6d594/resourceGroups/jx8magic8ballRG/providers/Microsoft.Insights/dataCollectionRules/LinuxVmMonitorDataCollectionRule",
            "identity": [],
            "immutable_id": "dcr-9c591fb0d4b74371bdab85bf6a1df561",
            "kind": "",
            "location": "southcentralus",
            "name": "LinuxVmMonitorDataCollectionRule",
            "resource_group_name": "jx8magic8ballRG",
            "stream_declaration": [],
            "tags": {
              "createdWith": "Terraform"
            },
            "timeouts": null
          },
          "sensitive_attributes": [],
          "private": "eyJlMmJmYjczMC1lY2FhLTExZTYtOGY4OC0zNDM2M2JjN2M0YzAiOnsiY3JlYXRlIjoxODAwMDAwMDAwMDAwLCJkZWxldGUiOjE4MDAwMDAwMDAwMDAsInJlYWQiOjMwMDAwMDAwMDAwMCwidXBkYXRlIjoxODAwMDAwMDAwMDAwfX0=",
          "dependencies": [
            "azurerm_resource_group.rg",
            "module.log_analytics_workspace.azurerm_log_analytics_workspace.log_analytics_workspace",
            "random_string.prefix"
          ]
        }
      ]
    },
    {
      "module": "module.virtual_machine[0]",
      "mode": "managed",
      "type": "azurerm_monitor_data_collection_rule_association",
      "name": "virtual_machine_association",
      "provider": "provider[\"registry.terraform.io/hashicorp/azurerm\"]",
      "instances": [
        {
          "schema_version": 0,
          "attributes": {
            "data_collection_endpoint_id": "",
            "data_collection_rule_id": "/subscriptions/6879fc1e-5aa4-49d6-8bde-b9577bb6d594/resourceGroups/jx8magic8ballRG/providers/Microsoft.Insights/dataCollectionRules/LinuxVmMonitorDataCollectionRule",
            "description": "",
            "id": "/subscriptions/6879fc1e-5aa4-49d6-8bde-b9577bb6d594/resourceGroups/jx8magic8ballRG/providers/Microsoft.Compute/virtualMachines/jx8magic8ballVm/providers/Microsoft.Insights/dataCollectionRuleAssociations/LinuxVmMonitorDataCollectionRuleAssociation",
            "name": "LinuxVmMonitorDataCollectionRuleAssociation",
            "target_resource_id": "/subscriptions/6879fc1e-5aa4-49d6-8bde-b9577bb6d594/resourceGroups/jx8magic8ballRG/providers/Microsoft.Compute/virtualMachines/jx8magic8ballVm",
            "timeouts": null
          },
          "sensitive_attributes": [],
          "private": "eyJlMmJmYjczMC1lY2FhLTExZTYtOGY4OC0zNDM2M2JjN2M0YzAiOnsiY3JlYXRlIjoxODAwMDAwMDAwMDAwLCJkZWxldGUiOjE4MDAwMDAwMDAwMDAsInJlYWQiOjMwMDAwMDAwMDAwMCwidXBkYXRlIjoxODAwMDAwMDAwMDAwfX0=",
          "dependencies": [
            "azurerm_resource_group.rg",
            "module.log_analytics_workspace.azurerm_log_analytics_workspace.log_analytics_workspace",
            "module.storage_account.azurerm_storage_account.storage_account",
            "module.virtual_machine.azurerm_linux_virtual_machine.virtual_machine",
            "module.virtual_machine.azurerm_monitor_data_collection_rule.linux",
            "module.virtual_machine.azurerm_network_interface.nic",
            "module.virtual_machine.azurerm_network_security_group.nsg",
            "module.virtual_machine.azurerm_public_ip.public_ip",
            "module.virtual_network.azurerm_subnet.subnet",
            "module.virtual_network.azurerm_virtual_network.vnet",
            "random_string.prefix",
            "random_string.storage_account_suffix"
          ]
        }
      ]
    },
    {
      "module": "module.virtual_machine[0]",
      "mode": "managed",
      "type": "azurerm_network_interface",
      "name": "nic",
      "provider": "provider[\"registry.terraform.io/hashicorp/azurerm\"]",
      "instances": [
        {
          "schema_version": 0,
          "attributes": {
            "applied_dns_servers": [],
            "dns_servers": [],
            "edge_zone": "",
            "enable_accelerated_networking": false,
            "enable_ip_forwarding": false,
            "id": "/subscriptions/6879fc1e-5aa4-49d6-8bde-b9577bb6d594/resourceGroups/jx8magic8ballRG/providers/Microsoft.Network/networkInterfaces/jx8magic8ballVmNic",
            "internal_dns_name_label": "",
            "internal_domain_name_suffix": "pmbhzxysbq3evcwqtzfc0cc5vg.jx.internal.cloudapp.net",
            "ip_configuration": [
              {
                "gateway_load_balancer_frontend_ip_configuration_id": "",
                "name": "Configuration",
                "primary": true,
                "private_ip_address": "10.243.1.4",
                "private_ip_address_allocation": "Dynamic",
                "private_ip_address_version": "IPv4",
                "public_ip_address_id": "",
                "subnet_id": "/subscriptions/6879fc1e-5aa4-49d6-8bde-b9577bb6d594/resourceGroups/jx8magic8ballRG/providers/Microsoft.Network/virtualNetworks/jx8magic8ballAksVNet/subnets/VmSubnet"
              }
            ],
            "location": "southcentralus",
            "mac_address": "00-0D-3A-77-D5-C8",
            "name": "jx8magic8ballVmNic",
            "private_ip_address": "10.243.1.4",
            "private_ip_addresses": [
              "10.243.1.4"
            ],
            "resource_group_name": "jx8magic8ballRG",
            "tags": {
              "createdWith": "Terraform"
            },
            "timeouts": null,
            "virtual_machine_id": "/subscriptions/6879fc1e-5aa4-49d6-8bde-b9577bb6d594/resourceGroups/jx8magic8ballRG/providers/Microsoft.Compute/virtualMachines/jx8magic8ballVm"
          },
          "sensitive_attributes": [],
          "private": "eyJlMmJmYjczMC1lY2FhLTExZTYtOGY4OC0zNDM2M2JjN2M0YzAiOnsiY3JlYXRlIjoxODAwMDAwMDAwMDAwLCJkZWxldGUiOjE4MDAwMDAwMDAwMDAsInJlYWQiOjMwMDAwMDAwMDAwMCwidXBkYXRlIjoxODAwMDAwMDAwMDAwfX0=",
          "dependencies": [
            "azurerm_resource_group.rg",
            "module.virtual_machine.azurerm_public_ip.public_ip",
            "module.virtual_network.azurerm_subnet.subnet",
            "module.virtual_network.azurerm_virtual_network.vnet",
            "random_string.prefix"
          ]
        }
      ]
    },
    {
      "module": "module.virtual_machine[0]",
      "mode": "managed",
      "type": "azurerm_network_interface_security_group_association",
      "name": "nsg_association",
      "provider": "provider[\"registry.terraform.io/hashicorp/azurerm\"]",
      "instances": [
        {
          "schema_version": 0,
          "attributes": {
            "id": "/subscriptions/6879fc1e-5aa4-49d6-8bde-b9577bb6d594/resourceGroups/jx8magic8ballRG/providers/Microsoft.Network/networkInterfaces/jx8magic8ballVmNic|/subscriptions/6879fc1e-5aa4-49d6-8bde-b9577bb6d594/resourceGroups/jx8magic8ballRG/providers/Microsoft.Network/networkSecurityGroups/jx8magic8ballVmNsg",
            "network_interface_id": "/subscriptions/6879fc1e-5aa4-49d6-8bde-b9577bb6d594/resourceGroups/jx8magic8ballRG/providers/Microsoft.Network/networkInterfaces/jx8magic8ballVmNic",
            "network_security_group_id": "/subscriptions/6879fc1e-5aa4-49d6-8bde-b9577bb6d594/resourceGroups/jx8magic8ballRG/providers/Microsoft.Network/networkSecurityGroups/jx8magic8ballVmNsg",
            "timeouts": null
          },
          "sensitive_attributes": [],
          "private": "eyJlMmJmYjczMC1lY2FhLTExZTYtOGY4OC0zNDM2M2JjN2M0YzAiOnsiY3JlYXRlIjoxODAwMDAwMDAwMDAwLCJkZWxldGUiOjE4MDAwMDAwMDAwMDAsInJlYWQiOjMwMDAwMDAwMDAwMCwidXBkYXRlIjoxODAwMDAwMDAwMDAwfX0=",
          "dependencies": [
            "azurerm_resource_group.rg",
            "module.virtual_machine.azurerm_network_interface.nic",
            "module.virtual_machine.azurerm_network_security_group.nsg",
            "module.virtual_machine.azurerm_public_ip.public_ip",
            "module.virtual_network.azurerm_subnet.subnet",
            "module.virtual_network.azurerm_virtual_network.vnet",
            "random_string.prefix"
          ]
        }
      ]
    },
    {
      "module": "module.virtual_machine[0]",
      "mode": "managed",
      "type": "azurerm_network_security_group",
      "name": "nsg",
      "provider": "provider[\"registry.terraform.io/hashicorp/azurerm\"]",
      "instances": [
        {
          "schema_version": 0,
          "attributes": {
            "id": "/subscriptions/6879fc1e-5aa4-49d6-8bde-b9577bb6d594/resourceGroups/jx8magic8ballRG/providers/Microsoft.Network/networkSecurityGroups/jx8magic8ballVmNsg",
            "location": "southcentralus",
            "name": "jx8magic8ballVmNsg",
            "resource_group_name": "jx8magic8ballRG",
            "security_rule": [
              {
                "access": "Allow",
                "description": "",
                "destination_address_prefix": "*",
                "destination_address_prefixes": [],
                "destination_application_security_group_ids": [],
                "destination_port_range": "22",
                "destination_port_ranges": [],
                "direction": "Inbound",
                "name": "SSH",
                "priority": 1001,
                "protocol": "Tcp",
                "source_address_prefix": "*",
                "source_address_prefixes": [],
                "source_application_security_group_ids": [],
                "source_port_range": "*",
                "source_port_ranges": []
              }
            ],
            "tags": {
              "createdWith": "Terraform"
            },
            "timeouts": null
          },
          "sensitive_attributes": [],
          "private": "eyJlMmJmYjczMC1lY2FhLTExZTYtOGY4OC0zNDM2M2JjN2M0YzAiOnsiY3JlYXRlIjoxODAwMDAwMDAwMDAwLCJkZWxldGUiOjE4MDAwMDAwMDAwMDAsInJlYWQiOjMwMDAwMDAwMDAwMCwidXBkYXRlIjoxODAwMDAwMDAwMDAwfX0=",
          "dependencies": [
            "azurerm_resource_group.rg",
            "random_string.prefix"
          ]
        }
      ]
    },
    {
      "module": "module.virtual_machine[0]",
      "mode": "managed",
      "type": "azurerm_virtual_machine_extension",
      "name": "azure_monitor_agent",
      "provider": "provider[\"registry.terraform.io/hashicorp/azurerm\"]",
      "instances": [
        {
          "schema_version": 0,
          "attributes": {
            "auto_upgrade_minor_version": true,
            "automatic_upgrade_enabled": true,
            "failure_suppression_enabled": false,
            "id": "/subscriptions/6879fc1e-5aa4-49d6-8bde-b9577bb6d594/resourceGroups/jx8magic8ballRG/providers/Microsoft.Compute/virtualMachines/jx8magic8ballVm/extensions/jx8magic8ballVmMonitorAgent",
            "name": "jx8magic8ballVmMonitorAgent",
            "protected_settings": null,
            "protected_settings_from_key_vault": [],
            "publisher": "Microsoft.Azure.Monitor",
            "settings": null,
            "tags": {
              "createdWith": "Terraform"
            },
            "timeouts": null,
            "type": "AzureMonitorLinuxAgent",
            "type_handler_version": "1.21",
            "virtual_machine_id": "/subscriptions/6879fc1e-5aa4-49d6-8bde-b9577bb6d594/resourceGroups/jx8magic8ballRG/providers/Microsoft.Compute/virtualMachines/jx8magic8ballVm"
          },
          "sensitive_attributes": [],
          "private": "eyJlMmJmYjczMC1lY2FhLTExZTYtOGY4OC0zNDM2M2JjN2M0YzAiOnsiY3JlYXRlIjoxODAwMDAwMDAwMDAwLCJkZWxldGUiOjE4MDAwMDAwMDAwMDAsInJlYWQiOjMwMDAwMDAwMDAwMCwidXBkYXRlIjoxODAwMDAwMDAwMDAwfX0=",
          "dependencies": [
            "azurerm_resource_group.rg",
            "module.storage_account.azurerm_storage_account.storage_account",
            "module.virtual_machine.azurerm_linux_virtual_machine.virtual_machine",
            "module.virtual_machine.azurerm_network_interface.nic",
            "module.virtual_machine.azurerm_network_security_group.nsg",
            "module.virtual_machine.azurerm_public_ip.public_ip",
            "module.virtual_network.azurerm_subnet.subnet",
            "module.virtual_network.azurerm_virtual_network.vnet",
            "random_string.prefix",
            "random_string.storage_account_suffix"
          ]
        }
      ]
    },
    {
      "module": "module.virtual_network",
      "mode": "managed",
      "type": "azurerm_monitor_diagnostic_setting",
      "name": "settings",
      "provider": "provider[\"registry.terraform.io/hashicorp/azurerm\"]",
      "instances": [
        {
          "schema_version": 0,
          "attributes": {
            "enabled_log": [
              {
                "category": "VMProtectionAlerts",
                "category_group": "",
                "retention_policy": [
                  {
                    "days": 0,
                    "enabled": true
                  }
                ]
              }
            ],
            "eventhub_authorization_rule_id": "",
            "eventhub_name": "",
            "id": "/subscriptions/6879fc1e-5aa4-49d6-8bde-b9577bb6d594/resourceGroups/jx8magic8ballRG/providers/Microsoft.Network/virtualNetworks/jx8magic8ballAksVNet|DiagnosticsSettings",
            "log": [
              {
                "category": "VMProtectionAlerts",
                "category_group": "",
                "enabled": true,
                "retention_policy": [
                  {
                    "days": 0,
                    "enabled": true
                  }
                ]
              }
            ],
            "log_analytics_destination_type": "",
            "log_analytics_workspace_id": "/subscriptions/6879fc1e-5aa4-49d6-8bde-b9577bb6d594/resourceGroups/jx8magic8ballRG/providers/Microsoft.OperationalInsights/workspaces/jx8magic8ballWorkspace",
            "metric": [
              {
                "category": "AllMetrics",
                "enabled": true,
                "retention_policy": [
                  {
                    "days": 0,
                    "enabled": true
                  }
                ]
              }
            ],
            "name": "DiagnosticsSettings",
            "partner_solution_id": null,
            "storage_account_id": null,
            "target_resource_id": "/subscriptions/6879fc1e-5aa4-49d6-8bde-b9577bb6d594/resourceGroups/jx8magic8ballRG/providers/Microsoft.Network/virtualNetworks/jx8magic8ballAksVNet",
            "timeouts": null
          },
          "sensitive_attributes": [],
          "private": "eyJlMmJmYjczMC1lY2FhLTExZTYtOGY4OC0zNDM2M2JjN2M0YzAiOnsiY3JlYXRlIjoxODAwMDAwMDAwMDAwLCJkZWxldGUiOjM2MDAwMDAwMDAwMDAsInJlYWQiOjMwMDAwMDAwMDAwMCwidXBkYXRlIjoxODAwMDAwMDAwMDAwfX0=",
          "dependencies": [
            "azurerm_resource_group.rg",
            "module.log_analytics_workspace.azurerm_log_analytics_workspace.log_analytics_workspace",
            "module.virtual_network.azurerm_virtual_network.vnet",
            "random_string.prefix"
          ]
        }
      ]
    },
    {
      "module": "module.virtual_network",
      "mode": "managed",
      "type": "azurerm_subnet",
      "name": "subnet",
      "provider": "provider[\"registry.terraform.io/hashicorp/azurerm\"]",
      "instances": [
        {
          "index_key": "AzureBastionSubnet",
          "schema_version": 0,
          "attributes": {
            "address_prefixes": [
              "10.243.2.0/24"
            ],
            "delegation": [],
            "enforce_private_link_endpoint_network_policies": false,
            "enforce_private_link_service_network_policies": true,
            "id": "/subscriptions/6879fc1e-5aa4-49d6-8bde-b9577bb6d594/resourceGroups/jx8magic8ballRG/providers/Microsoft.Network/virtualNetworks/jx8magic8ballAksVNet/subnets/AzureBastionSubnet",
            "name": "AzureBastionSubnet",
            "private_endpoint_network_policies_enabled": true,
            "private_link_service_network_policies_enabled": false,
            "resource_group_name": "jx8magic8ballRG",
            "service_endpoint_policy_ids": [],
            "service_endpoints": [],
            "timeouts": null,
            "virtual_network_name": "jx8magic8ballAksVNet"
          },
          "sensitive_attributes": [],
          "private": "eyJlMmJmYjczMC1lY2FhLTExZTYtOGY4OC0zNDM2M2JjN2M0YzAiOnsiY3JlYXRlIjoxODAwMDAwMDAwMDAwLCJkZWxldGUiOjE4MDAwMDAwMDAwMDAsInJlYWQiOjMwMDAwMDAwMDAwMCwidXBkYXRlIjoxODAwMDAwMDAwMDAwfX0=",
          "dependencies": [
            "azurerm_resource_group.rg",
            "module.virtual_network.azurerm_virtual_network.vnet",
            "random_string.prefix"
          ]
        },
        {
          "index_key": "PodSubnet",
          "schema_version": 0,
          "attributes": {
            "address_prefixes": [
              "10.242.0.0/16"
            ],
            "delegation": [
              {
                "name": "delegation",
                "service_delegation": [
                  {
                    "actions": [
                      "Microsoft.Network/virtualNetworks/subnets/join/action"
                    ],
                    "name": "Microsoft.ContainerService/managedClusters"
                  }
                ]
              }
            ],
            "enforce_private_link_endpoint_network_policies": false,
            "enforce_private_link_service_network_policies": true,
            "id": "/subscriptions/6879fc1e-5aa4-49d6-8bde-b9577bb6d594/resourceGroups/jx8magic8ballRG/providers/Microsoft.Network/virtualNetworks/jx8magic8ballAksVNet/subnets/PodSubnet",
            "name": "PodSubnet",
            "private_endpoint_network_policies_enabled": true,
            "private_link_service_network_policies_enabled": false,
            "resource_group_name": "jx8magic8ballRG",
            "service_endpoint_policy_ids": [],
            "service_endpoints": [],
            "timeouts": null,
            "virtual_network_name": "jx8magic8ballAksVNet"
          },
          "sensitive_attributes": [],
          "private": "eyJlMmJmYjczMC1lY2FhLTExZTYtOGY4OC0zNDM2M2JjN2M0YzAiOnsiY3JlYXRlIjoxODAwMDAwMDAwMDAwLCJkZWxldGUiOjE4MDAwMDAwMDAwMDAsInJlYWQiOjMwMDAwMDAwMDAwMCwidXBkYXRlIjoxODAwMDAwMDAwMDAwfX0=",
          "dependencies": [
            "azurerm_resource_group.rg",
            "module.virtual_network.azurerm_virtual_network.vnet",
            "random_string.prefix"
          ]
        },
        {
          "index_key": "SystemSubnet",
          "schema_version": 0,
          "attributes": {
            "address_prefixes": [
              "10.240.0.0/16"
            ],
            "delegation": [],
            "enforce_private_link_endpoint_network_policies": false,
            "enforce_private_link_service_network_policies": true,
            "id": "/subscriptions/6879fc1e-5aa4-49d6-8bde-b9577bb6d594/resourceGroups/jx8magic8ballRG/providers/Microsoft.Network/virtualNetworks/jx8magic8ballAksVNet/subnets/SystemSubnet",
            "name": "SystemSubnet",
            "private_endpoint_network_policies_enabled": true,
            "private_link_service_network_policies_enabled": false,
            "resource_group_name": "jx8magic8ballRG",
            "service_endpoint_policy_ids": [],
            "service_endpoints": [],
            "timeouts": null,
            "virtual_network_name": "jx8magic8ballAksVNet"
          },
          "sensitive_attributes": [],
          "private": "eyJlMmJmYjczMC1lY2FhLTExZTYtOGY4OC0zNDM2M2JjN2M0YzAiOnsiY3JlYXRlIjoxODAwMDAwMDAwMDAwLCJkZWxldGUiOjE4MDAwMDAwMDAwMDAsInJlYWQiOjMwMDAwMDAwMDAwMCwidXBkYXRlIjoxODAwMDAwMDAwMDAwfX0=",
          "dependencies": [
            "azurerm_resource_group.rg",
            "module.virtual_network.azurerm_virtual_network.vnet",
            "random_string.prefix"
          ]
        },
        {
          "index_key": "UserSubnet",
          "schema_version": 0,
          "attributes": {
            "address_prefixes": [
              "10.241.0.0/16"
            ],
            "delegation": [],
            "enforce_private_link_endpoint_network_policies": false,
            "enforce_private_link_service_network_policies": true,
            "id": "/subscriptions/6879fc1e-5aa4-49d6-8bde-b9577bb6d594/resourceGroups/jx8magic8ballRG/providers/Microsoft.Network/virtualNetworks/jx8magic8ballAksVNet/subnets/UserSubnet",
            "name": "UserSubnet",
            "private_endpoint_network_policies_enabled": true,
            "private_link_service_network_policies_enabled": false,
            "resource_group_name": "jx8magic8ballRG",
            "service_endpoint_policy_ids": [],
            "service_endpoints": [],
            "timeouts": null,
            "virtual_network_name": "jx8magic8ballAksVNet"
          },
          "sensitive_attributes": [],
          "private": "eyJlMmJmYjczMC1lY2FhLTExZTYtOGY4OC0zNDM2M2JjN2M0YzAiOnsiY3JlYXRlIjoxODAwMDAwMDAwMDAwLCJkZWxldGUiOjE4MDAwMDAwMDAwMDAsInJlYWQiOjMwMDAwMDAwMDAwMCwidXBkYXRlIjoxODAwMDAwMDAwMDAwfX0=",
          "dependencies": [
            "azurerm_resource_group.rg",
            "module.virtual_network.azurerm_virtual_network.vnet",
            "random_string.prefix"
          ]
        },
        {
          "index_key": "VmSubnet",
          "schema_version": 0,
          "attributes": {
            "address_prefixes": [
              "10.243.1.0/24"
            ],
            "delegation": [],
            "enforce_private_link_endpoint_network_policies": false,
            "enforce_private_link_service_network_policies": true,
            "id": "/subscriptions/6879fc1e-5aa4-49d6-8bde-b9577bb6d594/resourceGroups/jx8magic8ballRG/providers/Microsoft.Network/virtualNetworks/jx8magic8ballAksVNet/subnets/VmSubnet",
            "name": "VmSubnet",
            "private_endpoint_network_policies_enabled": true,
            "private_link_service_network_policies_enabled": false,
            "resource_group_name": "jx8magic8ballRG",
            "service_endpoint_policy_ids": [],
            "service_endpoints": [],
            "timeouts": null,
            "virtual_network_name": "jx8magic8ballAksVNet"
          },
          "sensitive_attributes": [],
          "private": "eyJlMmJmYjczMC1lY2FhLTExZTYtOGY4OC0zNDM2M2JjN2M0YzAiOnsiY3JlYXRlIjoxODAwMDAwMDAwMDAwLCJkZWxldGUiOjE4MDAwMDAwMDAwMDAsInJlYWQiOjMwMDAwMDAwMDAwMCwidXBkYXRlIjoxODAwMDAwMDAwMDAwfX0=",
          "dependencies": [
            "azurerm_resource_group.rg",
            "module.virtual_network.azurerm_virtual_network.vnet",
            "random_string.prefix"
          ]
        }
      ]
    },
    {
      "module": "module.virtual_network",
      "mode": "managed",
      "type": "azurerm_virtual_network",
      "name": "vnet",
      "provider": "provider[\"registry.terraform.io/hashicorp/azurerm\"]",
      "instances": [
        {
          "schema_version": 0,
          "attributes": {
            "address_space": [
              "10.0.0.0/8"
            ],
            "bgp_community": "",
            "ddos_protection_plan": [],
            "dns_servers": [],
            "edge_zone": "",
            "flow_timeout_in_minutes": 0,
            "guid": "df7c027b-0c12-4a3a-8ad0-9e4a2d085fae",
            "id": "/subscriptions/6879fc1e-5aa4-49d6-8bde-b9577bb6d594/resourceGroups/jx8magic8ballRG/providers/Microsoft.Network/virtualNetworks/jx8magic8ballAksVNet",
            "location": "southcentralus",
            "name": "jx8magic8ballAksVNet",
            "resource_group_name": "jx8magic8ballRG",
            "subnet": [
              {
                "address_prefix": "10.240.0.0/16",
                "id": "/subscriptions/6879fc1e-5aa4-49d6-8bde-b9577bb6d594/resourceGroups/jx8magic8ballRG/providers/Microsoft.Network/virtualNetworks/jx8magic8ballAksVNet/subnets/SystemSubnet",
                "name": "SystemSubnet",
                "security_group": ""
              },
              {
                "address_prefix": "10.241.0.0/16",
                "id": "/subscriptions/6879fc1e-5aa4-49d6-8bde-b9577bb6d594/resourceGroups/jx8magic8ballRG/providers/Microsoft.Network/virtualNetworks/jx8magic8ballAksVNet/subnets/UserSubnet",
                "name": "UserSubnet",
                "security_group": ""
              },
              {
                "address_prefix": "10.242.0.0/16",
                "id": "/subscriptions/6879fc1e-5aa4-49d6-8bde-b9577bb6d594/resourceGroups/jx8magic8ballRG/providers/Microsoft.Network/virtualNetworks/jx8magic8ballAksVNet/subnets/PodSubnet",
                "name": "PodSubnet",
                "security_group": ""
              },
              {
                "address_prefix": "10.243.1.0/24",
                "id": "/subscriptions/6879fc1e-5aa4-49d6-8bde-b9577bb6d594/resourceGroups/jx8magic8ballRG/providers/Microsoft.Network/virtualNetworks/jx8magic8ballAksVNet/subnets/VmSubnet",
                "name": "VmSubnet",
                "security_group": ""
              },
              {
                "address_prefix": "10.243.2.0/24",
                "id": "/subscriptions/6879fc1e-5aa4-49d6-8bde-b9577bb6d594/resourceGroups/jx8magic8ballRG/providers/Microsoft.Network/virtualNetworks/jx8magic8ballAksVNet/subnets/AzureBastionSubnet",
                "name": "AzureBastionSubnet",
                "security_group": ""
              }
            ],
            "tags": {
              "createdWith": "Terraform"
            },
            "timeouts": null
          },
          "sensitive_attributes": [],
          "private": "eyJlMmJmYjczMC1lY2FhLTExZTYtOGY4OC0zNDM2M2JjN2M0YzAiOnsiY3JlYXRlIjoxODAwMDAwMDAwMDAwLCJkZWxldGUiOjE4MDAwMDAwMDAwMDAsInJlYWQiOjMwMDAwMDAwMDAwMCwidXBkYXRlIjoxODAwMDAwMDAwMDAwfX0=",
          "dependencies": [
            "azurerm_resource_group.rg",
            "random_string.prefix"
          ]
        }
      ]
    }
  ],
  "check_results": [
    {
      "object_kind": "var",
      "config_addr": "module.key_vault.var.sku_name",
      "status": "unknown",
      "objects": [
        {
          "object_addr": "module.key_vault.var.sku_name",
          "status": "unknown"
        }
      ]
    },
    {
      "object_kind": "var",
      "config_addr": "var.sku_tier",
      "status": "pass",
      "objects": [
        {
          "object_addr": "var.sku_tier",
          "status": "pass"
        }
      ]
    },
    {
      "object_kind": "var",
      "config_addr": "module.storage_account.var.replication_type",
      "status": "unknown",
      "objects": [
        {
          "object_addr": "module.storage_account.var.replication_type",
          "status": "unknown"
        }
      ]
    },
    {
      "object_kind": "var",
      "config_addr": "var.key_vault_sku_name",
      "status": "pass",
      "objects": [
        {
          "object_addr": "var.key_vault_sku_name",
          "status": "pass"
        }
      ]
    },
    {
      "object_kind": "var",
      "config_addr": "module.virtual_machine.var.os_disk_storage_account_type",
      "status": "unknown",
      "objects": [
        {
          "object_addr": "module.virtual_machine[0].var.os_disk_storage_account_type",
          "status": "unknown"
        }
      ]
    },
    {
      "object_kind": "var",
      "config_addr": "var.storage_account_tier",
      "status": "pass",
      "objects": [
        {
          "object_addr": "var.storage_account_tier",
          "status": "pass"
        }
      ]
    },
    {
      "object_kind": "var",
      "config_addr": "module.aks_cluster.var.outbound_type",
      "status": "pass",
      "objects": [
        {
          "object_addr": "module.aks_cluster.var.outbound_type",
          "status": "pass"
        }
      ]
    },
    {
      "object_kind": "var",
      "config_addr": "var.key_vault_bypass",
      "status": "pass",
      "objects": [
        {
          "object_addr": "var.key_vault_bypass",
          "status": "pass"
        }
      ]
    },
    {
      "object_kind": "var",
      "config_addr": "module.storage_account.var.account_tier",
      "status": "unknown",
      "objects": [
        {
          "object_addr": "module.storage_account.var.account_tier",
          "status": "unknown"
        }
      ]
    },
    {
      "object_kind": "var",
      "config_addr": "module.key_vault.var.bypass",
      "status": "unknown",
      "objects": [
        {
          "object_addr": "module.key_vault.var.bypass",
          "status": "unknown"
        }
      ]
    },
    {
      "object_kind": "var",
      "config_addr": "module.aks_cluster.var.automatic_channel_upgrade",
      "status": "pass",
      "objects": [
        {
          "object_addr": "module.aks_cluster.var.automatic_channel_upgrade",
          "status": "pass"
        }
      ]
    },
    {
      "object_kind": "var",
      "config_addr": "module.key_vault.var.default_action",
      "status": "unknown",
      "objects": [
        {
          "object_addr": "module.key_vault.var.default_action",
          "status": "unknown"
        }
      ]
    },
    {
      "object_kind": "var",
      "config_addr": "var.key_vault_default_action",
      "status": "pass",
      "objects": [
        {
          "object_addr": "var.key_vault_default_action",
          "status": "pass"
        }
      ]
    },
    {
      "object_kind": "var",
      "config_addr": "module.aks_cluster.var.sku_tier",
      "status": "pass",
      "objects": [
        {
          "object_addr": "module.aks_cluster.var.sku_tier",
          "status": "pass"
        }
      ]
    },
    {
      "object_kind": "var",
      "config_addr": "var.storage_account_kind",
      "status": "pass",
      "objects": [
        {
          "object_addr": "var.storage_account_kind",
          "status": "pass"
        }
      ]
    },
    {
      "object_kind": "var",
      "config_addr": "var.vm_os_disk_storage_account_type",
      "status": "pass",
      "objects": [
        {
          "object_addr": "var.vm_os_disk_storage_account_type",
          "status": "pass"
        }
      ]
    },
    {
      "object_kind": "var",
      "config_addr": "module.storage_account.var.account_kind",
      "status": "unknown",
      "objects": [
        {
          "object_addr": "module.storage_account.var.account_kind",
          "status": "unknown"
        }
      ]
    },
    {
      "object_kind": "var",
      "config_addr": "var.acr_sku",
      "status": "pass",
      "objects": [
        {
          "object_addr": "var.acr_sku",
          "status": "pass"
        }
      ]
    },
    {
      "object_kind": "var",
      "config_addr": "var.storage_account_replication_type",
      "status": "pass",
      "objects": [
        {
          "object_addr": "var.storage_account_replication_type",
          "status": "pass"
        }
      ]
    },
    {
      "object_kind": "var",
      "config_addr": "module.container_registry.var.sku",
      "status": "pass",
      "objects": [
        {
          "object_addr": "module.container_registry.var.sku",
          "status": "pass"
        }
      ]
    },
    {
      "object_kind": "var",
      "config_addr": "module.log_analytics_workspace.var.sku",
      "status": "pass",
      "objects": [
        {
          "object_addr": "module.log_analytics_workspace.var.sku",
          "status": "pass"
        }
      ]
    },
    {
      "object_kind": "var",
      "config_addr": "var.automatic_channel_upgrade",
      "status": "pass",
      "objects": [
        {
          "object_addr": "var.automatic_channel_upgrade",
          "status": "pass"
        }
      ]
    }
  ]
}
